{
    "name": "@mashroom/mashroom-helmet",
    "version": "2.2.1",
    "lockfileVersion": 2,
    "requires": true,
    "packages": {
        "": {
            "name": "@mashroom/mashroom-helmet",
            "version": "2.2.1",
            "license": "MIT",
            "dependencies": {
                "helmet": "^6.0.0"
            }
        },
        "node_modules/helmet": {
            "version": "6.0.0",
            "resolved": "https://registry.npmjs.org/helmet/-/helmet-6.0.0.tgz",
            "integrity": "sha512-FO9RpR1wNJepH/GbLPQVtkE2eESglXL641p7SdyoT4LngHFJcZheHMoyUcjCZF4qpuMMO1u5q6RK0l9Ux8JBcg==",
            "engines": {
                "node": ">=14.0.0"
            }
        }
    },
    "dependencies": {
        "helmet": {
            "version": "6.0.0",
            "resolved": "https://registry.npmjs.org/helmet/-/helmet-6.0.0.tgz",
            "integrity": "sha512-FO9RpR1wNJepH/GbLPQVtkE2eESglXL641p7SdyoT4LngHFJcZheHMoyUcjCZF4qpuMMO1u5q6RK0l9Ux8JBcg=="
        }
    }
}
