{
	"name": "@mashroom/mashroom-helmet",
	"version": "2.0.0-alpha.3",
	"lockfileVersion": 2,
	"requires": true,
	"packages": {
		"": {
			"name": "@mashroom/mashroom-helmet",
			"version": "2.0.0-alpha.3",
			"license": "MIT",
			"dependencies": {
				"helmet": "^5.0.1"
			}
		},
		"node_modules/helmet": {
			"version": "5.0.1",
			"resolved": "https://registry.npmjs.org/helmet/-/helmet-5.0.1.tgz",
			"integrity": "sha512-iyYpGYH2nbQVaQtauYDnemWg45S2RyGvJ+iKj+V9jp7Dc1NTtAJHmD+hFOSYS7Xdwe1GeyVEYSydggXLOg6TKQ==",
			"engines": {
				"node": ">=12.0.0"
			}
		}
	},
	"dependencies": {
		"helmet": {
			"version": "5.0.1",
			"resolved": "https://registry.npmjs.org/helmet/-/helmet-5.0.1.tgz",
			"integrity": "sha512-iyYpGYH2nbQVaQtauYDnemWg45S2RyGvJ+iKj+V9jp7Dc1NTtAJHmD+hFOSYS7Xdwe1GeyVEYSydggXLOg6TKQ=="
		}
	}
}
