{
  "name": "@mashroom/mashroom-helmet",
  "version": "2.4.0",
  "lockfileVersion": 3,
  "requires": true,
  "packages": {
    "": {
      "name": "@mashroom/mashroom-helmet",
      "version": "2.4.0",
      "license": "MIT",
      "dependencies": {
        "helmet": "^6.1.5"
      }
    },
    "node_modules/helmet": {
      "version": "6.1.5",
      "resolved": "https://registry.npmjs.org/helmet/-/helmet-6.1.5.tgz",
      "integrity": "sha512-UgAvdoG0BhF9vcCh/j0bWtElo2ZHHk6OzC98NLCM6zK03DEVSM0vUAtT7iR+oTo2Mi6sGelAH3tL6B/uUWxV4g==",
      "engines": {
        "node": ">=14.0.0"
      }
    }
  }
}
