{
	"name": "@mashroom/mashroom-portal-ui-commons",
	"version": "2.1.2",
	"lockfileVersion": 2,
	"requires": true,
	"packages": {
		"": {
			"name": "@mashroom/mashroom-portal-ui-commons",
			"version": "2.1.1",
			"license": "MIT",
			"dependencies": {
				"codemirror": "^5.65.5",
				"formik": "^2.2.9",
				"react": "^18.1.0",
				"react-autosuggest": "^10.1.0",
				"react-click-outside": "^3.0.1",
				"react-codemirror2": "^7.2.1",
				"react-dom": "^18.1.0",
				"react-intl": "^6.0.4",
				"react-redux": "8.0.2",
				"redux": "^4.2.0"
			},
			"devDependencies": {
				"@types/codemirror": "^5.60.5",
				"@types/react": "^18.0.12",
				"@types/react-autosuggest": "^10.1.5",
				"@types/react-click-outside": "^3.0.3",
				"@types/react-dom": "^18.0.5",
				"@types/react-redux": "^7.1.24"
			}
		},
		"node_modules/@babel/runtime": {
			"version": "7.18.3",
			"resolved": "https://registry.npmjs.org/@babel/runtime/-/runtime-7.18.3.tgz",
			"integrity": "sha512-38Y8f7YUhce/K7RMwTp7m0uCumpv9hZkitCbBClqQIow1qSbCvGkcegKOXpEWCQLfWmevgRiWokZ1GkpfhbZug==",
			"dependencies": {
				"regenerator-runtime": "^0.13.4"
			},
			"engines": {
				"node": ">=6.9.0"
			}
		},
		"node_modules/@formatjs/ecma402-abstract": {
			"version": "1.11.7",
			"resolved": "https://registry.npmjs.org/@formatjs/ecma402-abstract/-/ecma402-abstract-1.11.7.tgz",
			"integrity": "sha512-uNaok4XWMJBtPZk/veTDamFCm5HeWJUk2jwoVfH5/+wenQ60QHjH6T3UQ0GOOCz9jpKmed7vqOri7xSf//Dt7g==",
			"dependencies": {
				"@formatjs/intl-localematcher": "0.2.28",
				"tslib": "2.4.0"
			}
		},
		"node_modules/@formatjs/ecma402-abstract/node_modules/tslib": {
			"version": "2.4.0",
			"resolved": "https://registry.npmjs.org/tslib/-/tslib-2.4.0.tgz",
			"integrity": "sha512-d6xOpEDfsi2CZVlPQzGeux8XMwLT9hssAsaPYExaQMuYskwb+x1x7J371tWlbBdWHroy99KnVB6qIkUbs5X3UQ=="
		},
		"node_modules/@formatjs/fast-memoize": {
			"version": "1.2.4",
			"resolved": "https://registry.npmjs.org/@formatjs/fast-memoize/-/fast-memoize-1.2.4.tgz",
			"integrity": "sha512-9ARYoLR8AEzXvj2nYrOVHY/h1dDMDWGTnKDLXSISF1uoPakSmfcZuSqjiqZX2wRkEUimPxdwTu/agyozBtZRHA==",
			"dependencies": {
				"tslib": "2.4.0"
			}
		},
		"node_modules/@formatjs/fast-memoize/node_modules/tslib": {
			"version": "2.4.0",
			"resolved": "https://registry.npmjs.org/tslib/-/tslib-2.4.0.tgz",
			"integrity": "sha512-d6xOpEDfsi2CZVlPQzGeux8XMwLT9hssAsaPYExaQMuYskwb+x1x7J371tWlbBdWHroy99KnVB6qIkUbs5X3UQ=="
		},
		"node_modules/@formatjs/icu-messageformat-parser": {
			"version": "2.1.3",
			"resolved": "https://registry.npmjs.org/@formatjs/icu-messageformat-parser/-/icu-messageformat-parser-2.1.3.tgz",
			"integrity": "sha512-hsdAn1dXcujW/G8DHw0iiIy7357pw10yOulCrL6xrQOKJAxT7m7EgpG0Hm1OW9xqaLEzqWyE/jA2AGVnOCaCQw==",
			"dependencies": {
				"@formatjs/ecma402-abstract": "1.11.7",
				"@formatjs/icu-skeleton-parser": "1.3.9",
				"tslib": "2.4.0"
			}
		},
		"node_modules/@formatjs/icu-messageformat-parser/node_modules/tslib": {
			"version": "2.4.0",
			"resolved": "https://registry.npmjs.org/tslib/-/tslib-2.4.0.tgz",
			"integrity": "sha512-d6xOpEDfsi2CZVlPQzGeux8XMwLT9hssAsaPYExaQMuYskwb+x1x7J371tWlbBdWHroy99KnVB6qIkUbs5X3UQ=="
		},
		"node_modules/@formatjs/icu-skeleton-parser": {
			"version": "1.3.9",
			"resolved": "https://registry.npmjs.org/@formatjs/icu-skeleton-parser/-/icu-skeleton-parser-1.3.9.tgz",
			"integrity": "sha512-s9THwwhiiSzbGSk73FP6Ur2MBwEj1vfgYDHKa5FiXGQMfYzdRdRvyH1dgqNgSFJPB6PM3DKtkloJLjpqpSDNUg==",
			"dependencies": {
				"@formatjs/ecma402-abstract": "1.11.7",
				"tslib": "2.4.0"
			}
		},
		"node_modules/@formatjs/icu-skeleton-parser/node_modules/tslib": {
			"version": "2.4.0",
			"resolved": "https://registry.npmjs.org/tslib/-/tslib-2.4.0.tgz",
			"integrity": "sha512-d6xOpEDfsi2CZVlPQzGeux8XMwLT9hssAsaPYExaQMuYskwb+x1x7J371tWlbBdWHroy99KnVB6qIkUbs5X3UQ=="
		},
		"node_modules/@formatjs/intl": {
			"version": "2.3.0",
			"resolved": "https://registry.npmjs.org/@formatjs/intl/-/intl-2.3.0.tgz",
			"integrity": "sha512-mE8zGqP+Flrd8tS3AsdvSucnblqwR5gsGM4Bd5711abkabrz52F2TDrU88rVvVfCdHV4dFHFYEmUBVZZ4pATtg==",
			"dependencies": {
				"@formatjs/ecma402-abstract": "1.11.7",
				"@formatjs/fast-memoize": "1.2.4",
				"@formatjs/icu-messageformat-parser": "2.1.3",
				"@formatjs/intl-displaynames": "6.0.2",
				"@formatjs/intl-listformat": "7.0.2",
				"intl-messageformat": "10.1.0",
				"tslib": "2.4.0"
			},
			"peerDependencies": {
				"typescript": "^4.5"
			},
			"peerDependenciesMeta": {
				"typescript": {
					"optional": true
				}
			}
		},
		"node_modules/@formatjs/intl-displaynames": {
			"version": "6.0.2",
			"resolved": "https://registry.npmjs.org/@formatjs/intl-displaynames/-/intl-displaynames-6.0.2.tgz",
			"integrity": "sha512-h9Id/6vbSHpARHKMVsjWag3KMZJpop9s67CZTd+AMxhjHb5xDG2b5rlSRJKx/UdIDQ+GzESK7a4fv32yylG3cw==",
			"dependencies": {
				"@formatjs/ecma402-abstract": "1.11.7",
				"@formatjs/intl-localematcher": "0.2.28",
				"tslib": "2.4.0"
			}
		},
		"node_modules/@formatjs/intl-displaynames/node_modules/tslib": {
			"version": "2.4.0",
			"resolved": "https://registry.npmjs.org/tslib/-/tslib-2.4.0.tgz",
			"integrity": "sha512-d6xOpEDfsi2CZVlPQzGeux8XMwLT9hssAsaPYExaQMuYskwb+x1x7J371tWlbBdWHroy99KnVB6qIkUbs5X3UQ=="
		},
		"node_modules/@formatjs/intl-listformat": {
			"version": "7.0.2",
			"resolved": "https://registry.npmjs.org/@formatjs/intl-listformat/-/intl-listformat-7.0.2.tgz",
			"integrity": "sha512-K+HXrYIvEcAH/dS8XXnSHQYC/z4w0eHjPlDx43HOoDY87/xV7rpHxFVXWXTgwLYC6iAPUO72Y/AaT9iq873juw==",
			"dependencies": {
				"@formatjs/ecma402-abstract": "1.11.7",
				"@formatjs/intl-localematcher": "0.2.28",
				"tslib": "2.4.0"
			}
		},
		"node_modules/@formatjs/intl-listformat/node_modules/tslib": {
			"version": "2.4.0",
			"resolved": "https://registry.npmjs.org/tslib/-/tslib-2.4.0.tgz",
			"integrity": "sha512-d6xOpEDfsi2CZVlPQzGeux8XMwLT9hssAsaPYExaQMuYskwb+x1x7J371tWlbBdWHroy99KnVB6qIkUbs5X3UQ=="
		},
		"node_modules/@formatjs/intl-localematcher": {
			"version": "0.2.28",
			"resolved": "https://registry.npmjs.org/@formatjs/intl-localematcher/-/intl-localematcher-0.2.28.tgz",
			"integrity": "sha512-FLsc6Gifs1np/8HnCn/7Q+lHMmenrD5fuDhRT82yj0gi9O19kfaFwjQUw1gZsyILuRyT93GuzdifHj7TKRhBcw==",
			"dependencies": {
				"tslib": "2.4.0"
			}
		},
		"node_modules/@formatjs/intl-localematcher/node_modules/tslib": {
			"version": "2.4.0",
			"resolved": "https://registry.npmjs.org/tslib/-/tslib-2.4.0.tgz",
			"integrity": "sha512-d6xOpEDfsi2CZVlPQzGeux8XMwLT9hssAsaPYExaQMuYskwb+x1x7J371tWlbBdWHroy99KnVB6qIkUbs5X3UQ=="
		},
		"node_modules/@formatjs/intl/node_modules/tslib": {
			"version": "2.4.0",
			"resolved": "https://registry.npmjs.org/tslib/-/tslib-2.4.0.tgz",
			"integrity": "sha512-d6xOpEDfsi2CZVlPQzGeux8XMwLT9hssAsaPYExaQMuYskwb+x1x7J371tWlbBdWHroy99KnVB6qIkUbs5X3UQ=="
		},
		"node_modules/@types/codemirror": {
			"version": "5.60.5",
			"resolved": "https://registry.npmjs.org/@types/codemirror/-/codemirror-5.60.5.tgz",
			"integrity": "sha512-TiECZmm8St5YxjFUp64LK0c8WU5bxMDt9YaAek1UqUb9swrSCoJhh92fWu1p3mTEqlHjhB5sY7OFBhWroJXZVg==",
			"dev": true,
			"dependencies": {
				"@types/tern": "*"
			}
		},
		"node_modules/@types/estree": {
			"version": "0.0.51",
			"resolved": "https://registry.npmjs.org/@types/estree/-/estree-0.0.51.tgz",
			"integrity": "sha512-CuPgU6f3eT/XgKKPqKd/gLZV1Xmvf1a2R5POBOGQa6uv82xpls89HU5zKeVoyR8XzHd1RGNOlQlvUe3CFkjWNQ==",
			"dev": true
		},
		"node_modules/@types/hoist-non-react-statics": {
			"version": "3.3.1",
			"resolved": "https://registry.npmjs.org/@types/hoist-non-react-statics/-/hoist-non-react-statics-3.3.1.tgz",
			"integrity": "sha512-iMIqiko6ooLrTh1joXodJK5X9xeEALT1kM5G3ZLhD3hszxBdIEd5C75U834D9mLcINgD4OyZf5uQXjkuYydWvA==",
			"dependencies": {
				"@types/react": "*",
				"hoist-non-react-statics": "^3.3.0"
			}
		},
		"node_modules/@types/prop-types": {
			"version": "15.7.5",
			"resolved": "https://registry.npmjs.org/@types/prop-types/-/prop-types-15.7.5.tgz",
			"integrity": "sha512-JCB8C6SnDoQf0cNycqd/35A7MjcnK+ZTqE7judS6o7utxUCg6imJg3QK2qzHKszlTjcj2cn+NwMB2i96ubpj7w=="
		},
		"node_modules/@types/react": {
			"version": "18.0.12",
			"resolved": "https://registry.npmjs.org/@types/react/-/react-18.0.12.tgz",
			"integrity": "sha512-duF1OTASSBQtcigUvhuiTB1Ya3OvSy+xORCiEf20H0P0lzx+/KeVsA99U5UjLXSbyo1DRJDlLKqTeM1ngosqtg==",
			"dependencies": {
				"@types/prop-types": "*",
				"@types/scheduler": "*",
				"csstype": "^3.0.2"
			}
		},
		"node_modules/@types/react-autosuggest": {
			"version": "10.1.5",
			"resolved": "https://registry.npmjs.org/@types/react-autosuggest/-/react-autosuggest-10.1.5.tgz",
			"integrity": "sha512-qfMzrp6Is0VYRF5a97Bv/+P2F9ZtFY4YE2825yyWV4VxCpvcfvQHEqGNkDFIPme7t3B2BpQ784QBllYAxemERQ==",
			"dev": true,
			"dependencies": {
				"@types/react": "*"
			}
		},
		"node_modules/@types/react-click-outside": {
			"version": "3.0.3",
			"resolved": "https://registry.npmjs.org/@types/react-click-outside/-/react-click-outside-3.0.3.tgz",
			"integrity": "sha512-andSGSlXzWGTKLg8KAethnuQUqiJ/NghlWzlh0QuazHHVZqIKW+28NZXg6SsA3TQKHFhxjBbyZFHLAbr6nyvgg==",
			"dev": true,
			"dependencies": {
				"@types/react": "*"
			}
		},
		"node_modules/@types/react-dom": {
			"version": "18.0.5",
			"resolved": "https://registry.npmjs.org/@types/react-dom/-/react-dom-18.0.5.tgz",
			"integrity": "sha512-OWPWTUrY/NIrjsAPkAk1wW9LZeIjSvkXRhclsFO8CZcZGCOg2G0YZy4ft+rOyYxy8B7ui5iZzi9OkDebZ7/QSA==",
			"dev": true,
			"dependencies": {
				"@types/react": "*"
			}
		},
		"node_modules/@types/react-redux": {
			"version": "7.1.24",
			"resolved": "https://registry.npmjs.org/@types/react-redux/-/react-redux-7.1.24.tgz",
			"integrity": "sha512-7FkurKcS1k0FHZEtdbbgN8Oc6b+stGSfZYjQGicofJ0j4U0qIn/jaSvnP2pLwZKiai3/17xqqxkkrxTgN8UNbQ==",
			"dev": true,
			"dependencies": {
				"@types/hoist-non-react-statics": "^3.3.0",
				"@types/react": "*",
				"hoist-non-react-statics": "^3.3.0",
				"redux": "^4.0.0"
			}
		},
		"node_modules/@types/scheduler": {
			"version": "0.16.2",
			"resolved": "https://registry.npmjs.org/@types/scheduler/-/scheduler-0.16.2.tgz",
			"integrity": "sha512-hppQEBDmlwhFAXKJX2KnWLYu5yMfi91yazPb2l+lbJiwW+wdo1gNeRA+3RgNSO39WYX2euey41KEwnqesU2Jew=="
		},
		"node_modules/@types/tern": {
			"version": "0.23.4",
			"resolved": "https://registry.npmjs.org/@types/tern/-/tern-0.23.4.tgz",
			"integrity": "sha512-JAUw1iXGO1qaWwEOzxTKJZ/5JxVeON9kvGZ/osgZaJImBnyjyn0cjovPsf6FNLmyGY8Vw9DoXZCMlfMkMwHRWg==",
			"dev": true,
			"dependencies": {
				"@types/estree": "*"
			}
		},
		"node_modules/@types/use-sync-external-store": {
			"version": "0.0.3",
			"resolved": "https://registry.npmjs.org/@types/use-sync-external-store/-/use-sync-external-store-0.0.3.tgz",
			"integrity": "sha512-EwmlvuaxPNej9+T4v5AuBPJa2x2UOJVdjCtDHgcDqitUeOtjnJKJ+apYjVcAoBEMjKW1VVFGZLUb5+qqa09XFA=="
		},
		"node_modules/codemirror": {
			"version": "5.65.5",
			"resolved": "https://registry.npmjs.org/codemirror/-/codemirror-5.65.5.tgz",
			"integrity": "sha512-HNyhvGLnYz5c+kIsB9QKVitiZUevha3ovbIYaQiGzKo7ECSL/elWD9RXt3JgNr0NdnyqE9/Rc/7uLfkJQL638w=="
		},
		"node_modules/csstype": {
			"version": "3.1.0",
			"resolved": "https://registry.npmjs.org/csstype/-/csstype-3.1.0.tgz",
			"integrity": "sha512-uX1KG+x9h5hIJsaKR9xHUeUraxf8IODOwq9JLNPq6BwB04a/xgpq3rcx47l5BZu5zBPlgD342tdke3Hom/nJRA=="
		},
		"node_modules/deepmerge": {
			"version": "2.2.1",
			"resolved": "https://registry.npmjs.org/deepmerge/-/deepmerge-2.2.1.tgz",
			"integrity": "sha512-R9hc1Xa/NOBi9WRVUWg19rl1UB7Tt4kuPd+thNJgFZoxXsTz7ncaPaeIm+40oSGuP33DfMb4sZt1QIGiJzC4EA==",
			"engines": {
				"node": ">=0.10.0"
			}
		},
		"node_modules/es6-promise": {
			"version": "4.2.8",
			"resolved": "https://registry.npmjs.org/es6-promise/-/es6-promise-4.2.8.tgz",
			"integrity": "sha512-HJDGx5daxeIvxdBxvG2cb9g4tEvwIk3i8+nhX0yGrYmZUzbkdg8QbDevheDB8gd0//uPj4c1EQua8Q+MViT0/w=="
		},
		"node_modules/formik": {
			"version": "2.2.9",
			"resolved": "https://registry.npmjs.org/formik/-/formik-2.2.9.tgz",
			"integrity": "sha512-LQLcISMmf1r5at4/gyJigGn0gOwFbeEAlji+N9InZF6LIMXnFNkO42sCI8Jt84YZggpD4cPWObAZaxpEFtSzNA==",
			"funding": [
				{
					"type": "individual",
					"url": "https://opencollective.com/formik"
				}
			],
			"dependencies": {
				"deepmerge": "^2.1.1",
				"hoist-non-react-statics": "^3.3.0",
				"lodash": "^4.17.21",
				"lodash-es": "^4.17.21",
				"react-fast-compare": "^2.0.1",
				"tiny-warning": "^1.0.2",
				"tslib": "^1.10.0"
			},
			"peerDependencies": {
				"react": ">=16.8.0"
			}
		},
		"node_modules/hoist-non-react-statics": {
			"version": "3.3.2",
			"resolved": "https://registry.npmjs.org/hoist-non-react-statics/-/hoist-non-react-statics-3.3.2.tgz",
			"integrity": "sha512-/gGivxi8JPKWNm/W0jSmzcMPpfpPLc3dY/6GxhX2hQ9iGj3aDfklV4ET7NjKpSinLpJ5vafa9iiGIEZg10SfBw==",
			"dependencies": {
				"react-is": "^16.7.0"
			}
		},
		"node_modules/intl-messageformat": {
			"version": "10.1.0",
			"resolved": "https://registry.npmjs.org/intl-messageformat/-/intl-messageformat-10.1.0.tgz",
			"integrity": "sha512-diGMDv9Zo2Mggf6AkJszq/BIR5+rarkwcr4g5JGgREwbwAHY9hR/dYd8FbIgQx2RTxhJsABfAWCiENFLbaTZjg==",
			"dependencies": {
				"@formatjs/ecma402-abstract": "1.11.7",
				"@formatjs/fast-memoize": "1.2.4",
				"@formatjs/icu-messageformat-parser": "2.1.3",
				"tslib": "2.4.0"
			}
		},
		"node_modules/intl-messageformat/node_modules/tslib": {
			"version": "2.4.0",
			"resolved": "https://registry.npmjs.org/tslib/-/tslib-2.4.0.tgz",
			"integrity": "sha512-d6xOpEDfsi2CZVlPQzGeux8XMwLT9hssAsaPYExaQMuYskwb+x1x7J371tWlbBdWHroy99KnVB6qIkUbs5X3UQ=="
		},
		"node_modules/js-tokens": {
			"version": "4.0.0",
			"resolved": "https://registry.npmjs.org/js-tokens/-/js-tokens-4.0.0.tgz",
			"integrity": "sha512-RdJUflcE3cUzKiMqQgsCu06FPu9UdIJO0beYbPhHN4k6apgJtifcoCtT9bcxOpYBtpD2kCM6Sbzg4CausW/PKQ=="
		},
		"node_modules/lodash": {
			"version": "4.17.21",
			"resolved": "https://registry.npmjs.org/lodash/-/lodash-4.17.21.tgz",
			"integrity": "sha512-v2kDEe57lecTulaDIuNTPy3Ry4gLGJ6Z1O3vE1krgXZNrsQ+LFTGHVxVjcXPs17LhbZVGedAJv8XZ1tvj5FvSg=="
		},
		"node_modules/lodash-es": {
			"version": "4.17.21",
			"resolved": "https://registry.npmjs.org/lodash-es/-/lodash-es-4.17.21.tgz",
			"integrity": "sha512-mKnC+QJ9pWVzv+C4/U3rRsHapFfHvQFoFB92e52xeyGMcX6/OlIl78je1u8vePzYZSkkogMPJ2yjxxsb89cxyw=="
		},
		"node_modules/loose-envify": {
			"version": "1.4.0",
			"resolved": "https://registry.npmjs.org/loose-envify/-/loose-envify-1.4.0.tgz",
			"integrity": "sha512-lyuxPGr/Wfhrlem2CL/UcnUc1zcqKAImBDzukY7Y5F/yQiNdko6+fRLevlw1HgMySw7f611UIY408EtxRSoK3Q==",
			"dependencies": {
				"js-tokens": "^3.0.0 || ^4.0.0"
			},
			"bin": {
				"loose-envify": "cli.js"
			}
		},
		"node_modules/object-assign": {
			"version": "4.1.1",
			"resolved": "https://registry.npmjs.org/object-assign/-/object-assign-4.1.1.tgz",
			"integrity": "sha512-rJgTQnkUnH1sFw8yT6VSU3zD3sWmu6sZhIseY8VX+GRu3P6F7Fu+JNDoXfklElbLJSnc3FUQHVe4cU5hj+BcUg==",
			"engines": {
				"node": ">=0.10.0"
			}
		},
		"node_modules/prop-types": {
			"version": "15.8.1",
			"resolved": "https://registry.npmjs.org/prop-types/-/prop-types-15.8.1.tgz",
			"integrity": "sha512-oj87CgZICdulUohogVAR7AjlC0327U4el4L6eAvOqCeudMDVU0NThNaV+b9Df4dXgSP1gXMTnPdhfe/2qDH5cg==",
			"dependencies": {
				"loose-envify": "^1.4.0",
				"object-assign": "^4.1.1",
				"react-is": "^16.13.1"
			}
		},
		"node_modules/react": {
			"version": "18.1.0",
			"resolved": "https://registry.npmjs.org/react/-/react-18.1.0.tgz",
			"integrity": "sha512-4oL8ivCz5ZEPyclFQXaNksK3adutVS8l2xzZU0cqEFrE9Sb7fC0EFK5uEk74wIreL1DERyjvsU915j1pcT2uEQ==",
			"dependencies": {
				"loose-envify": "^1.1.0"
			},
			"engines": {
				"node": ">=0.10.0"
			}
		},
		"node_modules/react-autosuggest": {
			"version": "10.1.0",
			"resolved": "https://registry.npmjs.org/react-autosuggest/-/react-autosuggest-10.1.0.tgz",
			"integrity": "sha512-/azBHmc6z/31s/lBf6irxPf/7eejQdR0IqnZUzjdSibtlS8+Rw/R79pgDAo6Ft5QqCUTyEQ+f0FhL+1olDQ8OA==",
			"dependencies": {
				"es6-promise": "^4.2.8",
				"prop-types": "^15.7.2",
				"react-themeable": "^1.1.0",
				"section-iterator": "^2.0.0",
				"shallow-equal": "^1.2.1"
			},
			"peerDependencies": {
				"react": ">=16.3.0"
			}
		},
		"node_modules/react-click-outside": {
			"version": "3.0.1",
			"resolved": "https://registry.npmjs.org/react-click-outside/-/react-click-outside-3.0.1.tgz",
			"integrity": "sha512-d0KWFvBt+esoZUF15rL2UBB7jkeAqLU8L/Ny35oLK6fW6mIbOv/ChD+ExF4sR9PD26kVx+9hNfD0FTIqRZEyRQ==",
			"dependencies": {
				"hoist-non-react-statics": "^2.1.1"
			}
		},
		"node_modules/react-click-outside/node_modules/hoist-non-react-statics": {
			"version": "2.5.5",
			"resolved": "https://registry.npmjs.org/hoist-non-react-statics/-/hoist-non-react-statics-2.5.5.tgz",
			"integrity": "sha512-rqcy4pJo55FTTLWt+bU8ukscqHeE/e9KWvsOW2b/a3afxQZhwkQdT1rPPCJ0rYXdj4vNcasY8zHTH+jF/qStxw=="
		},
		"node_modules/react-codemirror2": {
			"version": "7.2.1",
			"resolved": "https://registry.npmjs.org/react-codemirror2/-/react-codemirror2-7.2.1.tgz",
			"integrity": "sha512-t7YFmz1AXdlImgHXA9Ja0T6AWuopilub24jRaQdPVbzUJVNKIYuy3uCFZYa7CE5S3UW6SrSa5nAqVQvtzRF9gw==",
			"peerDependencies": {
				"codemirror": "5.x",
				"react": ">=15.5 <=16.x"
			}
		},
		"node_modules/react-dom": {
			"version": "18.1.0",
			"resolved": "https://registry.npmjs.org/react-dom/-/react-dom-18.1.0.tgz",
			"integrity": "sha512-fU1Txz7Budmvamp7bshe4Zi32d0ll7ect+ccxNu9FlObT605GOEB8BfO4tmRJ39R5Zj831VCpvQ05QPBW5yb+w==",
			"dependencies": {
				"loose-envify": "^1.1.0",
				"scheduler": "^0.22.0"
			},
			"peerDependencies": {
				"react": "^18.1.0"
			}
		},
		"node_modules/react-fast-compare": {
			"version": "2.0.4",
			"resolved": "https://registry.npmjs.org/react-fast-compare/-/react-fast-compare-2.0.4.tgz",
			"integrity": "sha512-suNP+J1VU1MWFKcyt7RtjiSWUjvidmQSlqu+eHslq+342xCbGTYmC0mEhPCOHxlW0CywylOC1u2DFAT+bv4dBw=="
		},
		"node_modules/react-intl": {
			"version": "6.0.4",
			"resolved": "https://registry.npmjs.org/react-intl/-/react-intl-6.0.4.tgz",
			"integrity": "sha512-eBIP4QuFOdr67+ZmNOA7WGzJ6dj0qgsGQbx3phzcel2B0kVLvfojTJuvYiFuLgbZTrRJMjHwYJZO5zsmibsfug==",
			"dependencies": {
				"@formatjs/ecma402-abstract": "1.11.7",
				"@formatjs/icu-messageformat-parser": "2.1.3",
				"@formatjs/intl": "2.3.0",
				"@formatjs/intl-displaynames": "6.0.2",
				"@formatjs/intl-listformat": "7.0.2",
				"@types/hoist-non-react-statics": "^3.3.1",
				"@types/react": "16 || 17 || 18",
				"hoist-non-react-statics": "^3.3.2",
				"intl-messageformat": "10.1.0",
				"tslib": "2.4.0"
			},
			"peerDependencies": {
				"react": "^16.6.0 || 17 || 18",
				"typescript": "^4.5"
			},
			"peerDependenciesMeta": {
				"typescript": {
					"optional": true
				}
			}
		},
		"node_modules/react-intl/node_modules/tslib": {
			"version": "2.4.0",
			"resolved": "https://registry.npmjs.org/tslib/-/tslib-2.4.0.tgz",
			"integrity": "sha512-d6xOpEDfsi2CZVlPQzGeux8XMwLT9hssAsaPYExaQMuYskwb+x1x7J371tWlbBdWHroy99KnVB6qIkUbs5X3UQ=="
		},
		"node_modules/react-is": {
			"version": "16.13.1",
			"resolved": "https://registry.npmjs.org/react-is/-/react-is-16.13.1.tgz",
			"integrity": "sha512-24e6ynE2H+OKt4kqsOvNd8kBpV65zoxbA4BVsEOB3ARVWQki/DHzaUoC5KuON/BiccDaCCTZBuOcfZs70kR8bQ=="
		},
		"node_modules/react-redux": {
			"version": "8.0.2",
			"resolved": "https://registry.npmjs.org/react-redux/-/react-redux-8.0.2.tgz",
			"integrity": "sha512-nBwiscMw3NoP59NFCXFf02f8xdo+vSHT/uZ1ldDwF7XaTpzm+Phk97VT4urYBl5TYAPNVaFm12UHAEyzkpNzRA==",
			"dependencies": {
				"@babel/runtime": "^7.12.1",
				"@types/hoist-non-react-statics": "^3.3.1",
				"@types/use-sync-external-store": "^0.0.3",
				"hoist-non-react-statics": "^3.3.2",
				"react-is": "^18.0.0",
				"use-sync-external-store": "^1.0.0"
			},
			"peerDependencies": {
				"@types/react": "^16.8 || ^17.0 || ^18.0",
				"@types/react-dom": "^16.8 || ^17.0 || ^18.0",
				"react": "^16.8 || ^17.0 || ^18.0",
				"react-dom": "^16.8 || ^17.0 || ^18.0",
				"react-native": ">=0.59",
				"redux": "^4"
			},
			"peerDependenciesMeta": {
				"@types/react": {
					"optional": true
				},
				"@types/react-dom": {
					"optional": true
				},
				"react-dom": {
					"optional": true
				},
				"react-native": {
					"optional": true
				},
				"redux": {
					"optional": true
				}
			}
		},
		"node_modules/react-redux/node_modules/react-is": {
			"version": "18.1.0",
			"resolved": "https://registry.npmjs.org/react-is/-/react-is-18.1.0.tgz",
			"integrity": "sha512-Fl7FuabXsJnV5Q1qIOQwx/sagGF18kogb4gpfcG4gjLBWO0WDiiz1ko/ExayuxE7InyQkBLkxRFG5oxY6Uu3Kg=="
		},
		"node_modules/react-themeable": {
			"version": "1.1.0",
			"resolved": "https://registry.npmjs.org/react-themeable/-/react-themeable-1.1.0.tgz",
			"integrity": "sha1-fURm3ZsrX6dQWHJ4JenxUro3mg4=",
			"dependencies": {
				"object-assign": "^3.0.0"
			}
		},
		"node_modules/react-themeable/node_modules/object-assign": {
			"version": "3.0.0",
			"resolved": "https://registry.npmjs.org/object-assign/-/object-assign-3.0.0.tgz",
			"integrity": "sha512-jHP15vXVGeVh1HuaA2wY6lxk+whK/x4KBG88VXeRma7CCun7iGD5qPc4eYykQ9sdQvg8jkwFKsSxHln2ybW3xQ==",
			"engines": {
				"node": ">=0.10.0"
			}
		},
		"node_modules/redux": {
			"version": "4.2.0",
			"resolved": "https://registry.npmjs.org/redux/-/redux-4.2.0.tgz",
			"integrity": "sha512-oSBmcKKIuIR4ME29/AeNUnl5L+hvBq7OaJWzaptTQJAntaPvxIJqfnjbaEiCzzaIz+XmVILfqAM3Ob0aXLPfjA==",
			"dependencies": {
				"@babel/runtime": "^7.9.2"
			}
		},
		"node_modules/regenerator-runtime": {
			"version": "0.13.9",
			"resolved": "https://registry.npmjs.org/regenerator-runtime/-/regenerator-runtime-0.13.9.tgz",
			"integrity": "sha512-p3VT+cOEgxFsRRA9X4lkI1E+k2/CtnKtU4gcxyaCUreilL/vqI6CdZ3wxVUx3UOUg+gnUOQQcRI7BmSI656MYA=="
		},
		"node_modules/scheduler": {
			"version": "0.22.0",
			"resolved": "https://registry.npmjs.org/scheduler/-/scheduler-0.22.0.tgz",
			"integrity": "sha512-6QAm1BgQI88NPYymgGQLCZgvep4FyePDWFpXVK+zNSUgHwlqpJy8VEh8Et0KxTACS4VWwMousBElAZOH9nkkoQ==",
			"dependencies": {
				"loose-envify": "^1.1.0"
			}
		},
		"node_modules/section-iterator": {
			"version": "2.0.0",
			"resolved": "https://registry.npmjs.org/section-iterator/-/section-iterator-2.0.0.tgz",
			"integrity": "sha1-v0RNev7rlK1Dw5rS+yYVFifMuio="
		},
		"node_modules/shallow-equal": {
			"version": "1.2.1",
			"resolved": "https://registry.npmjs.org/shallow-equal/-/shallow-equal-1.2.1.tgz",
			"integrity": "sha512-S4vJDjHHMBaiZuT9NPb616CSmLf618jawtv3sufLl6ivK8WocjAo58cXwbRV1cgqxH0Qbv+iUt6m05eqEa2IRA=="
		},
		"node_modules/tiny-warning": {
			"version": "1.0.3",
			"resolved": "https://registry.npmjs.org/tiny-warning/-/tiny-warning-1.0.3.tgz",
			"integrity": "sha512-lBN9zLN/oAf68o3zNXYrdCt1kP8WsiGW8Oo2ka41b2IM5JL/S1CTyX1rW0mb/zSuJun0ZUrDxx4sqvYS2FWzPA=="
		},
		"node_modules/tslib": {
			"version": "1.14.1",
			"resolved": "https://registry.npmjs.org/tslib/-/tslib-1.14.1.tgz",
			"integrity": "sha512-Xni35NKzjgMrwevysHTCArtLDpPvye8zV/0E4EyYn43P7/7qvQwPh9BGkHewbMulVntbigmcT7rdX3BNo9wRJg=="
		},
		"node_modules/use-sync-external-store": {
			"version": "1.1.0",
			"resolved": "https://registry.npmjs.org/use-sync-external-store/-/use-sync-external-store-1.1.0.tgz",
			"integrity": "sha512-SEnieB2FPKEVne66NpXPd1Np4R1lTNKfjuy3XdIoPQKYBAFdzbzSZlSn1KJZUiihQLQC5Znot4SBz1EOTBwQAQ==",
			"peerDependencies": {
				"react": "^16.8.0 || ^17.0.0 || ^18.0.0"
			}
		}
	},
	"dependencies": {
		"@babel/runtime": {
			"version": "7.18.3",
			"resolved": "https://registry.npmjs.org/@babel/runtime/-/runtime-7.18.3.tgz",
			"integrity": "sha512-38Y8f7YUhce/K7RMwTp7m0uCumpv9hZkitCbBClqQIow1qSbCvGkcegKOXpEWCQLfWmevgRiWokZ1GkpfhbZug==",
			"requires": {
				"regenerator-runtime": "^0.13.4"
			}
		},
		"@formatjs/ecma402-abstract": {
			"version": "1.11.7",
			"resolved": "https://registry.npmjs.org/@formatjs/ecma402-abstract/-/ecma402-abstract-1.11.7.tgz",
			"integrity": "sha512-uNaok4XWMJBtPZk/veTDamFCm5HeWJUk2jwoVfH5/+wenQ60QHjH6T3UQ0GOOCz9jpKmed7vqOri7xSf//Dt7g==",
			"requires": {
				"@formatjs/intl-localematcher": "0.2.28",
				"tslib": "2.4.0"
			},
			"dependencies": {
				"tslib": {
					"version": "2.4.0",
					"resolved": "https://registry.npmjs.org/tslib/-/tslib-2.4.0.tgz",
					"integrity": "sha512-d6xOpEDfsi2CZVlPQzGeux8XMwLT9hssAsaPYExaQMuYskwb+x1x7J371tWlbBdWHroy99KnVB6qIkUbs5X3UQ=="
				}
			}
		},
		"@formatjs/fast-memoize": {
			"version": "1.2.4",
			"resolved": "https://registry.npmjs.org/@formatjs/fast-memoize/-/fast-memoize-1.2.4.tgz",
			"integrity": "sha512-9ARYoLR8AEzXvj2nYrOVHY/h1dDMDWGTnKDLXSISF1uoPakSmfcZuSqjiqZX2wRkEUimPxdwTu/agyozBtZRHA==",
			"requires": {
				"tslib": "2.4.0"
			},
			"dependencies": {
				"tslib": {
					"version": "2.4.0",
					"resolved": "https://registry.npmjs.org/tslib/-/tslib-2.4.0.tgz",
					"integrity": "sha512-d6xOpEDfsi2CZVlPQzGeux8XMwLT9hssAsaPYExaQMuYskwb+x1x7J371tWlbBdWHroy99KnVB6qIkUbs5X3UQ=="
				}
			}
		},
		"@formatjs/icu-messageformat-parser": {
			"version": "2.1.3",
			"resolved": "https://registry.npmjs.org/@formatjs/icu-messageformat-parser/-/icu-messageformat-parser-2.1.3.tgz",
			"integrity": "sha512-hsdAn1dXcujW/G8DHw0iiIy7357pw10yOulCrL6xrQOKJAxT7m7EgpG0Hm1OW9xqaLEzqWyE/jA2AGVnOCaCQw==",
			"requires": {
				"@formatjs/ecma402-abstract": "1.11.7",
				"@formatjs/icu-skeleton-parser": "1.3.9",
				"tslib": "2.4.0"
			},
			"dependencies": {
				"tslib": {
					"version": "2.4.0",
					"resolved": "https://registry.npmjs.org/tslib/-/tslib-2.4.0.tgz",
					"integrity": "sha512-d6xOpEDfsi2CZVlPQzGeux8XMwLT9hssAsaPYExaQMuYskwb+x1x7J371tWlbBdWHroy99KnVB6qIkUbs5X3UQ=="
				}
			}
		},
		"@formatjs/icu-skeleton-parser": {
			"version": "1.3.9",
			"resolved": "https://registry.npmjs.org/@formatjs/icu-skeleton-parser/-/icu-skeleton-parser-1.3.9.tgz",
			"integrity": "sha512-s9THwwhiiSzbGSk73FP6Ur2MBwEj1vfgYDHKa5FiXGQMfYzdRdRvyH1dgqNgSFJPB6PM3DKtkloJLjpqpSDNUg==",
			"requires": {
				"@formatjs/ecma402-abstract": "1.11.7",
				"tslib": "2.4.0"
			},
			"dependencies": {
				"tslib": {
					"version": "2.4.0",
					"resolved": "https://registry.npmjs.org/tslib/-/tslib-2.4.0.tgz",
					"integrity": "sha512-d6xOpEDfsi2CZVlPQzGeux8XMwLT9hssAsaPYExaQMuYskwb+x1x7J371tWlbBdWHroy99KnVB6qIkUbs5X3UQ=="
				}
			}
		},
		"@formatjs/intl": {
			"version": "2.3.0",
			"resolved": "https://registry.npmjs.org/@formatjs/intl/-/intl-2.3.0.tgz",
			"integrity": "sha512-mE8zGqP+Flrd8tS3AsdvSucnblqwR5gsGM4Bd5711abkabrz52F2TDrU88rVvVfCdHV4dFHFYEmUBVZZ4pATtg==",
			"requires": {
				"@formatjs/ecma402-abstract": "1.11.7",
				"@formatjs/fast-memoize": "1.2.4",
				"@formatjs/icu-messageformat-parser": "2.1.3",
				"@formatjs/intl-displaynames": "6.0.2",
				"@formatjs/intl-listformat": "7.0.2",
				"intl-messageformat": "10.1.0",
				"tslib": "2.4.0"
			},
			"dependencies": {
				"tslib": {
					"version": "2.4.0",
					"resolved": "https://registry.npmjs.org/tslib/-/tslib-2.4.0.tgz",
					"integrity": "sha512-d6xOpEDfsi2CZVlPQzGeux8XMwLT9hssAsaPYExaQMuYskwb+x1x7J371tWlbBdWHroy99KnVB6qIkUbs5X3UQ=="
				}
			}
		},
		"@formatjs/intl-displaynames": {
			"version": "6.0.2",
			"resolved": "https://registry.npmjs.org/@formatjs/intl-displaynames/-/intl-displaynames-6.0.2.tgz",
			"integrity": "sha512-h9Id/6vbSHpARHKMVsjWag3KMZJpop9s67CZTd+AMxhjHb5xDG2b5rlSRJKx/UdIDQ+GzESK7a4fv32yylG3cw==",
			"requires": {
				"@formatjs/ecma402-abstract": "1.11.7",
				"@formatjs/intl-localematcher": "0.2.28",
				"tslib": "2.4.0"
			},
			"dependencies": {
				"tslib": {
					"version": "2.4.0",
					"resolved": "https://registry.npmjs.org/tslib/-/tslib-2.4.0.tgz",
					"integrity": "sha512-d6xOpEDfsi2CZVlPQzGeux8XMwLT9hssAsaPYExaQMuYskwb+x1x7J371tWlbBdWHroy99KnVB6qIkUbs5X3UQ=="
				}
			}
		},
		"@formatjs/intl-listformat": {
			"version": "7.0.2",
			"resolved": "https://registry.npmjs.org/@formatjs/intl-listformat/-/intl-listformat-7.0.2.tgz",
			"integrity": "sha512-K+HXrYIvEcAH/dS8XXnSHQYC/z4w0eHjPlDx43HOoDY87/xV7rpHxFVXWXTgwLYC6iAPUO72Y/AaT9iq873juw==",
			"requires": {
				"@formatjs/ecma402-abstract": "1.11.7",
				"@formatjs/intl-localematcher": "0.2.28",
				"tslib": "2.4.0"
			},
			"dependencies": {
				"tslib": {
					"version": "2.4.0",
					"resolved": "https://registry.npmjs.org/tslib/-/tslib-2.4.0.tgz",
					"integrity": "sha512-d6xOpEDfsi2CZVlPQzGeux8XMwLT9hssAsaPYExaQMuYskwb+x1x7J371tWlbBdWHroy99KnVB6qIkUbs5X3UQ=="
				}
			}
		},
		"@formatjs/intl-localematcher": {
			"version": "0.2.28",
			"resolved": "https://registry.npmjs.org/@formatjs/intl-localematcher/-/intl-localematcher-0.2.28.tgz",
			"integrity": "sha512-FLsc6Gifs1np/8HnCn/7Q+lHMmenrD5fuDhRT82yj0gi9O19kfaFwjQUw1gZsyILuRyT93GuzdifHj7TKRhBcw==",
			"requires": {
				"tslib": "2.4.0"
			},
			"dependencies": {
				"tslib": {
					"version": "2.4.0",
					"resolved": "https://registry.npmjs.org/tslib/-/tslib-2.4.0.tgz",
					"integrity": "sha512-d6xOpEDfsi2CZVlPQzGeux8XMwLT9hssAsaPYExaQMuYskwb+x1x7J371tWlbBdWHroy99KnVB6qIkUbs5X3UQ=="
				}
			}
		},
		"@types/codemirror": {
			"version": "5.60.5",
			"resolved": "https://registry.npmjs.org/@types/codemirror/-/codemirror-5.60.5.tgz",
			"integrity": "sha512-TiECZmm8St5YxjFUp64LK0c8WU5bxMDt9YaAek1UqUb9swrSCoJhh92fWu1p3mTEqlHjhB5sY7OFBhWroJXZVg==",
			"dev": true,
			"requires": {
				"@types/tern": "*"
			}
		},
		"@types/estree": {
			"version": "0.0.51",
			"resolved": "https://registry.npmjs.org/@types/estree/-/estree-0.0.51.tgz",
			"integrity": "sha512-CuPgU6f3eT/XgKKPqKd/gLZV1Xmvf1a2R5POBOGQa6uv82xpls89HU5zKeVoyR8XzHd1RGNOlQlvUe3CFkjWNQ==",
			"dev": true
		},
		"@types/hoist-non-react-statics": {
			"version": "3.3.1",
			"resolved": "https://registry.npmjs.org/@types/hoist-non-react-statics/-/hoist-non-react-statics-3.3.1.tgz",
			"integrity": "sha512-iMIqiko6ooLrTh1joXodJK5X9xeEALT1kM5G3ZLhD3hszxBdIEd5C75U834D9mLcINgD4OyZf5uQXjkuYydWvA==",
			"requires": {
				"@types/react": "*",
				"hoist-non-react-statics": "^3.3.0"
			}
		},
		"@types/prop-types": {
			"version": "15.7.5",
			"resolved": "https://registry.npmjs.org/@types/prop-types/-/prop-types-15.7.5.tgz",
			"integrity": "sha512-JCB8C6SnDoQf0cNycqd/35A7MjcnK+ZTqE7judS6o7utxUCg6imJg3QK2qzHKszlTjcj2cn+NwMB2i96ubpj7w=="
		},
		"@types/react": {
			"version": "18.0.12",
			"resolved": "https://registry.npmjs.org/@types/react/-/react-18.0.12.tgz",
			"integrity": "sha512-duF1OTASSBQtcigUvhuiTB1Ya3OvSy+xORCiEf20H0P0lzx+/KeVsA99U5UjLXSbyo1DRJDlLKqTeM1ngosqtg==",
			"requires": {
				"@types/prop-types": "*",
				"@types/scheduler": "*",
				"csstype": "^3.0.2"
			}
		},
		"@types/react-autosuggest": {
			"version": "10.1.5",
			"resolved": "https://registry.npmjs.org/@types/react-autosuggest/-/react-autosuggest-10.1.5.tgz",
			"integrity": "sha512-qfMzrp6Is0VYRF5a97Bv/+P2F9ZtFY4YE2825yyWV4VxCpvcfvQHEqGNkDFIPme7t3B2BpQ784QBllYAxemERQ==",
			"dev": true,
			"requires": {
				"@types/react": "*"
			}
		},
		"@types/react-click-outside": {
			"version": "3.0.3",
			"resolved": "https://registry.npmjs.org/@types/react-click-outside/-/react-click-outside-3.0.3.tgz",
			"integrity": "sha512-andSGSlXzWGTKLg8KAethnuQUqiJ/NghlWzlh0QuazHHVZqIKW+28NZXg6SsA3TQKHFhxjBbyZFHLAbr6nyvgg==",
			"dev": true,
			"requires": {
				"@types/react": "*"
			}
		},
		"@types/react-dom": {
			"version": "18.0.5",
			"resolved": "https://registry.npmjs.org/@types/react-dom/-/react-dom-18.0.5.tgz",
			"integrity": "sha512-OWPWTUrY/NIrjsAPkAk1wW9LZeIjSvkXRhclsFO8CZcZGCOg2G0YZy4ft+rOyYxy8B7ui5iZzi9OkDebZ7/QSA==",
			"dev": true,
			"requires": {
				"@types/react": "*"
			}
		},
		"@types/react-redux": {
			"version": "7.1.24",
			"resolved": "https://registry.npmjs.org/@types/react-redux/-/react-redux-7.1.24.tgz",
			"integrity": "sha512-7FkurKcS1k0FHZEtdbbgN8Oc6b+stGSfZYjQGicofJ0j4U0qIn/jaSvnP2pLwZKiai3/17xqqxkkrxTgN8UNbQ==",
			"dev": true,
			"requires": {
				"@types/hoist-non-react-statics": "^3.3.0",
				"@types/react": "*",
				"hoist-non-react-statics": "^3.3.0",
				"redux": "^4.0.0"
			}
		},
		"@types/scheduler": {
			"version": "0.16.2",
			"resolved": "https://registry.npmjs.org/@types/scheduler/-/scheduler-0.16.2.tgz",
			"integrity": "sha512-hppQEBDmlwhFAXKJX2KnWLYu5yMfi91yazPb2l+lbJiwW+wdo1gNeRA+3RgNSO39WYX2euey41KEwnqesU2Jew=="
		},
		"@types/tern": {
			"version": "0.23.4",
			"resolved": "https://registry.npmjs.org/@types/tern/-/tern-0.23.4.tgz",
			"integrity": "sha512-JAUw1iXGO1qaWwEOzxTKJZ/5JxVeON9kvGZ/osgZaJImBnyjyn0cjovPsf6FNLmyGY8Vw9DoXZCMlfMkMwHRWg==",
			"dev": true,
			"requires": {
				"@types/estree": "*"
			}
		},
		"@types/use-sync-external-store": {
			"version": "0.0.3",
			"resolved": "https://registry.npmjs.org/@types/use-sync-external-store/-/use-sync-external-store-0.0.3.tgz",
			"integrity": "sha512-EwmlvuaxPNej9+T4v5AuBPJa2x2UOJVdjCtDHgcDqitUeOtjnJKJ+apYjVcAoBEMjKW1VVFGZLUb5+qqa09XFA=="
		},
		"codemirror": {
			"version": "5.65.5",
			"resolved": "https://registry.npmjs.org/codemirror/-/codemirror-5.65.5.tgz",
			"integrity": "sha512-HNyhvGLnYz5c+kIsB9QKVitiZUevha3ovbIYaQiGzKo7ECSL/elWD9RXt3JgNr0NdnyqE9/Rc/7uLfkJQL638w=="
		},
		"csstype": {
			"version": "3.1.0",
			"resolved": "https://registry.npmjs.org/csstype/-/csstype-3.1.0.tgz",
			"integrity": "sha512-uX1KG+x9h5hIJsaKR9xHUeUraxf8IODOwq9JLNPq6BwB04a/xgpq3rcx47l5BZu5zBPlgD342tdke3Hom/nJRA=="
		},
		"deepmerge": {
			"version": "2.2.1",
			"resolved": "https://registry.npmjs.org/deepmerge/-/deepmerge-2.2.1.tgz",
			"integrity": "sha512-R9hc1Xa/NOBi9WRVUWg19rl1UB7Tt4kuPd+thNJgFZoxXsTz7ncaPaeIm+40oSGuP33DfMb4sZt1QIGiJzC4EA=="
		},
		"es6-promise": {
			"version": "4.2.8",
			"resolved": "https://registry.npmjs.org/es6-promise/-/es6-promise-4.2.8.tgz",
			"integrity": "sha512-HJDGx5daxeIvxdBxvG2cb9g4tEvwIk3i8+nhX0yGrYmZUzbkdg8QbDevheDB8gd0//uPj4c1EQua8Q+MViT0/w=="
		},
		"formik": {
			"version": "2.2.9",
			"resolved": "https://registry.npmjs.org/formik/-/formik-2.2.9.tgz",
			"integrity": "sha512-LQLcISMmf1r5at4/gyJigGn0gOwFbeEAlji+N9InZF6LIMXnFNkO42sCI8Jt84YZggpD4cPWObAZaxpEFtSzNA==",
			"requires": {
				"deepmerge": "^2.1.1",
				"hoist-non-react-statics": "^3.3.0",
				"lodash": "^4.17.21",
				"lodash-es": "^4.17.21",
				"react-fast-compare": "^2.0.1",
				"tiny-warning": "^1.0.2",
				"tslib": "^1.10.0"
			}
		},
		"hoist-non-react-statics": {
			"version": "3.3.2",
			"resolved": "https://registry.npmjs.org/hoist-non-react-statics/-/hoist-non-react-statics-3.3.2.tgz",
			"integrity": "sha512-/gGivxi8JPKWNm/W0jSmzcMPpfpPLc3dY/6GxhX2hQ9iGj3aDfklV4ET7NjKpSinLpJ5vafa9iiGIEZg10SfBw==",
			"requires": {
				"react-is": "^16.7.0"
			}
		},
		"intl-messageformat": {
			"version": "10.1.0",
			"resolved": "https://registry.npmjs.org/intl-messageformat/-/intl-messageformat-10.1.0.tgz",
			"integrity": "sha512-diGMDv9Zo2Mggf6AkJszq/BIR5+rarkwcr4g5JGgREwbwAHY9hR/dYd8FbIgQx2RTxhJsABfAWCiENFLbaTZjg==",
			"requires": {
				"@formatjs/ecma402-abstract": "1.11.7",
				"@formatjs/fast-memoize": "1.2.4",
				"@formatjs/icu-messageformat-parser": "2.1.3",
				"tslib": "2.4.0"
			},
			"dependencies": {
				"tslib": {
					"version": "2.4.0",
					"resolved": "https://registry.npmjs.org/tslib/-/tslib-2.4.0.tgz",
					"integrity": "sha512-d6xOpEDfsi2CZVlPQzGeux8XMwLT9hssAsaPYExaQMuYskwb+x1x7J371tWlbBdWHroy99KnVB6qIkUbs5X3UQ=="
				}
			}
		},
		"js-tokens": {
			"version": "4.0.0",
			"resolved": "https://registry.npmjs.org/js-tokens/-/js-tokens-4.0.0.tgz",
			"integrity": "sha512-RdJUflcE3cUzKiMqQgsCu06FPu9UdIJO0beYbPhHN4k6apgJtifcoCtT9bcxOpYBtpD2kCM6Sbzg4CausW/PKQ=="
		},
		"lodash": {
			"version": "4.17.21",
			"resolved": "https://registry.npmjs.org/lodash/-/lodash-4.17.21.tgz",
			"integrity": "sha512-v2kDEe57lecTulaDIuNTPy3Ry4gLGJ6Z1O3vE1krgXZNrsQ+LFTGHVxVjcXPs17LhbZVGedAJv8XZ1tvj5FvSg=="
		},
		"lodash-es": {
			"version": "4.17.21",
			"resolved": "https://registry.npmjs.org/lodash-es/-/lodash-es-4.17.21.tgz",
			"integrity": "sha512-mKnC+QJ9pWVzv+C4/U3rRsHapFfHvQFoFB92e52xeyGMcX6/OlIl78je1u8vePzYZSkkogMPJ2yjxxsb89cxyw=="
		},
		"loose-envify": {
			"version": "1.4.0",
			"resolved": "https://registry.npmjs.org/loose-envify/-/loose-envify-1.4.0.tgz",
			"integrity": "sha512-lyuxPGr/Wfhrlem2CL/UcnUc1zcqKAImBDzukY7Y5F/yQiNdko6+fRLevlw1HgMySw7f611UIY408EtxRSoK3Q==",
			"requires": {
				"js-tokens": "^3.0.0 || ^4.0.0"
			}
		},
		"object-assign": {
			"version": "4.1.1",
			"resolved": "https://registry.npmjs.org/object-assign/-/object-assign-4.1.1.tgz",
			"integrity": "sha512-rJgTQnkUnH1sFw8yT6VSU3zD3sWmu6sZhIseY8VX+GRu3P6F7Fu+JNDoXfklElbLJSnc3FUQHVe4cU5hj+BcUg=="
		},
		"prop-types": {
			"version": "15.8.1",
			"resolved": "https://registry.npmjs.org/prop-types/-/prop-types-15.8.1.tgz",
			"integrity": "sha512-oj87CgZICdulUohogVAR7AjlC0327U4el4L6eAvOqCeudMDVU0NThNaV+b9Df4dXgSP1gXMTnPdhfe/2qDH5cg==",
			"requires": {
				"loose-envify": "^1.4.0",
				"object-assign": "^4.1.1",
				"react-is": "^16.13.1"
			}
		},
		"react": {
			"version": "18.1.0",
			"resolved": "https://registry.npmjs.org/react/-/react-18.1.0.tgz",
			"integrity": "sha512-4oL8ivCz5ZEPyclFQXaNksK3adutVS8l2xzZU0cqEFrE9Sb7fC0EFK5uEk74wIreL1DERyjvsU915j1pcT2uEQ==",
			"requires": {
				"loose-envify": "^1.1.0"
			}
		},
		"react-autosuggest": {
			"version": "10.1.0",
			"resolved": "https://registry.npmjs.org/react-autosuggest/-/react-autosuggest-10.1.0.tgz",
			"integrity": "sha512-/azBHmc6z/31s/lBf6irxPf/7eejQdR0IqnZUzjdSibtlS8+Rw/R79pgDAo6Ft5QqCUTyEQ+f0FhL+1olDQ8OA==",
			"requires": {
				"es6-promise": "^4.2.8",
				"prop-types": "^15.7.2",
				"react-themeable": "^1.1.0",
				"section-iterator": "^2.0.0",
				"shallow-equal": "^1.2.1"
			}
		},
		"react-click-outside": {
			"version": "3.0.1",
			"resolved": "https://registry.npmjs.org/react-click-outside/-/react-click-outside-3.0.1.tgz",
			"integrity": "sha512-d0KWFvBt+esoZUF15rL2UBB7jkeAqLU8L/Ny35oLK6fW6mIbOv/ChD+ExF4sR9PD26kVx+9hNfD0FTIqRZEyRQ==",
			"requires": {
				"hoist-non-react-statics": "^2.1.1"
			},
			"dependencies": {
				"hoist-non-react-statics": {
					"version": "2.5.5",
					"resolved": "https://registry.npmjs.org/hoist-non-react-statics/-/hoist-non-react-statics-2.5.5.tgz",
					"integrity": "sha512-rqcy4pJo55FTTLWt+bU8ukscqHeE/e9KWvsOW2b/a3afxQZhwkQdT1rPPCJ0rYXdj4vNcasY8zHTH+jF/qStxw=="
				}
			}
		},
		"react-codemirror2": {
			"version": "7.2.1",
			"resolved": "https://registry.npmjs.org/react-codemirror2/-/react-codemirror2-7.2.1.tgz",
			"integrity": "sha512-t7YFmz1AXdlImgHXA9Ja0T6AWuopilub24jRaQdPVbzUJVNKIYuy3uCFZYa7CE5S3UW6SrSa5nAqVQvtzRF9gw=="
		},
		"react-dom": {
			"version": "18.1.0",
			"resolved": "https://registry.npmjs.org/react-dom/-/react-dom-18.1.0.tgz",
			"integrity": "sha512-fU1Txz7Budmvamp7bshe4Zi32d0ll7ect+ccxNu9FlObT605GOEB8BfO4tmRJ39R5Zj831VCpvQ05QPBW5yb+w==",
			"requires": {
				"loose-envify": "^1.1.0",
				"scheduler": "^0.22.0"
			}
		},
		"react-fast-compare": {
			"version": "2.0.4",
			"resolved": "https://registry.npmjs.org/react-fast-compare/-/react-fast-compare-2.0.4.tgz",
			"integrity": "sha512-suNP+J1VU1MWFKcyt7RtjiSWUjvidmQSlqu+eHslq+342xCbGTYmC0mEhPCOHxlW0CywylOC1u2DFAT+bv4dBw=="
		},
		"react-intl": {
			"version": "6.0.4",
			"resolved": "https://registry.npmjs.org/react-intl/-/react-intl-6.0.4.tgz",
			"integrity": "sha512-eBIP4QuFOdr67+ZmNOA7WGzJ6dj0qgsGQbx3phzcel2B0kVLvfojTJuvYiFuLgbZTrRJMjHwYJZO5zsmibsfug==",
			"requires": {
				"@formatjs/ecma402-abstract": "1.11.7",
				"@formatjs/icu-messageformat-parser": "2.1.3",
				"@formatjs/intl": "2.3.0",
				"@formatjs/intl-displaynames": "6.0.2",
				"@formatjs/intl-listformat": "7.0.2",
				"@types/hoist-non-react-statics": "^3.3.1",
				"@types/react": "16 || 17 || 18",
				"hoist-non-react-statics": "^3.3.2",
				"intl-messageformat": "10.1.0",
				"tslib": "2.4.0"
			},
			"dependencies": {
				"tslib": {
					"version": "2.4.0",
					"resolved": "https://registry.npmjs.org/tslib/-/tslib-2.4.0.tgz",
					"integrity": "sha512-d6xOpEDfsi2CZVlPQzGeux8XMwLT9hssAsaPYExaQMuYskwb+x1x7J371tWlbBdWHroy99KnVB6qIkUbs5X3UQ=="
				}
			}
		},
		"react-is": {
			"version": "16.13.1",
			"resolved": "https://registry.npmjs.org/react-is/-/react-is-16.13.1.tgz",
			"integrity": "sha512-24e6ynE2H+OKt4kqsOvNd8kBpV65zoxbA4BVsEOB3ARVWQki/DHzaUoC5KuON/BiccDaCCTZBuOcfZs70kR8bQ=="
		},
		"react-redux": {
			"version": "8.0.2",
			"resolved": "https://registry.npmjs.org/react-redux/-/react-redux-8.0.2.tgz",
			"integrity": "sha512-nBwiscMw3NoP59NFCXFf02f8xdo+vSHT/uZ1ldDwF7XaTpzm+Phk97VT4urYBl5TYAPNVaFm12UHAEyzkpNzRA==",
			"requires": {
				"@babel/runtime": "^7.12.1",
				"@types/hoist-non-react-statics": "^3.3.1",
				"@types/use-sync-external-store": "^0.0.3",
				"hoist-non-react-statics": "^3.3.2",
				"react-is": "^18.0.0",
				"use-sync-external-store": "^1.0.0"
			},
			"dependencies": {
				"react-is": {
					"version": "18.1.0",
					"resolved": "https://registry.npmjs.org/react-is/-/react-is-18.1.0.tgz",
					"integrity": "sha512-Fl7FuabXsJnV5Q1qIOQwx/sagGF18kogb4gpfcG4gjLBWO0WDiiz1ko/ExayuxE7InyQkBLkxRFG5oxY6Uu3Kg=="
				}
			}
		},
		"react-themeable": {
			"version": "1.1.0",
			"resolved": "https://registry.npmjs.org/react-themeable/-/react-themeable-1.1.0.tgz",
			"integrity": "sha1-fURm3ZsrX6dQWHJ4JenxUro3mg4=",
			"requires": {
				"object-assign": "^3.0.0"
			},
			"dependencies": {
				"object-assign": {
					"version": "3.0.0",
					"resolved": "https://registry.npmjs.org/object-assign/-/object-assign-3.0.0.tgz",
					"integrity": "sha512-jHP15vXVGeVh1HuaA2wY6lxk+whK/x4KBG88VXeRma7CCun7iGD5qPc4eYykQ9sdQvg8jkwFKsSxHln2ybW3xQ=="
				}
			}
		},
		"redux": {
			"version": "4.2.0",
			"resolved": "https://registry.npmjs.org/redux/-/redux-4.2.0.tgz",
			"integrity": "sha512-oSBmcKKIuIR4ME29/AeNUnl5L+hvBq7OaJWzaptTQJAntaPvxIJqfnjbaEiCzzaIz+XmVILfqAM3Ob0aXLPfjA==",
			"requires": {
				"@babel/runtime": "^7.9.2"
			}
		},
		"regenerator-runtime": {
			"version": "0.13.9",
			"resolved": "https://registry.npmjs.org/regenerator-runtime/-/regenerator-runtime-0.13.9.tgz",
			"integrity": "sha512-p3VT+cOEgxFsRRA9X4lkI1E+k2/CtnKtU4gcxyaCUreilL/vqI6CdZ3wxVUx3UOUg+gnUOQQcRI7BmSI656MYA=="
		},
		"scheduler": {
			"version": "0.22.0",
			"resolved": "https://registry.npmjs.org/scheduler/-/scheduler-0.22.0.tgz",
			"integrity": "sha512-6QAm1BgQI88NPYymgGQLCZgvep4FyePDWFpXVK+zNSUgHwlqpJy8VEh8Et0KxTACS4VWwMousBElAZOH9nkkoQ==",
			"requires": {
				"loose-envify": "^1.1.0"
			}
		},
		"section-iterator": {
			"version": "2.0.0",
			"resolved": "https://registry.npmjs.org/section-iterator/-/section-iterator-2.0.0.tgz",
			"integrity": "sha1-v0RNev7rlK1Dw5rS+yYVFifMuio="
		},
		"shallow-equal": {
			"version": "1.2.1",
			"resolved": "https://registry.npmjs.org/shallow-equal/-/shallow-equal-1.2.1.tgz",
			"integrity": "sha512-S4vJDjHHMBaiZuT9NPb616CSmLf618jawtv3sufLl6ivK8WocjAo58cXwbRV1cgqxH0Qbv+iUt6m05eqEa2IRA=="
		},
		"tiny-warning": {
			"version": "1.0.3",
			"resolved": "https://registry.npmjs.org/tiny-warning/-/tiny-warning-1.0.3.tgz",
			"integrity": "sha512-lBN9zLN/oAf68o3zNXYrdCt1kP8WsiGW8Oo2ka41b2IM5JL/S1CTyX1rW0mb/zSuJun0ZUrDxx4sqvYS2FWzPA=="
		},
		"tslib": {
			"version": "1.14.1",
			"resolved": "https://registry.npmjs.org/tslib/-/tslib-1.14.1.tgz",
			"integrity": "sha512-Xni35NKzjgMrwevysHTCArtLDpPvye8zV/0E4EyYn43P7/7qvQwPh9BGkHewbMulVntbigmcT7rdX3BNo9wRJg=="
		},
		"use-sync-external-store": {
			"version": "1.1.0",
			"resolved": "https://registry.npmjs.org/use-sync-external-store/-/use-sync-external-store-1.1.0.tgz",
			"integrity": "sha512-SEnieB2FPKEVne66NpXPd1Np4R1lTNKfjuy3XdIoPQKYBAFdzbzSZlSn1KJZUiihQLQC5Znot4SBz1EOTBwQAQ=="
		}
	}
}
