{
    "name": "@mashroom/mashroom-messaging-external-provider-amqp",
    "version": "2.3.2",
    "lockfileVersion": 2,
    "requires": true,
    "packages": {
        "": {
            "name": "@mashroom/mashroom-messaging-external-provider-amqp",
            "version": "2.3.2",
            "license": "MIT",
            "dependencies": {
                "rhea": "^3.0.1"
            }
        },
        "node_modules/debug": {
            "version": "4.3.4",
            "resolved": "https://registry.npmjs.org/debug/-/debug-4.3.4.tgz",
            "integrity": "sha512-PRWFHuSU3eDtQJPvnNY7Jcket1j0t5OuOsFzPPzsekD52Zl8qUfFIPEiswXqIvHWGVHOgX+7G/vCNNhehwxfkQ==",
            "dependencies": {
                "ms": "2.1.2"
            },
            "engines": {
                "node": ">=6.0"
            },
            "peerDependenciesMeta": {
                "supports-color": {
                    "optional": true
                }
            }
        },
        "node_modules/ms": {
            "version": "2.1.2",
            "resolved": "https://registry.npmjs.org/ms/-/ms-2.1.2.tgz",
            "integrity": "sha512-sGkPx+VjMtmA6MX27oA4FBFELFCZZ4S4XqeGOXCv68tT+jb3vk/RyaKWP0PTKyWtmLSM0b+adUTEvbs1PEaH2w=="
        },
        "node_modules/rhea": {
            "version": "3.0.1",
            "resolved": "https://registry.npmjs.org/rhea/-/rhea-3.0.1.tgz",
            "integrity": "sha512-FaXg9YSpBC0C8QNFuW3RpO60I8na69C/iWxLGJYJ07EYyVqrF2Sj3E+TMPNpOEpxY4xIz51X75l4FuLaae4JSg==",
            "dependencies": {
                "debug": "^4.3.3"
            }
        }
    },
    "dependencies": {
        "debug": {
            "version": "4.3.4",
            "resolved": "https://registry.npmjs.org/debug/-/debug-4.3.4.tgz",
            "integrity": "sha512-PRWFHuSU3eDtQJPvnNY7Jcket1j0t5OuOsFzPPzsekD52Zl8qUfFIPEiswXqIvHWGVHOgX+7G/vCNNhehwxfkQ==",
            "requires": {
                "ms": "2.1.2"
            }
        },
        "ms": {
            "version": "2.1.2",
            "resolved": "https://registry.npmjs.org/ms/-/ms-2.1.2.tgz",
            "integrity": "sha512-sGkPx+VjMtmA6MX27oA4FBFELFCZZ4S4XqeGOXCv68tT+jb3vk/RyaKWP0PTKyWtmLSM0b+adUTEvbs1PEaH2w=="
        },
        "rhea": {
            "version": "3.0.1",
            "resolved": "https://registry.npmjs.org/rhea/-/rhea-3.0.1.tgz",
            "integrity": "sha512-FaXg9YSpBC0C8QNFuW3RpO60I8na69C/iWxLGJYJ07EYyVqrF2Sj3E+TMPNpOEpxY4xIz51X75l4FuLaae4JSg==",
            "requires": {
                "debug": "^4.3.3"
            }
        }
    }
}
