{
	"name": "@mashroom/mashroom-messaging-external-provider-amqp",
	"version": "2.0.4",
	"lockfileVersion": 2,
	"requires": true,
	"packages": {
		"": {
			"name": "@mashroom/mashroom-messaging-external-provider-amqp",
			"version": "2.0.3",
			"license": "MIT",
			"dependencies": {
				"rhea": "^2.0.6"
			}
		},
		"node_modules/debug": {
			"version": "3.2.7",
			"resolved": "https://registry.npmjs.org/debug/-/debug-3.2.7.tgz",
			"integrity": "sha512-CFjzYYAi4ThfiQvizrFQevTTXHtnCqWfe7x1AhgEscTz6ZbLbfoLRLPugTQyBth6f8ZERVUSyWHFD/7Wu4t1XQ==",
			"dependencies": {
				"ms": "^2.1.1"
			}
		},
		"node_modules/ms": {
			"version": "2.1.3",
			"resolved": "https://registry.npmjs.org/ms/-/ms-2.1.3.tgz",
			"integrity": "sha512-6FlzubTLZG3J2a/NVCAleEhjzq5oxgHyaCU9yYXvcLsvoVaHJq/s5xXI6/XXP6tz7R9xAOtHnSO/tXtF3WRTlA=="
		},
		"node_modules/rhea": {
			"version": "2.0.6",
			"resolved": "https://registry.npmjs.org/rhea/-/rhea-2.0.6.tgz",
			"integrity": "sha512-v5+FAv279a/khoRQcgJF+05ErEvyQmLmZ4a5s1BT0/Qx/GawD9MrczHRTKQbInZmbfGrdv/k8pYFc5YjUIkGUQ==",
			"dependencies": {
				"debug": "0.8.0 - 3.5.0"
			}
		}
	},
	"dependencies": {
		"debug": {
			"version": "3.2.7",
			"resolved": "https://registry.npmjs.org/debug/-/debug-3.2.7.tgz",
			"integrity": "sha512-CFjzYYAi4ThfiQvizrFQevTTXHtnCqWfe7x1AhgEscTz6ZbLbfoLRLPugTQyBth6f8ZERVUSyWHFD/7Wu4t1XQ==",
			"requires": {
				"ms": "^2.1.1"
			}
		},
		"ms": {
			"version": "2.1.3",
			"resolved": "https://registry.npmjs.org/ms/-/ms-2.1.3.tgz",
			"integrity": "sha512-6FlzubTLZG3J2a/NVCAleEhjzq5oxgHyaCU9yYXvcLsvoVaHJq/s5xXI6/XXP6tz7R9xAOtHnSO/tXtF3WRTlA=="
		},
		"rhea": {
			"version": "2.0.6",
			"resolved": "https://registry.npmjs.org/rhea/-/rhea-2.0.6.tgz",
			"integrity": "sha512-v5+FAv279a/khoRQcgJF+05ErEvyQmLmZ4a5s1BT0/Qx/GawD9MrczHRTKQbInZmbfGrdv/k8pYFc5YjUIkGUQ==",
			"requires": {
				"debug": "0.8.0 - 3.5.0"
			}
		}
	}
}
