{
  "name": "@mashroom/mashroom-messaging-external-provider-amqp",
  "version": "2.4.1",
  "lockfileVersion": 3,
  "requires": true,
  "packages": {
    "": {
      "name": "@mashroom/mashroom-messaging-external-provider-amqp",
      "version": "2.4.1",
      "license": "MIT",
      "dependencies": {
        "rhea": "^3.0.2"
      }
    },
    "node_modules/debug": {
      "version": "4.3.4",
      "resolved": "https://registry.npmjs.org/debug/-/debug-4.3.4.tgz",
      "integrity": "sha512-PRWFHuSU3eDtQJPvnNY7Jcket1j0t5OuOsFzPPzsekD52Zl8qUfFIPEiswXqIvHWGVHOgX+7G/vCNNhehwxfkQ==",
      "dependencies": {
        "ms": "2.1.2"
      },
      "engines": {
        "node": ">=6.0"
      },
      "peerDependenciesMeta": {
        "supports-color": {
          "optional": true
        }
      }
    },
    "node_modules/ms": {
      "version": "2.1.2",
      "resolved": "https://registry.npmjs.org/ms/-/ms-2.1.2.tgz",
      "integrity": "sha512-sGkPx+VjMtmA6MX27oA4FBFELFCZZ4S4XqeGOXCv68tT+jb3vk/RyaKWP0PTKyWtmLSM0b+adUTEvbs1PEaH2w=="
    },
    "node_modules/rhea": {
      "version": "3.0.2",
      "resolved": "https://registry.npmjs.org/rhea/-/rhea-3.0.2.tgz",
      "integrity": "sha512-0G1ZNM9yWin8VLvTxyISKH6KfR6gl1TW/1+5yMKPf2r1efhkzTLze09iFtT2vpDjuWIVtSmXz8r18lk/dO8qwQ==",
      "dependencies": {
        "debug": "^4.3.3"
      }
    }
  }
}
