{
	"name": "@mashroom/mashroom-portal-admin-app",
	"version": "2.0.1",
	"lockfileVersion": 2,
	"requires": true,
	"packages": {
		"": {
			"name": "@mashroom/mashroom-portal-admin-app",
			"version": "2.0.1",
			"license": "MIT",
			"devDependencies": {
				"@types/latinize": "^0.2.15",
				"@types/react": "^17.0.38",
				"@types/react-dom": "^17.0.11",
				"@types/react-redux": "^7.1.21",
				"formik": "^2.2.9",
				"latinize": "^0.5.0",
				"nanoid": "^3.1.32",
				"react": "^17.0.2",
				"react-dom": "^17.0.2",
				"react-intl": "^5.24.2",
				"react-redux": "7.2.6",
				"redux": "^4.1.2",
				"shallow-equal": "^1.2.1",
				"tslib": "^2.3.1"
			}
		},
		"node_modules/@babel/runtime": {
			"version": "7.16.7",
			"resolved": "https://registry.npmjs.org/@babel/runtime/-/runtime-7.16.7.tgz",
			"integrity": "sha512-9E9FJowqAsytyOY6LG+1KuueckRL+aQW+mKvXRXnuFGyRAyepJPmEo9vgMfXUA6O9u3IeEdv9MAkppFcaQwogQ==",
			"dev": true,
			"dependencies": {
				"regenerator-runtime": "^0.13.4"
			},
			"engines": {
				"node": ">=6.9.0"
			}
		},
		"node_modules/@formatjs/ecma402-abstract": {
			"version": "1.11.1",
			"resolved": "https://registry.npmjs.org/@formatjs/ecma402-abstract/-/ecma402-abstract-1.11.1.tgz",
			"integrity": "sha512-tgtNODZUGuUI6PAcnvaLZpGrZLVkXnnAvgzOiueYMzFdOdcOw4iH1WKhCe3+r6VR8rHKToJ2HksUGNCB+zt/bg==",
			"dev": true,
			"dependencies": {
				"@formatjs/intl-localematcher": "0.2.22",
				"tslib": "^2.1.0"
			}
		},
		"node_modules/@formatjs/fast-memoize": {
			"version": "1.2.1",
			"resolved": "https://registry.npmjs.org/@formatjs/fast-memoize/-/fast-memoize-1.2.1.tgz",
			"integrity": "sha512-Rg0e76nomkz3vF9IPlKeV+Qynok0r7YZjL6syLz4/urSg0IbjPZCB/iYUMNsYA643gh4mgrX3T7KEIFIxJBQeg==",
			"dev": true,
			"dependencies": {
				"tslib": "^2.1.0"
			}
		},
		"node_modules/@formatjs/icu-messageformat-parser": {
			"version": "2.0.16",
			"resolved": "https://registry.npmjs.org/@formatjs/icu-messageformat-parser/-/icu-messageformat-parser-2.0.16.tgz",
			"integrity": "sha512-sYg0ImXsAqBbjU/LotoCD9yKC5nUpWVy3s4DwWerHXD4sm62FcjMF8mekwudRk3eZLHqSO+M21MpFUUjDQ+Q5Q==",
			"dev": true,
			"dependencies": {
				"@formatjs/ecma402-abstract": "1.11.1",
				"@formatjs/icu-skeleton-parser": "1.3.3",
				"tslib": "^2.1.0"
			}
		},
		"node_modules/@formatjs/icu-skeleton-parser": {
			"version": "1.3.3",
			"resolved": "https://registry.npmjs.org/@formatjs/icu-skeleton-parser/-/icu-skeleton-parser-1.3.3.tgz",
			"integrity": "sha512-ifWnzjmHPHUF89UpCvClTP66sXYFc8W/qg7Qt+qtTUB9BqRWlFeUsevAzaMYDJsRiOy4S2WJFrJoZgRKUFfPGQ==",
			"dev": true,
			"dependencies": {
				"@formatjs/ecma402-abstract": "1.11.1",
				"tslib": "^2.1.0"
			}
		},
		"node_modules/@formatjs/intl": {
			"version": "1.18.2",
			"resolved": "https://registry.npmjs.org/@formatjs/intl/-/intl-1.18.2.tgz",
			"integrity": "sha512-n84m7x5GGOK8jYRu6/t0iy3FO/fmpOK0qkrL4XbEe6ve0Vz59JwH9XQrQpYRPhhvAD4NYAUNcsxZ5q5AKWSkNg==",
			"dev": true,
			"dependencies": {
				"@formatjs/ecma402-abstract": "1.11.1",
				"@formatjs/fast-memoize": "1.2.1",
				"@formatjs/icu-messageformat-parser": "2.0.16",
				"@formatjs/intl-displaynames": "5.4.0",
				"@formatjs/intl-listformat": "6.5.0",
				"intl-messageformat": "9.11.1",
				"tslib": "^2.1.0"
			},
			"peerDependencies": {
				"typescript": "^4.5"
			},
			"peerDependenciesMeta": {
				"typescript": {
					"optional": true
				}
			}
		},
		"node_modules/@formatjs/intl-displaynames": {
			"version": "5.4.0",
			"resolved": "https://registry.npmjs.org/@formatjs/intl-displaynames/-/intl-displaynames-5.4.0.tgz",
			"integrity": "sha512-zWmTkq9eGOeJCmw22KPXW6rlnx3Z3CIV+rc/jh9ytEfm1Ps/OgOITe4h6ZTDrQC+nXVACvLO1Kpes4jMWcjWuQ==",
			"dev": true,
			"dependencies": {
				"@formatjs/ecma402-abstract": "1.11.1",
				"@formatjs/intl-localematcher": "0.2.22",
				"tslib": "^2.1.0"
			}
		},
		"node_modules/@formatjs/intl-listformat": {
			"version": "6.5.0",
			"resolved": "https://registry.npmjs.org/@formatjs/intl-listformat/-/intl-listformat-6.5.0.tgz",
			"integrity": "sha512-gVyAV5QWWtq84MK4cAyJITW+Wb74c2+FT+wa8jhSPxXUky9B5z/k/Ff7or4Vb3KV0YYZuVBQ/vMIoD8Gr182ww==",
			"dev": true,
			"dependencies": {
				"@formatjs/ecma402-abstract": "1.11.1",
				"@formatjs/intl-localematcher": "0.2.22",
				"tslib": "^2.1.0"
			}
		},
		"node_modules/@formatjs/intl-localematcher": {
			"version": "0.2.22",
			"resolved": "https://registry.npmjs.org/@formatjs/intl-localematcher/-/intl-localematcher-0.2.22.tgz",
			"integrity": "sha512-z+TvbHW8Q/g2l7/PnfUl0mV9gWxV4d0HT6GQyzkO5QI6QjCvCZGiztnmLX7zoyS16uSMvZ2PoMDfSK9xvZkRRA==",
			"dev": true,
			"dependencies": {
				"tslib": "^2.1.0"
			}
		},
		"node_modules/@types/hoist-non-react-statics": {
			"version": "3.3.1",
			"resolved": "https://registry.npmjs.org/@types/hoist-non-react-statics/-/hoist-non-react-statics-3.3.1.tgz",
			"integrity": "sha512-iMIqiko6ooLrTh1joXodJK5X9xeEALT1kM5G3ZLhD3hszxBdIEd5C75U834D9mLcINgD4OyZf5uQXjkuYydWvA==",
			"dev": true,
			"dependencies": {
				"@types/react": "*",
				"hoist-non-react-statics": "^3.3.0"
			}
		},
		"node_modules/@types/latinize": {
			"version": "0.2.15",
			"resolved": "https://registry.npmjs.org/@types/latinize/-/latinize-0.2.15.tgz",
			"integrity": "sha1-oXGOU8XWo3pVTL5CCeSrFa3Jdfk=",
			"dev": true
		},
		"node_modules/@types/prop-types": {
			"version": "15.7.4",
			"resolved": "https://registry.npmjs.org/@types/prop-types/-/prop-types-15.7.4.tgz",
			"integrity": "sha512-rZ5drC/jWjrArrS8BR6SIr4cWpW09RNTYt9AMZo3Jwwif+iacXAqgVjm0B0Bv/S1jhDXKHqRVNCbACkJ89RAnQ==",
			"dev": true
		},
		"node_modules/@types/react": {
			"version": "17.0.38",
			"resolved": "https://registry.npmjs.org/@types/react/-/react-17.0.38.tgz",
			"integrity": "sha512-SI92X1IA+FMnP3qM5m4QReluXzhcmovhZnLNm3pyeQlooi02qI7sLiepEYqT678uNiyc25XfCqxREFpy3W7YhQ==",
			"dev": true,
			"dependencies": {
				"@types/prop-types": "*",
				"@types/scheduler": "*",
				"csstype": "^3.0.2"
			}
		},
		"node_modules/@types/react-dom": {
			"version": "17.0.11",
			"resolved": "https://registry.npmjs.org/@types/react-dom/-/react-dom-17.0.11.tgz",
			"integrity": "sha512-f96K3k+24RaLGVu/Y2Ng3e1EbZ8/cVJvypZWd7cy0ofCBaf2lcM46xNhycMZ2xGwbBjRql7hOlZ+e2WlJ5MH3Q==",
			"dev": true,
			"dependencies": {
				"@types/react": "*"
			}
		},
		"node_modules/@types/react-redux": {
			"version": "7.1.21",
			"resolved": "https://registry.npmjs.org/@types/react-redux/-/react-redux-7.1.21.tgz",
			"integrity": "sha512-bLdglUiBSQNzWVVbmNPKGYYjrzp3/YDPwfOH3nLEz99I4awLlaRAPWjo6bZ2POpxztFWtDDXIPxBLVykXqBt+w==",
			"dev": true,
			"dependencies": {
				"@types/hoist-non-react-statics": "^3.3.0",
				"@types/react": "*",
				"hoist-non-react-statics": "^3.3.0",
				"redux": "^4.0.0"
			}
		},
		"node_modules/@types/scheduler": {
			"version": "0.16.2",
			"resolved": "https://registry.npmjs.org/@types/scheduler/-/scheduler-0.16.2.tgz",
			"integrity": "sha512-hppQEBDmlwhFAXKJX2KnWLYu5yMfi91yazPb2l+lbJiwW+wdo1gNeRA+3RgNSO39WYX2euey41KEwnqesU2Jew==",
			"dev": true
		},
		"node_modules/csstype": {
			"version": "3.0.10",
			"resolved": "https://registry.npmjs.org/csstype/-/csstype-3.0.10.tgz",
			"integrity": "sha512-2u44ZG2OcNUO9HDp/Jl8C07x6pU/eTR3ncV91SiK3dhG9TWvRVsCoJw14Ckx5DgWkzGA3waZWO3d7pgqpUI/XA==",
			"dev": true
		},
		"node_modules/deepmerge": {
			"version": "2.2.1",
			"resolved": "https://registry.npmjs.org/deepmerge/-/deepmerge-2.2.1.tgz",
			"integrity": "sha512-R9hc1Xa/NOBi9WRVUWg19rl1UB7Tt4kuPd+thNJgFZoxXsTz7ncaPaeIm+40oSGuP33DfMb4sZt1QIGiJzC4EA==",
			"dev": true,
			"engines": {
				"node": ">=0.10.0"
			}
		},
		"node_modules/formik": {
			"version": "2.2.9",
			"resolved": "https://registry.npmjs.org/formik/-/formik-2.2.9.tgz",
			"integrity": "sha512-LQLcISMmf1r5at4/gyJigGn0gOwFbeEAlji+N9InZF6LIMXnFNkO42sCI8Jt84YZggpD4cPWObAZaxpEFtSzNA==",
			"dev": true,
			"funding": [
				{
					"type": "individual",
					"url": "https://opencollective.com/formik"
				}
			],
			"dependencies": {
				"deepmerge": "^2.1.1",
				"hoist-non-react-statics": "^3.3.0",
				"lodash": "^4.17.21",
				"lodash-es": "^4.17.21",
				"react-fast-compare": "^2.0.1",
				"tiny-warning": "^1.0.2",
				"tslib": "^1.10.0"
			},
			"peerDependencies": {
				"react": ">=16.8.0"
			}
		},
		"node_modules/formik/node_modules/tslib": {
			"version": "1.14.1",
			"resolved": "https://registry.npmjs.org/tslib/-/tslib-1.14.1.tgz",
			"integrity": "sha512-Xni35NKzjgMrwevysHTCArtLDpPvye8zV/0E4EyYn43P7/7qvQwPh9BGkHewbMulVntbigmcT7rdX3BNo9wRJg==",
			"dev": true
		},
		"node_modules/hoist-non-react-statics": {
			"version": "3.3.2",
			"resolved": "https://registry.npmjs.org/hoist-non-react-statics/-/hoist-non-react-statics-3.3.2.tgz",
			"integrity": "sha512-/gGivxi8JPKWNm/W0jSmzcMPpfpPLc3dY/6GxhX2hQ9iGj3aDfklV4ET7NjKpSinLpJ5vafa9iiGIEZg10SfBw==",
			"dev": true,
			"dependencies": {
				"react-is": "^16.7.0"
			}
		},
		"node_modules/intl-messageformat": {
			"version": "9.11.1",
			"resolved": "https://registry.npmjs.org/intl-messageformat/-/intl-messageformat-9.11.1.tgz",
			"integrity": "sha512-kT0i8AIa1Aez8jGn1i9Xva/sdbjOPY15abR82qnU4jnESjxtynHLW1CBh9ehs13sPA8cE/4A2d6LEne91oDp4w==",
			"dev": true,
			"dependencies": {
				"@formatjs/ecma402-abstract": "1.11.1",
				"@formatjs/fast-memoize": "1.2.1",
				"@formatjs/icu-messageformat-parser": "2.0.16",
				"tslib": "^2.1.0"
			}
		},
		"node_modules/js-tokens": {
			"version": "4.0.0",
			"resolved": "https://registry.npmjs.org/js-tokens/-/js-tokens-4.0.0.tgz",
			"integrity": "sha512-RdJUflcE3cUzKiMqQgsCu06FPu9UdIJO0beYbPhHN4k6apgJtifcoCtT9bcxOpYBtpD2kCM6Sbzg4CausW/PKQ==",
			"dev": true
		},
		"node_modules/latinize": {
			"version": "0.5.0",
			"resolved": "https://registry.npmjs.org/latinize/-/latinize-0.5.0.tgz",
			"integrity": "sha512-SHzxgdcFP/64lUEfX3183QALY2KdSQxad3gmhCc/b03QN1mbx0AnJWvsQjqoJLbucY9pJuK+NMbnasUIocDmnQ==",
			"dev": true
		},
		"node_modules/lodash": {
			"version": "4.17.21",
			"resolved": "https://registry.npmjs.org/lodash/-/lodash-4.17.21.tgz",
			"integrity": "sha512-v2kDEe57lecTulaDIuNTPy3Ry4gLGJ6Z1O3vE1krgXZNrsQ+LFTGHVxVjcXPs17LhbZVGedAJv8XZ1tvj5FvSg==",
			"dev": true
		},
		"node_modules/lodash-es": {
			"version": "4.17.21",
			"resolved": "https://registry.npmjs.org/lodash-es/-/lodash-es-4.17.21.tgz",
			"integrity": "sha512-mKnC+QJ9pWVzv+C4/U3rRsHapFfHvQFoFB92e52xeyGMcX6/OlIl78je1u8vePzYZSkkogMPJ2yjxxsb89cxyw==",
			"dev": true
		},
		"node_modules/loose-envify": {
			"version": "1.4.0",
			"resolved": "https://registry.npmjs.org/loose-envify/-/loose-envify-1.4.0.tgz",
			"integrity": "sha512-lyuxPGr/Wfhrlem2CL/UcnUc1zcqKAImBDzukY7Y5F/yQiNdko6+fRLevlw1HgMySw7f611UIY408EtxRSoK3Q==",
			"dev": true,
			"dependencies": {
				"js-tokens": "^3.0.0 || ^4.0.0"
			},
			"bin": {
				"loose-envify": "cli.js"
			}
		},
		"node_modules/nanoid": {
			"version": "3.3.1",
			"resolved": "https://registry.npmjs.org/nanoid/-/nanoid-3.3.1.tgz",
			"integrity": "sha512-n6Vs/3KGyxPQd6uO0eH4Bv0ojGSUvuLlIHtC3Y0kEO23YRge8H9x1GCzLn28YX0H66pMkxuaeESFq4tKISKwdw==",
			"dev": true,
			"bin": {
				"nanoid": "bin/nanoid.cjs"
			},
			"engines": {
				"node": "^10 || ^12 || ^13.7 || ^14 || >=15.0.1"
			}
		},
		"node_modules/object-assign": {
			"version": "4.1.1",
			"resolved": "https://registry.npmjs.org/object-assign/-/object-assign-4.1.1.tgz",
			"integrity": "sha1-IQmtx5ZYh8/AXLvUQsrIv7s2CGM=",
			"dev": true,
			"engines": {
				"node": ">=0.10.0"
			}
		},
		"node_modules/prop-types": {
			"version": "15.8.1",
			"resolved": "https://registry.npmjs.org/prop-types/-/prop-types-15.8.1.tgz",
			"integrity": "sha512-oj87CgZICdulUohogVAR7AjlC0327U4el4L6eAvOqCeudMDVU0NThNaV+b9Df4dXgSP1gXMTnPdhfe/2qDH5cg==",
			"dev": true,
			"dependencies": {
				"loose-envify": "^1.4.0",
				"object-assign": "^4.1.1",
				"react-is": "^16.13.1"
			}
		},
		"node_modules/react": {
			"version": "17.0.2",
			"resolved": "https://registry.npmjs.org/react/-/react-17.0.2.tgz",
			"integrity": "sha512-gnhPt75i/dq/z3/6q/0asP78D0u592D5L1pd7M8P+dck6Fu/jJeL6iVVK23fptSUZj8Vjf++7wXA8UNclGQcbA==",
			"dev": true,
			"dependencies": {
				"loose-envify": "^1.1.0",
				"object-assign": "^4.1.1"
			},
			"engines": {
				"node": ">=0.10.0"
			}
		},
		"node_modules/react-dom": {
			"version": "17.0.2",
			"resolved": "https://registry.npmjs.org/react-dom/-/react-dom-17.0.2.tgz",
			"integrity": "sha512-s4h96KtLDUQlsENhMn1ar8t2bEa+q/YAtj8pPPdIjPDGBDIVNsrD9aXNWqspUe6AzKCIG0C1HZZLqLV7qpOBGA==",
			"dev": true,
			"dependencies": {
				"loose-envify": "^1.1.0",
				"object-assign": "^4.1.1",
				"scheduler": "^0.20.2"
			},
			"peerDependencies": {
				"react": "17.0.2"
			}
		},
		"node_modules/react-fast-compare": {
			"version": "2.0.4",
			"resolved": "https://registry.npmjs.org/react-fast-compare/-/react-fast-compare-2.0.4.tgz",
			"integrity": "sha512-suNP+J1VU1MWFKcyt7RtjiSWUjvidmQSlqu+eHslq+342xCbGTYmC0mEhPCOHxlW0CywylOC1u2DFAT+bv4dBw==",
			"dev": true
		},
		"node_modules/react-intl": {
			"version": "5.24.2",
			"resolved": "https://registry.npmjs.org/react-intl/-/react-intl-5.24.2.tgz",
			"integrity": "sha512-nYdqH+CWNV187/GPrjC1/SJdadz9zi7d5Gsz6c899K+sWGLFH4v9+cnEWUp5PuEcGr6DxtNA+EepWRpYp8FeUg==",
			"dev": true,
			"dependencies": {
				"@formatjs/ecma402-abstract": "1.11.1",
				"@formatjs/icu-messageformat-parser": "2.0.16",
				"@formatjs/intl": "1.18.2",
				"@formatjs/intl-displaynames": "5.4.0",
				"@formatjs/intl-listformat": "6.5.0",
				"@types/hoist-non-react-statics": "^3.3.1",
				"@types/react": "16 || 17",
				"hoist-non-react-statics": "^3.3.2",
				"intl-messageformat": "9.11.1",
				"tslib": "^2.1.0"
			},
			"peerDependencies": {
				"react": "^16.3.0 || 17",
				"typescript": "^4.5"
			},
			"peerDependenciesMeta": {
				"typescript": {
					"optional": true
				}
			}
		},
		"node_modules/react-is": {
			"version": "16.13.1",
			"resolved": "https://registry.npmjs.org/react-is/-/react-is-16.13.1.tgz",
			"integrity": "sha512-24e6ynE2H+OKt4kqsOvNd8kBpV65zoxbA4BVsEOB3ARVWQki/DHzaUoC5KuON/BiccDaCCTZBuOcfZs70kR8bQ==",
			"dev": true
		},
		"node_modules/react-redux": {
			"version": "7.2.6",
			"resolved": "https://registry.npmjs.org/react-redux/-/react-redux-7.2.6.tgz",
			"integrity": "sha512-10RPdsz0UUrRL1NZE0ejTkucnclYSgXp5q+tB5SWx2qeG2ZJQJyymgAhwKy73yiL/13btfB6fPr+rgbMAaZIAQ==",
			"dev": true,
			"dependencies": {
				"@babel/runtime": "^7.15.4",
				"@types/react-redux": "^7.1.20",
				"hoist-non-react-statics": "^3.3.2",
				"loose-envify": "^1.4.0",
				"prop-types": "^15.7.2",
				"react-is": "^17.0.2"
			},
			"peerDependencies": {
				"react": "^16.8.3 || ^17"
			},
			"peerDependenciesMeta": {
				"react-dom": {
					"optional": true
				},
				"react-native": {
					"optional": true
				}
			}
		},
		"node_modules/react-redux/node_modules/react-is": {
			"version": "17.0.2",
			"resolved": "https://registry.npmjs.org/react-is/-/react-is-17.0.2.tgz",
			"integrity": "sha512-w2GsyukL62IJnlaff/nRegPQR94C/XXamvMWmSHRJ4y7Ts/4ocGRmTHvOs8PSE6pB3dWOrD/nueuU5sduBsQ4w==",
			"dev": true
		},
		"node_modules/redux": {
			"version": "4.1.2",
			"resolved": "https://registry.npmjs.org/redux/-/redux-4.1.2.tgz",
			"integrity": "sha512-SH8PglcebESbd/shgf6mii6EIoRM0zrQyjcuQ+ojmfxjTtE0z9Y8pa62iA/OJ58qjP6j27uyW4kUF4jl/jd6sw==",
			"dev": true,
			"dependencies": {
				"@babel/runtime": "^7.9.2"
			}
		},
		"node_modules/regenerator-runtime": {
			"version": "0.13.9",
			"resolved": "https://registry.npmjs.org/regenerator-runtime/-/regenerator-runtime-0.13.9.tgz",
			"integrity": "sha512-p3VT+cOEgxFsRRA9X4lkI1E+k2/CtnKtU4gcxyaCUreilL/vqI6CdZ3wxVUx3UOUg+gnUOQQcRI7BmSI656MYA==",
			"dev": true
		},
		"node_modules/scheduler": {
			"version": "0.20.2",
			"resolved": "https://registry.npmjs.org/scheduler/-/scheduler-0.20.2.tgz",
			"integrity": "sha512-2eWfGgAqqWFGqtdMmcL5zCMK1U8KlXv8SQFGglL3CEtd0aDVDWgeF/YoCmvln55m5zSk3J/20hTaSBeSObsQDQ==",
			"dev": true,
			"dependencies": {
				"loose-envify": "^1.1.0",
				"object-assign": "^4.1.1"
			}
		},
		"node_modules/shallow-equal": {
			"version": "1.2.1",
			"resolved": "https://registry.npmjs.org/shallow-equal/-/shallow-equal-1.2.1.tgz",
			"integrity": "sha512-S4vJDjHHMBaiZuT9NPb616CSmLf618jawtv3sufLl6ivK8WocjAo58cXwbRV1cgqxH0Qbv+iUt6m05eqEa2IRA==",
			"dev": true
		},
		"node_modules/tiny-warning": {
			"version": "1.0.3",
			"resolved": "https://registry.npmjs.org/tiny-warning/-/tiny-warning-1.0.3.tgz",
			"integrity": "sha512-lBN9zLN/oAf68o3zNXYrdCt1kP8WsiGW8Oo2ka41b2IM5JL/S1CTyX1rW0mb/zSuJun0ZUrDxx4sqvYS2FWzPA==",
			"dev": true
		},
		"node_modules/tslib": {
			"version": "2.3.1",
			"resolved": "https://registry.npmjs.org/tslib/-/tslib-2.3.1.tgz",
			"integrity": "sha512-77EbyPPpMz+FRFRuAFlWMtmgUWGe9UOG2Z25NqCwiIjRhOf5iKGuzSe5P2w1laq+FkRy4p+PCuVkJSGkzTEKVw==",
			"dev": true
		}
	},
	"dependencies": {
		"@babel/runtime": {
			"version": "7.16.7",
			"resolved": "https://registry.npmjs.org/@babel/runtime/-/runtime-7.16.7.tgz",
			"integrity": "sha512-9E9FJowqAsytyOY6LG+1KuueckRL+aQW+mKvXRXnuFGyRAyepJPmEo9vgMfXUA6O9u3IeEdv9MAkppFcaQwogQ==",
			"dev": true,
			"requires": {
				"regenerator-runtime": "^0.13.4"
			}
		},
		"@formatjs/ecma402-abstract": {
			"version": "1.11.1",
			"resolved": "https://registry.npmjs.org/@formatjs/ecma402-abstract/-/ecma402-abstract-1.11.1.tgz",
			"integrity": "sha512-tgtNODZUGuUI6PAcnvaLZpGrZLVkXnnAvgzOiueYMzFdOdcOw4iH1WKhCe3+r6VR8rHKToJ2HksUGNCB+zt/bg==",
			"dev": true,
			"requires": {
				"@formatjs/intl-localematcher": "0.2.22",
				"tslib": "^2.1.0"
			}
		},
		"@formatjs/fast-memoize": {
			"version": "1.2.1",
			"resolved": "https://registry.npmjs.org/@formatjs/fast-memoize/-/fast-memoize-1.2.1.tgz",
			"integrity": "sha512-Rg0e76nomkz3vF9IPlKeV+Qynok0r7YZjL6syLz4/urSg0IbjPZCB/iYUMNsYA643gh4mgrX3T7KEIFIxJBQeg==",
			"dev": true,
			"requires": {
				"tslib": "^2.1.0"
			}
		},
		"@formatjs/icu-messageformat-parser": {
			"version": "2.0.16",
			"resolved": "https://registry.npmjs.org/@formatjs/icu-messageformat-parser/-/icu-messageformat-parser-2.0.16.tgz",
			"integrity": "sha512-sYg0ImXsAqBbjU/LotoCD9yKC5nUpWVy3s4DwWerHXD4sm62FcjMF8mekwudRk3eZLHqSO+M21MpFUUjDQ+Q5Q==",
			"dev": true,
			"requires": {
				"@formatjs/ecma402-abstract": "1.11.1",
				"@formatjs/icu-skeleton-parser": "1.3.3",
				"tslib": "^2.1.0"
			}
		},
		"@formatjs/icu-skeleton-parser": {
			"version": "1.3.3",
			"resolved": "https://registry.npmjs.org/@formatjs/icu-skeleton-parser/-/icu-skeleton-parser-1.3.3.tgz",
			"integrity": "sha512-ifWnzjmHPHUF89UpCvClTP66sXYFc8W/qg7Qt+qtTUB9BqRWlFeUsevAzaMYDJsRiOy4S2WJFrJoZgRKUFfPGQ==",
			"dev": true,
			"requires": {
				"@formatjs/ecma402-abstract": "1.11.1",
				"tslib": "^2.1.0"
			}
		},
		"@formatjs/intl": {
			"version": "1.18.2",
			"resolved": "https://registry.npmjs.org/@formatjs/intl/-/intl-1.18.2.tgz",
			"integrity": "sha512-n84m7x5GGOK8jYRu6/t0iy3FO/fmpOK0qkrL4XbEe6ve0Vz59JwH9XQrQpYRPhhvAD4NYAUNcsxZ5q5AKWSkNg==",
			"dev": true,
			"requires": {
				"@formatjs/ecma402-abstract": "1.11.1",
				"@formatjs/fast-memoize": "1.2.1",
				"@formatjs/icu-messageformat-parser": "2.0.16",
				"@formatjs/intl-displaynames": "5.4.0",
				"@formatjs/intl-listformat": "6.5.0",
				"intl-messageformat": "9.11.1",
				"tslib": "^2.1.0"
			}
		},
		"@formatjs/intl-displaynames": {
			"version": "5.4.0",
			"resolved": "https://registry.npmjs.org/@formatjs/intl-displaynames/-/intl-displaynames-5.4.0.tgz",
			"integrity": "sha512-zWmTkq9eGOeJCmw22KPXW6rlnx3Z3CIV+rc/jh9ytEfm1Ps/OgOITe4h6ZTDrQC+nXVACvLO1Kpes4jMWcjWuQ==",
			"dev": true,
			"requires": {
				"@formatjs/ecma402-abstract": "1.11.1",
				"@formatjs/intl-localematcher": "0.2.22",
				"tslib": "^2.1.0"
			}
		},
		"@formatjs/intl-listformat": {
			"version": "6.5.0",
			"resolved": "https://registry.npmjs.org/@formatjs/intl-listformat/-/intl-listformat-6.5.0.tgz",
			"integrity": "sha512-gVyAV5QWWtq84MK4cAyJITW+Wb74c2+FT+wa8jhSPxXUky9B5z/k/Ff7or4Vb3KV0YYZuVBQ/vMIoD8Gr182ww==",
			"dev": true,
			"requires": {
				"@formatjs/ecma402-abstract": "1.11.1",
				"@formatjs/intl-localematcher": "0.2.22",
				"tslib": "^2.1.0"
			}
		},
		"@formatjs/intl-localematcher": {
			"version": "0.2.22",
			"resolved": "https://registry.npmjs.org/@formatjs/intl-localematcher/-/intl-localematcher-0.2.22.tgz",
			"integrity": "sha512-z+TvbHW8Q/g2l7/PnfUl0mV9gWxV4d0HT6GQyzkO5QI6QjCvCZGiztnmLX7zoyS16uSMvZ2PoMDfSK9xvZkRRA==",
			"dev": true,
			"requires": {
				"tslib": "^2.1.0"
			}
		},
		"@types/hoist-non-react-statics": {
			"version": "3.3.1",
			"resolved": "https://registry.npmjs.org/@types/hoist-non-react-statics/-/hoist-non-react-statics-3.3.1.tgz",
			"integrity": "sha512-iMIqiko6ooLrTh1joXodJK5X9xeEALT1kM5G3ZLhD3hszxBdIEd5C75U834D9mLcINgD4OyZf5uQXjkuYydWvA==",
			"dev": true,
			"requires": {
				"@types/react": "*",
				"hoist-non-react-statics": "^3.3.0"
			}
		},
		"@types/latinize": {
			"version": "0.2.15",
			"resolved": "https://registry.npmjs.org/@types/latinize/-/latinize-0.2.15.tgz",
			"integrity": "sha1-oXGOU8XWo3pVTL5CCeSrFa3Jdfk=",
			"dev": true
		},
		"@types/prop-types": {
			"version": "15.7.4",
			"resolved": "https://registry.npmjs.org/@types/prop-types/-/prop-types-15.7.4.tgz",
			"integrity": "sha512-rZ5drC/jWjrArrS8BR6SIr4cWpW09RNTYt9AMZo3Jwwif+iacXAqgVjm0B0Bv/S1jhDXKHqRVNCbACkJ89RAnQ==",
			"dev": true
		},
		"@types/react": {
			"version": "17.0.38",
			"resolved": "https://registry.npmjs.org/@types/react/-/react-17.0.38.tgz",
			"integrity": "sha512-SI92X1IA+FMnP3qM5m4QReluXzhcmovhZnLNm3pyeQlooi02qI7sLiepEYqT678uNiyc25XfCqxREFpy3W7YhQ==",
			"dev": true,
			"requires": {
				"@types/prop-types": "*",
				"@types/scheduler": "*",
				"csstype": "^3.0.2"
			}
		},
		"@types/react-dom": {
			"version": "17.0.11",
			"resolved": "https://registry.npmjs.org/@types/react-dom/-/react-dom-17.0.11.tgz",
			"integrity": "sha512-f96K3k+24RaLGVu/Y2Ng3e1EbZ8/cVJvypZWd7cy0ofCBaf2lcM46xNhycMZ2xGwbBjRql7hOlZ+e2WlJ5MH3Q==",
			"dev": true,
			"requires": {
				"@types/react": "*"
			}
		},
		"@types/react-redux": {
			"version": "7.1.21",
			"resolved": "https://registry.npmjs.org/@types/react-redux/-/react-redux-7.1.21.tgz",
			"integrity": "sha512-bLdglUiBSQNzWVVbmNPKGYYjrzp3/YDPwfOH3nLEz99I4awLlaRAPWjo6bZ2POpxztFWtDDXIPxBLVykXqBt+w==",
			"dev": true,
			"requires": {
				"@types/hoist-non-react-statics": "^3.3.0",
				"@types/react": "*",
				"hoist-non-react-statics": "^3.3.0",
				"redux": "^4.0.0"
			}
		},
		"@types/scheduler": {
			"version": "0.16.2",
			"resolved": "https://registry.npmjs.org/@types/scheduler/-/scheduler-0.16.2.tgz",
			"integrity": "sha512-hppQEBDmlwhFAXKJX2KnWLYu5yMfi91yazPb2l+lbJiwW+wdo1gNeRA+3RgNSO39WYX2euey41KEwnqesU2Jew==",
			"dev": true
		},
		"csstype": {
			"version": "3.0.10",
			"resolved": "https://registry.npmjs.org/csstype/-/csstype-3.0.10.tgz",
			"integrity": "sha512-2u44ZG2OcNUO9HDp/Jl8C07x6pU/eTR3ncV91SiK3dhG9TWvRVsCoJw14Ckx5DgWkzGA3waZWO3d7pgqpUI/XA==",
			"dev": true
		},
		"deepmerge": {
			"version": "2.2.1",
			"resolved": "https://registry.npmjs.org/deepmerge/-/deepmerge-2.2.1.tgz",
			"integrity": "sha512-R9hc1Xa/NOBi9WRVUWg19rl1UB7Tt4kuPd+thNJgFZoxXsTz7ncaPaeIm+40oSGuP33DfMb4sZt1QIGiJzC4EA==",
			"dev": true
		},
		"formik": {
			"version": "2.2.9",
			"resolved": "https://registry.npmjs.org/formik/-/formik-2.2.9.tgz",
			"integrity": "sha512-LQLcISMmf1r5at4/gyJigGn0gOwFbeEAlji+N9InZF6LIMXnFNkO42sCI8Jt84YZggpD4cPWObAZaxpEFtSzNA==",
			"dev": true,
			"requires": {
				"deepmerge": "^2.1.1",
				"hoist-non-react-statics": "^3.3.0",
				"lodash": "^4.17.21",
				"lodash-es": "^4.17.21",
				"react-fast-compare": "^2.0.1",
				"tiny-warning": "^1.0.2",
				"tslib": "^1.10.0"
			},
			"dependencies": {
				"tslib": {
					"version": "1.14.1",
					"resolved": "https://registry.npmjs.org/tslib/-/tslib-1.14.1.tgz",
					"integrity": "sha512-Xni35NKzjgMrwevysHTCArtLDpPvye8zV/0E4EyYn43P7/7qvQwPh9BGkHewbMulVntbigmcT7rdX3BNo9wRJg==",
					"dev": true
				}
			}
		},
		"hoist-non-react-statics": {
			"version": "3.3.2",
			"resolved": "https://registry.npmjs.org/hoist-non-react-statics/-/hoist-non-react-statics-3.3.2.tgz",
			"integrity": "sha512-/gGivxi8JPKWNm/W0jSmzcMPpfpPLc3dY/6GxhX2hQ9iGj3aDfklV4ET7NjKpSinLpJ5vafa9iiGIEZg10SfBw==",
			"dev": true,
			"requires": {
				"react-is": "^16.7.0"
			}
		},
		"intl-messageformat": {
			"version": "9.11.1",
			"resolved": "https://registry.npmjs.org/intl-messageformat/-/intl-messageformat-9.11.1.tgz",
			"integrity": "sha512-kT0i8AIa1Aez8jGn1i9Xva/sdbjOPY15abR82qnU4jnESjxtynHLW1CBh9ehs13sPA8cE/4A2d6LEne91oDp4w==",
			"dev": true,
			"requires": {
				"@formatjs/ecma402-abstract": "1.11.1",
				"@formatjs/fast-memoize": "1.2.1",
				"@formatjs/icu-messageformat-parser": "2.0.16",
				"tslib": "^2.1.0"
			}
		},
		"js-tokens": {
			"version": "4.0.0",
			"resolved": "https://registry.npmjs.org/js-tokens/-/js-tokens-4.0.0.tgz",
			"integrity": "sha512-RdJUflcE3cUzKiMqQgsCu06FPu9UdIJO0beYbPhHN4k6apgJtifcoCtT9bcxOpYBtpD2kCM6Sbzg4CausW/PKQ==",
			"dev": true
		},
		"latinize": {
			"version": "0.5.0",
			"resolved": "https://registry.npmjs.org/latinize/-/latinize-0.5.0.tgz",
			"integrity": "sha512-SHzxgdcFP/64lUEfX3183QALY2KdSQxad3gmhCc/b03QN1mbx0AnJWvsQjqoJLbucY9pJuK+NMbnasUIocDmnQ==",
			"dev": true
		},
		"lodash": {
			"version": "4.17.21",
			"resolved": "https://registry.npmjs.org/lodash/-/lodash-4.17.21.tgz",
			"integrity": "sha512-v2kDEe57lecTulaDIuNTPy3Ry4gLGJ6Z1O3vE1krgXZNrsQ+LFTGHVxVjcXPs17LhbZVGedAJv8XZ1tvj5FvSg==",
			"dev": true
		},
		"lodash-es": {
			"version": "4.17.21",
			"resolved": "https://registry.npmjs.org/lodash-es/-/lodash-es-4.17.21.tgz",
			"integrity": "sha512-mKnC+QJ9pWVzv+C4/U3rRsHapFfHvQFoFB92e52xeyGMcX6/OlIl78je1u8vePzYZSkkogMPJ2yjxxsb89cxyw==",
			"dev": true
		},
		"loose-envify": {
			"version": "1.4.0",
			"resolved": "https://registry.npmjs.org/loose-envify/-/loose-envify-1.4.0.tgz",
			"integrity": "sha512-lyuxPGr/Wfhrlem2CL/UcnUc1zcqKAImBDzukY7Y5F/yQiNdko6+fRLevlw1HgMySw7f611UIY408EtxRSoK3Q==",
			"dev": true,
			"requires": {
				"js-tokens": "^3.0.0 || ^4.0.0"
			}
		},
		"nanoid": {
			"version": "3.3.1",
			"resolved": "https://registry.npmjs.org/nanoid/-/nanoid-3.3.1.tgz",
			"integrity": "sha512-n6Vs/3KGyxPQd6uO0eH4Bv0ojGSUvuLlIHtC3Y0kEO23YRge8H9x1GCzLn28YX0H66pMkxuaeESFq4tKISKwdw==",
			"dev": true
		},
		"object-assign": {
			"version": "4.1.1",
			"resolved": "https://registry.npmjs.org/object-assign/-/object-assign-4.1.1.tgz",
			"integrity": "sha1-IQmtx5ZYh8/AXLvUQsrIv7s2CGM=",
			"dev": true
		},
		"prop-types": {
			"version": "15.8.1",
			"resolved": "https://registry.npmjs.org/prop-types/-/prop-types-15.8.1.tgz",
			"integrity": "sha512-oj87CgZICdulUohogVAR7AjlC0327U4el4L6eAvOqCeudMDVU0NThNaV+b9Df4dXgSP1gXMTnPdhfe/2qDH5cg==",
			"dev": true,
			"requires": {
				"loose-envify": "^1.4.0",
				"object-assign": "^4.1.1",
				"react-is": "^16.13.1"
			}
		},
		"react": {
			"version": "17.0.2",
			"resolved": "https://registry.npmjs.org/react/-/react-17.0.2.tgz",
			"integrity": "sha512-gnhPt75i/dq/z3/6q/0asP78D0u592D5L1pd7M8P+dck6Fu/jJeL6iVVK23fptSUZj8Vjf++7wXA8UNclGQcbA==",
			"dev": true,
			"requires": {
				"loose-envify": "^1.1.0",
				"object-assign": "^4.1.1"
			}
		},
		"react-dom": {
			"version": "17.0.2",
			"resolved": "https://registry.npmjs.org/react-dom/-/react-dom-17.0.2.tgz",
			"integrity": "sha512-s4h96KtLDUQlsENhMn1ar8t2bEa+q/YAtj8pPPdIjPDGBDIVNsrD9aXNWqspUe6AzKCIG0C1HZZLqLV7qpOBGA==",
			"dev": true,
			"requires": {
				"loose-envify": "^1.1.0",
				"object-assign": "^4.1.1",
				"scheduler": "^0.20.2"
			}
		},
		"react-fast-compare": {
			"version": "2.0.4",
			"resolved": "https://registry.npmjs.org/react-fast-compare/-/react-fast-compare-2.0.4.tgz",
			"integrity": "sha512-suNP+J1VU1MWFKcyt7RtjiSWUjvidmQSlqu+eHslq+342xCbGTYmC0mEhPCOHxlW0CywylOC1u2DFAT+bv4dBw==",
			"dev": true
		},
		"react-intl": {
			"version": "5.24.2",
			"resolved": "https://registry.npmjs.org/react-intl/-/react-intl-5.24.2.tgz",
			"integrity": "sha512-nYdqH+CWNV187/GPrjC1/SJdadz9zi7d5Gsz6c899K+sWGLFH4v9+cnEWUp5PuEcGr6DxtNA+EepWRpYp8FeUg==",
			"dev": true,
			"requires": {
				"@formatjs/ecma402-abstract": "1.11.1",
				"@formatjs/icu-messageformat-parser": "2.0.16",
				"@formatjs/intl": "1.18.2",
				"@formatjs/intl-displaynames": "5.4.0",
				"@formatjs/intl-listformat": "6.5.0",
				"@types/hoist-non-react-statics": "^3.3.1",
				"@types/react": "16 || 17",
				"hoist-non-react-statics": "^3.3.2",
				"intl-messageformat": "9.11.1",
				"tslib": "^2.1.0"
			}
		},
		"react-is": {
			"version": "16.13.1",
			"resolved": "https://registry.npmjs.org/react-is/-/react-is-16.13.1.tgz",
			"integrity": "sha512-24e6ynE2H+OKt4kqsOvNd8kBpV65zoxbA4BVsEOB3ARVWQki/DHzaUoC5KuON/BiccDaCCTZBuOcfZs70kR8bQ==",
			"dev": true
		},
		"react-redux": {
			"version": "7.2.6",
			"resolved": "https://registry.npmjs.org/react-redux/-/react-redux-7.2.6.tgz",
			"integrity": "sha512-10RPdsz0UUrRL1NZE0ejTkucnclYSgXp5q+tB5SWx2qeG2ZJQJyymgAhwKy73yiL/13btfB6fPr+rgbMAaZIAQ==",
			"dev": true,
			"requires": {
				"@babel/runtime": "^7.15.4",
				"@types/react-redux": "^7.1.20",
				"hoist-non-react-statics": "^3.3.2",
				"loose-envify": "^1.4.0",
				"prop-types": "^15.7.2",
				"react-is": "^17.0.2"
			},
			"dependencies": {
				"react-is": {
					"version": "17.0.2",
					"resolved": "https://registry.npmjs.org/react-is/-/react-is-17.0.2.tgz",
					"integrity": "sha512-w2GsyukL62IJnlaff/nRegPQR94C/XXamvMWmSHRJ4y7Ts/4ocGRmTHvOs8PSE6pB3dWOrD/nueuU5sduBsQ4w==",
					"dev": true
				}
			}
		},
		"redux": {
			"version": "4.1.2",
			"resolved": "https://registry.npmjs.org/redux/-/redux-4.1.2.tgz",
			"integrity": "sha512-SH8PglcebESbd/shgf6mii6EIoRM0zrQyjcuQ+ojmfxjTtE0z9Y8pa62iA/OJ58qjP6j27uyW4kUF4jl/jd6sw==",
			"dev": true,
			"requires": {
				"@babel/runtime": "^7.9.2"
			}
		},
		"regenerator-runtime": {
			"version": "0.13.9",
			"resolved": "https://registry.npmjs.org/regenerator-runtime/-/regenerator-runtime-0.13.9.tgz",
			"integrity": "sha512-p3VT+cOEgxFsRRA9X4lkI1E+k2/CtnKtU4gcxyaCUreilL/vqI6CdZ3wxVUx3UOUg+gnUOQQcRI7BmSI656MYA==",
			"dev": true
		},
		"scheduler": {
			"version": "0.20.2",
			"resolved": "https://registry.npmjs.org/scheduler/-/scheduler-0.20.2.tgz",
			"integrity": "sha512-2eWfGgAqqWFGqtdMmcL5zCMK1U8KlXv8SQFGglL3CEtd0aDVDWgeF/YoCmvln55m5zSk3J/20hTaSBeSObsQDQ==",
			"dev": true,
			"requires": {
				"loose-envify": "^1.1.0",
				"object-assign": "^4.1.1"
			}
		},
		"shallow-equal": {
			"version": "1.2.1",
			"resolved": "https://registry.npmjs.org/shallow-equal/-/shallow-equal-1.2.1.tgz",
			"integrity": "sha512-S4vJDjHHMBaiZuT9NPb616CSmLf618jawtv3sufLl6ivK8WocjAo58cXwbRV1cgqxH0Qbv+iUt6m05eqEa2IRA==",
			"dev": true
		},
		"tiny-warning": {
			"version": "1.0.3",
			"resolved": "https://registry.npmjs.org/tiny-warning/-/tiny-warning-1.0.3.tgz",
			"integrity": "sha512-lBN9zLN/oAf68o3zNXYrdCt1kP8WsiGW8Oo2ka41b2IM5JL/S1CTyX1rW0mb/zSuJun0ZUrDxx4sqvYS2FWzPA==",
			"dev": true
		},
		"tslib": {
			"version": "2.3.1",
			"resolved": "https://registry.npmjs.org/tslib/-/tslib-2.3.1.tgz",
			"integrity": "sha512-77EbyPPpMz+FRFRuAFlWMtmgUWGe9UOG2Z25NqCwiIjRhOf5iKGuzSe5P2w1laq+FkRy4p+PCuVkJSGkzTEKVw==",
			"dev": true
		}
	}
}
