{
  "name": "@mashroom/mashroom-portal-demo-react-app2",
  "version": "2.0.7",
  "lockfileVersion": 2,
  "requires": true,
  "packages": {
    "": {
      "name": "@mashroom/mashroom-portal-demo-react-app2",
      "version": "2.0.7",
      "license": "MIT",
      "dependencies": {
        "markdown-it": "^13.0.1",
        "react": "^18.1.0",
        "react-dom": "^18.1.0",
        "react-mde": "^11.5.0"
      },
      "devDependencies": {
        "@types/markdown-it": "^12.2.3",
        "@types/react": "^18.0.12",
        "@types/react-dom": "^18.0.5"
      }
    },
    "node_modules/argparse": {
      "version": "2.0.1",
      "resolved": "https://registry.npmjs.org/argparse/-/argparse-2.0.1.tgz",
      "integrity": "sha512-8+9WqebbFzpX9OR+Wa6O29asIogeRMzcGtAINdpMHHyAg10f05aSFVBbcEqGf/PXw1EjAZ+q2/bEBg3DvurK3Q=="
    },
    "node_modules/mdurl": {
      "version": "1.0.1",
      "resolved": "https://registry.npmjs.org/mdurl/-/mdurl-1.0.1.tgz",
      "integrity": "sha512-/sKlQJCBYVY9Ers9hqzKou4H6V5UWc/M59TH2dvkt+84itfnq7uFOMLpOiOS4ujvHP4etln18fmIxA5R5fll0g=="
    },
    "node_modules/@types/prop-types": {
      "version": "15.7.5",
      "resolved": "https://registry.npmjs.org/@types/prop-types/-/prop-types-15.7.5.tgz",
      "integrity": "sha512-JCB8C6SnDoQf0cNycqd/35A7MjcnK+ZTqE7judS6o7utxUCg6imJg3QK2qzHKszlTjcj2cn+NwMB2i96ubpj7w==",
      "dev": true
    },
    "node_modules/entities": {
      "version": "3.0.1",
      "resolved": "https://registry.npmjs.org/entities/-/entities-3.0.1.tgz",
      "integrity": "sha512-WiyBqoomrwMdFG1e0kqvASYfnlb0lp8M5o5Fw2OFq1hNZxxcNk8Ik0Xm7LxzBhuidnZB/UtBqVCgUz3kBOP51Q==",
      "engines": {
        "node": ">=0.12"
      },
      "funding": {
        "url": "https://github.com/fb55/entities?sponsor=1"
      }
    },
    "node_modules/@types/scheduler": {
      "version": "0.16.2",
      "resolved": "https://registry.npmjs.org/@types/scheduler/-/scheduler-0.16.2.tgz",
      "integrity": "sha512-hppQEBDmlwhFAXKJX2KnWLYu5yMfi91yazPb2l+lbJiwW+wdo1gNeRA+3RgNSO39WYX2euey41KEwnqesU2Jew==",
      "dev": true
    },
    "node_modules/uc.micro": {
      "version": "1.0.6",
      "resolved": "https://registry.npmjs.org/uc.micro/-/uc.micro-1.0.6.tgz",
      "integrity": "sha512-8Y75pvTYkLJW2hWQHXxoqRgV7qb9B+9vFEtidML+7koHUFapnVJAZ6cKs+Qjz5Aw3aZWHMC6u0wJE3At+nSGwA=="
    },
    "node_modules/react-dom": {
      "version": "18.1.0",
      "resolved": "https://registry.npmjs.org/react-dom/-/react-dom-18.1.0.tgz",
      "integrity": "sha512-fU1Txz7Budmvamp7bshe4Zi32d0ll7ect+ccxNu9FlObT605GOEB8BfO4tmRJ39R5Zj831VCpvQ05QPBW5yb+w==",
      "dependencies": {
        "loose-envify": "^1.1.0",
        "scheduler": "^0.22.0"
      },
      "peerDependencies": {
        "react": "^18.1.0"
      }
    },
    "node_modules/react": {
      "version": "18.1.0",
      "resolved": "https://registry.npmjs.org/react/-/react-18.1.0.tgz",
      "integrity": "sha512-4oL8ivCz5ZEPyclFQXaNksK3adutVS8l2xzZU0cqEFrE9Sb7fC0EFK5uEk74wIreL1DERyjvsU915j1pcT2uEQ==",
      "dependencies": {
        "loose-envify": "^1.1.0"
      },
      "engines": {
        "node": ">=0.10.0"
      }
    },
    "node_modules/@types/markdown-it": {
      "version": "12.2.3",
      "resolved": "https://registry.npmjs.org/@types/markdown-it/-/markdown-it-12.2.3.tgz",
      "integrity": "sha512-GKMHFfv3458yYy+v/N8gjufHO6MSZKCOXpZc5GXIWWy8uldwfmPn98vp81gZ5f9SVw8YYBctgfJ22a2d7AOMeQ==",
      "dev": true,
      "dependencies": {
        "@types/linkify-it": "*",
        "@types/mdurl": "*"
      }
    },
    "node_modules/@types/react-dom": {
      "version": "18.0.5",
      "resolved": "https://registry.npmjs.org/@types/react-dom/-/react-dom-18.0.5.tgz",
      "integrity": "sha512-OWPWTUrY/NIrjsAPkAk1wW9LZeIjSvkXRhclsFO8CZcZGCOg2G0YZy4ft+rOyYxy8B7ui5iZzi9OkDebZ7/QSA==",
      "dev": true,
      "dependencies": {
        "@types/react": "*"
      }
    },
    "node_modules/js-tokens": {
      "version": "4.0.0",
      "resolved": "https://registry.npmjs.org/js-tokens/-/js-tokens-4.0.0.tgz",
      "integrity": "sha512-RdJUflcE3cUzKiMqQgsCu06FPu9UdIJO0beYbPhHN4k6apgJtifcoCtT9bcxOpYBtpD2kCM6Sbzg4CausW/PKQ=="
    },
    "node_modules/csstype": {
      "version": "3.1.0",
      "resolved": "https://registry.npmjs.org/csstype/-/csstype-3.1.0.tgz",
      "integrity": "sha512-uX1KG+x9h5hIJsaKR9xHUeUraxf8IODOwq9JLNPq6BwB04a/xgpq3rcx47l5BZu5zBPlgD342tdke3Hom/nJRA==",
      "dev": true
    },
    "node_modules/loose-envify": {
      "version": "1.4.0",
      "resolved": "https://registry.npmjs.org/loose-envify/-/loose-envify-1.4.0.tgz",
      "integrity": "sha512-lyuxPGr/Wfhrlem2CL/UcnUc1zcqKAImBDzukY7Y5F/yQiNdko6+fRLevlw1HgMySw7f611UIY408EtxRSoK3Q==",
      "dependencies": {
        "js-tokens": "^3.0.0 || ^4.0.0"
      },
      "bin": {
        "loose-envify": "cli.js"
      }
    },
    "node_modules/@types/linkify-it": {
      "version": "3.0.2",
      "resolved": "https://registry.npmjs.org/@types/linkify-it/-/linkify-it-3.0.2.tgz",
      "integrity": "sha512-HZQYqbiFVWufzCwexrvh694SOim8z2d+xJl5UNamcvQFejLY/2YUtzXHYi3cHdI7PMlS8ejH2slRAOJQ32aNbA==",
      "dev": true
    },
    "node_modules/@types/mdurl": {
      "version": "1.0.2",
      "resolved": "https://registry.npmjs.org/@types/mdurl/-/mdurl-1.0.2.tgz",
      "integrity": "sha512-eC4U9MlIcu2q0KQmXszyn5Akca/0jrQmwDRgpAMJai7qBWq4amIQhZyNau4VYGtCeALvW1/NtjzJJ567aZxfKA==",
      "dev": true
    },
    "node_modules/react-mde": {
      "version": "11.5.0",
      "resolved": "https://registry.npmjs.org/react-mde/-/react-mde-11.5.0.tgz",
      "integrity": "sha512-CH/VK6d+tpVjJ8rTXfh1dDt6GWedTgCU0668p8toqhAc3vy0Lu872O2RKYDSpkUrlbHI08fjUPTl++nExp6gag==",
      "peerDependencies": {
        "react": "^17.0.0",
        "react-dom": "^17.0.0"
      }
    },
    "node_modules/linkify-it": {
      "version": "4.0.1",
      "resolved": "https://registry.npmjs.org/linkify-it/-/linkify-it-4.0.1.tgz",
      "integrity": "sha512-C7bfi1UZmoj8+PQx22XyeXCuBlokoyWQL5pWSP+EI6nzRylyThouddufc2c1NDIcP9k5agmN9fLpA7VNJfIiqw==",
      "dependencies": {
        "uc.micro": "^1.0.1"
      }
    },
    "node_modules/scheduler": {
      "version": "0.22.0",
      "resolved": "https://registry.npmjs.org/scheduler/-/scheduler-0.22.0.tgz",
      "integrity": "sha512-6QAm1BgQI88NPYymgGQLCZgvep4FyePDWFpXVK+zNSUgHwlqpJy8VEh8Et0KxTACS4VWwMousBElAZOH9nkkoQ==",
      "dependencies": {
        "loose-envify": "^1.1.0"
      }
    },
    "node_modules/@types/react": {
      "version": "18.0.12",
      "resolved": "https://registry.npmjs.org/@types/react/-/react-18.0.12.tgz",
      "integrity": "sha512-duF1OTASSBQtcigUvhuiTB1Ya3OvSy+xORCiEf20H0P0lzx+/KeVsA99U5UjLXSbyo1DRJDlLKqTeM1ngosqtg==",
      "dev": true,
      "dependencies": {
        "@types/prop-types": "*",
        "@types/scheduler": "*",
        "csstype": "^3.0.2"
      }
    },
    "node_modules/markdown-it": {
      "version": "13.0.1",
      "resolved": "https://registry.npmjs.org/markdown-it/-/markdown-it-13.0.1.tgz",
      "integrity": "sha512-lTlxriVoy2criHP0JKRhO2VDG9c2ypWCsT237eDiLqi09rmbKoUetyGHq2uOIRoRS//kfoJckS0eUzzkDR+k2Q==",
      "dependencies": {
        "argparse": "^2.0.1",
        "entities": "~3.0.1",
        "linkify-it": "^4.0.1",
        "mdurl": "^1.0.1",
        "uc.micro": "^1.0.5"
      },
      "bin": {
        "markdown-it": "bin/markdown-it.js"
      }
    }
  },
  "dependencies": {
    "@types/linkify-it": {
      "version": "3.0.2",
      "resolved": "https://registry.npmjs.org/@types/linkify-it/-/linkify-it-3.0.2.tgz",
      "integrity": "sha512-HZQYqbiFVWufzCwexrvh694SOim8z2d+xJl5UNamcvQFejLY/2YUtzXHYi3cHdI7PMlS8ejH2slRAOJQ32aNbA==",
      "dev": true
    },
    "@types/markdown-it": {
      "version": "12.2.3",
      "resolved": "https://registry.npmjs.org/@types/markdown-it/-/markdown-it-12.2.3.tgz",
      "integrity": "sha512-GKMHFfv3458yYy+v/N8gjufHO6MSZKCOXpZc5GXIWWy8uldwfmPn98vp81gZ5f9SVw8YYBctgfJ22a2d7AOMeQ==",
      "dev": true,
      "requires": {
        "@types/linkify-it": "*",
        "@types/mdurl": "*"
      }
    },
    "@types/mdurl": {
      "version": "1.0.2",
      "resolved": "https://registry.npmjs.org/@types/mdurl/-/mdurl-1.0.2.tgz",
      "integrity": "sha512-eC4U9MlIcu2q0KQmXszyn5Akca/0jrQmwDRgpAMJai7qBWq4amIQhZyNau4VYGtCeALvW1/NtjzJJ567aZxfKA==",
      "dev": true
    },
    "@types/prop-types": {
      "version": "15.7.5",
      "resolved": "https://registry.npmjs.org/@types/prop-types/-/prop-types-15.7.5.tgz",
      "integrity": "sha512-JCB8C6SnDoQf0cNycqd/35A7MjcnK+ZTqE7judS6o7utxUCg6imJg3QK2qzHKszlTjcj2cn+NwMB2i96ubpj7w==",
      "dev": true
    },
    "@types/react": {
      "version": "18.0.12",
      "resolved": "https://registry.npmjs.org/@types/react/-/react-18.0.12.tgz",
      "integrity": "sha512-duF1OTASSBQtcigUvhuiTB1Ya3OvSy+xORCiEf20H0P0lzx+/KeVsA99U5UjLXSbyo1DRJDlLKqTeM1ngosqtg==",
      "dev": true,
      "requires": {
        "@types/prop-types": "*",
        "@types/scheduler": "*",
        "csstype": "^3.0.2"
      }
    },
    "@types/react-dom": {
      "version": "18.0.5",
      "resolved": "https://registry.npmjs.org/@types/react-dom/-/react-dom-18.0.5.tgz",
      "integrity": "sha512-OWPWTUrY/NIrjsAPkAk1wW9LZeIjSvkXRhclsFO8CZcZGCOg2G0YZy4ft+rOyYxy8B7ui5iZzi9OkDebZ7/QSA==",
      "dev": true,
      "requires": {
        "@types/react": "*"
      }
    },
    "@types/scheduler": {
      "version": "0.16.2",
      "resolved": "https://registry.npmjs.org/@types/scheduler/-/scheduler-0.16.2.tgz",
      "integrity": "sha512-hppQEBDmlwhFAXKJX2KnWLYu5yMfi91yazPb2l+lbJiwW+wdo1gNeRA+3RgNSO39WYX2euey41KEwnqesU2Jew==",
      "dev": true
    },
    "argparse": {
      "version": "2.0.1",
      "resolved": "https://registry.npmjs.org/argparse/-/argparse-2.0.1.tgz",
      "integrity": "sha512-8+9WqebbFzpX9OR+Wa6O29asIogeRMzcGtAINdpMHHyAg10f05aSFVBbcEqGf/PXw1EjAZ+q2/bEBg3DvurK3Q=="
    },
    "csstype": {
      "version": "3.1.0",
      "resolved": "https://registry.npmjs.org/csstype/-/csstype-3.1.0.tgz",
      "integrity": "sha512-uX1KG+x9h5hIJsaKR9xHUeUraxf8IODOwq9JLNPq6BwB04a/xgpq3rcx47l5BZu5zBPlgD342tdke3Hom/nJRA==",
      "dev": true
    },
    "entities": {
      "version": "3.0.1",
      "resolved": "https://registry.npmjs.org/entities/-/entities-3.0.1.tgz",
      "integrity": "sha512-WiyBqoomrwMdFG1e0kqvASYfnlb0lp8M5o5Fw2OFq1hNZxxcNk8Ik0Xm7LxzBhuidnZB/UtBqVCgUz3kBOP51Q=="
    },
    "js-tokens": {
      "version": "4.0.0",
      "resolved": "https://registry.npmjs.org/js-tokens/-/js-tokens-4.0.0.tgz",
      "integrity": "sha512-RdJUflcE3cUzKiMqQgsCu06FPu9UdIJO0beYbPhHN4k6apgJtifcoCtT9bcxOpYBtpD2kCM6Sbzg4CausW/PKQ=="
    },
    "linkify-it": {
      "version": "4.0.1",
      "resolved": "https://registry.npmjs.org/linkify-it/-/linkify-it-4.0.1.tgz",
      "integrity": "sha512-C7bfi1UZmoj8+PQx22XyeXCuBlokoyWQL5pWSP+EI6nzRylyThouddufc2c1NDIcP9k5agmN9fLpA7VNJfIiqw==",
      "requires": {
        "uc.micro": "^1.0.1"
      }
    },
    "loose-envify": {
      "version": "1.4.0",
      "resolved": "https://registry.npmjs.org/loose-envify/-/loose-envify-1.4.0.tgz",
      "integrity": "sha512-lyuxPGr/Wfhrlem2CL/UcnUc1zcqKAImBDzukY7Y5F/yQiNdko6+fRLevlw1HgMySw7f611UIY408EtxRSoK3Q==",
      "requires": {
        "js-tokens": "^3.0.0 || ^4.0.0"
      }
    },
    "markdown-it": {
      "version": "13.0.1",
      "resolved": "https://registry.npmjs.org/markdown-it/-/markdown-it-13.0.1.tgz",
      "integrity": "sha512-lTlxriVoy2criHP0JKRhO2VDG9c2ypWCsT237eDiLqi09rmbKoUetyGHq2uOIRoRS//kfoJckS0eUzzkDR+k2Q==",
      "requires": {
        "argparse": "^2.0.1",
        "entities": "~3.0.1",
        "linkify-it": "^4.0.1",
        "mdurl": "^1.0.1",
        "uc.micro": "^1.0.5"
      }
    },
    "mdurl": {
      "version": "1.0.1",
      "resolved": "https://registry.npmjs.org/mdurl/-/mdurl-1.0.1.tgz",
      "integrity": "sha512-/sKlQJCBYVY9Ers9hqzKou4H6V5UWc/M59TH2dvkt+84itfnq7uFOMLpOiOS4ujvHP4etln18fmIxA5R5fll0g=="
    },
    "react": {
      "version": "18.1.0",
      "resolved": "https://registry.npmjs.org/react/-/react-18.1.0.tgz",
      "integrity": "sha512-4oL8ivCz5ZEPyclFQXaNksK3adutVS8l2xzZU0cqEFrE9Sb7fC0EFK5uEk74wIreL1DERyjvsU915j1pcT2uEQ==",
      "requires": {
        "loose-envify": "^1.1.0"
      }
    },
    "react-dom": {
      "version": "18.1.0",
      "resolved": "https://registry.npmjs.org/react-dom/-/react-dom-18.1.0.tgz",
      "integrity": "sha512-fU1Txz7Budmvamp7bshe4Zi32d0ll7ect+ccxNu9FlObT605GOEB8BfO4tmRJ39R5Zj831VCpvQ05QPBW5yb+w==",
      "requires": {
        "loose-envify": "^1.1.0",
        "scheduler": "^0.22.0"
      }
    },
    "react-mde": {
      "version": "11.5.0",
      "resolved": "https://registry.npmjs.org/react-mde/-/react-mde-11.5.0.tgz",
      "integrity": "sha512-CH/VK6d+tpVjJ8rTXfh1dDt6GWedTgCU0668p8toqhAc3vy0Lu872O2RKYDSpkUrlbHI08fjUPTl++nExp6gag=="
    },
    "scheduler": {
      "version": "0.22.0",
      "resolved": "https://registry.npmjs.org/scheduler/-/scheduler-0.22.0.tgz",
      "integrity": "sha512-6QAm1BgQI88NPYymgGQLCZgvep4FyePDWFpXVK+zNSUgHwlqpJy8VEh8Et0KxTACS4VWwMousBElAZOH9nkkoQ==",
      "requires": {
        "loose-envify": "^1.1.0"
      }
    },
    "uc.micro": {
      "version": "1.0.6",
      "resolved": "https://registry.npmjs.org/uc.micro/-/uc.micro-1.0.6.tgz",
      "integrity": "sha512-8Y75pvTYkLJW2hWQHXxoqRgV7qb9B+9vFEtidML+7koHUFapnVJAZ6cKs+Qjz5Aw3aZWHMC6u0wJE3At+nSGwA=="
    }
  }
}