{
    "name": "@mashroom/mashroom-portal-demo-react-app2",
    "version": "2.3.1",
    "lockfileVersion": 2,
    "requires": true,
    "packages": {
        "": {
            "name": "@mashroom/mashroom-portal-demo-react-app2",
            "version": "2.3.1",
            "license": "MIT",
            "dependencies": {
                "@codemirror/lang-markdown": "^6.0.1",
                "@uiw/codemirror-theme-github": "^4.19.7",
                "@uiw/react-codemirror": "^4.19.7",
                "markdown-it": "^13.0.1",
                "react": "^18.2.0",
                "react-dom": "^18.2.0"
            },
            "devDependencies": {
                "@types/markdown-it": "^12.2.3",
                "@types/react": "^18.0.27",
                "@types/react-dom": "^18.0.10"
            }
        },
        "node_modules/@babel/runtime": {
            "version": "7.21.0",
            "resolved": "https://registry.npmjs.org/@babel/runtime/-/runtime-7.21.0.tgz",
            "integrity": "sha512-xwII0//EObnq89Ji5AKYQaRYiW/nZ3llSv29d49IuxPhKbtJoLP+9QUUZ4nVragQVtaVGeZrpB+ZtG/Pdy/POw==",
            "dependencies": {
                "regenerator-runtime": "^0.13.11"
            },
            "engines": {
                "node": ">=6.9.0"
            }
        },
        "node_modules/@codemirror/autocomplete": {
            "version": "6.4.2",
            "resolved": "https://registry.npmjs.org/@codemirror/autocomplete/-/autocomplete-6.4.2.tgz",
            "integrity": "sha512-8WE2xp+D0MpWEv5lZ6zPW1/tf4AGb358T5GWYiKEuCP8MvFfT3tH2mIF9Y2yr2e3KbHuSvsVhosiEyqCpiJhZQ==",
            "dependencies": {
                "@codemirror/language": "^6.0.0",
                "@codemirror/state": "^6.0.0",
                "@codemirror/view": "^6.6.0",
                "@lezer/common": "^1.0.0"
            },
            "peerDependencies": {
                "@codemirror/language": "^6.0.0",
                "@codemirror/state": "^6.0.0",
                "@codemirror/view": "^6.0.0",
                "@lezer/common": "^1.0.0"
            }
        },
        "node_modules/@codemirror/commands": {
            "version": "6.2.2",
            "resolved": "https://registry.npmjs.org/@codemirror/commands/-/commands-6.2.2.tgz",
            "integrity": "sha512-s9lPVW7TxXrI/7voZ+HmD/yiAlwAYn9PH5SUVSUhsxXHhv4yl5eZ3KLntSoTynfdgVYM0oIpccQEWRBQgmNZyw==",
            "dependencies": {
                "@codemirror/language": "^6.0.0",
                "@codemirror/state": "^6.2.0",
                "@codemirror/view": "^6.0.0",
                "@lezer/common": "^1.0.0"
            }
        },
        "node_modules/@codemirror/lang-css": {
            "version": "6.1.1",
            "resolved": "https://registry.npmjs.org/@codemirror/lang-css/-/lang-css-6.1.1.tgz",
            "integrity": "sha512-P6jdNEHyRcqqDgbvHYyC9Wxkek0rnG3a9aVSRi4a7WrjPbQtBTaOmvYpXmm13zZMAatO4Oqpac+0QZs7sy+LnQ==",
            "dependencies": {
                "@codemirror/autocomplete": "^6.0.0",
                "@codemirror/language": "^6.0.0",
                "@codemirror/state": "^6.0.0",
                "@lezer/css": "^1.0.0"
            }
        },
        "node_modules/@codemirror/lang-html": {
            "version": "6.4.3",
            "resolved": "https://registry.npmjs.org/@codemirror/lang-html/-/lang-html-6.4.3.tgz",
            "integrity": "sha512-VKzQXEC8nL69Jg2hvAFPBwOdZNvL8tMFOrdFwWpU+wc6a6KEkndJ/19R5xSaglNX6v2bttm8uIEFYxdQDcIZVQ==",
            "dependencies": {
                "@codemirror/autocomplete": "^6.0.0",
                "@codemirror/lang-css": "^6.0.0",
                "@codemirror/lang-javascript": "^6.0.0",
                "@codemirror/language": "^6.4.0",
                "@codemirror/state": "^6.0.0",
                "@codemirror/view": "^6.2.2",
                "@lezer/common": "^1.0.0",
                "@lezer/css": "^1.1.0",
                "@lezer/html": "^1.3.0"
            }
        },
        "node_modules/@codemirror/lang-javascript": {
            "version": "6.1.5",
            "resolved": "https://registry.npmjs.org/@codemirror/lang-javascript/-/lang-javascript-6.1.5.tgz",
            "integrity": "sha512-BS2SmI1IXxWqMPhbJ0DC3eAHAK9V9XvdHMSqwvTBnmh5xFALt+cVDg7XE/A1dxdxzXYXyeqGddgqx1rQv7AYaw==",
            "dependencies": {
                "@codemirror/autocomplete": "^6.0.0",
                "@codemirror/language": "^6.6.0",
                "@codemirror/lint": "^6.0.0",
                "@codemirror/state": "^6.0.0",
                "@codemirror/view": "^6.0.0",
                "@lezer/common": "^1.0.0",
                "@lezer/javascript": "^1.0.0"
            }
        },
        "node_modules/@codemirror/lang-markdown": {
            "version": "6.1.0",
            "resolved": "https://registry.npmjs.org/@codemirror/lang-markdown/-/lang-markdown-6.1.0.tgz",
            "integrity": "sha512-HQDJg1Js19fPKKsI3Rp1X0J6mxyrRy2NX6+Evh0+/jGm6IZHL5ygMGKBYNWKXodoDQFvgdofNRG33gWOwV59Ag==",
            "dependencies": {
                "@codemirror/lang-html": "^6.0.0",
                "@codemirror/language": "^6.3.0",
                "@codemirror/state": "^6.0.0",
                "@codemirror/view": "^6.0.0",
                "@lezer/common": "^1.0.0",
                "@lezer/markdown": "^1.0.0"
            }
        },
        "node_modules/@codemirror/language": {
            "version": "6.6.0",
            "resolved": "https://registry.npmjs.org/@codemirror/language/-/language-6.6.0.tgz",
            "integrity": "sha512-cwUd6lzt3MfNYOobdjf14ZkLbJcnv4WtndYaoBkbor/vF+rCNguMPK0IRtvZJG4dsWiaWPcK8x1VijhvSxnstg==",
            "dependencies": {
                "@codemirror/state": "^6.0.0",
                "@codemirror/view": "^6.0.0",
                "@lezer/common": "^1.0.0",
                "@lezer/highlight": "^1.0.0",
                "@lezer/lr": "^1.0.0",
                "style-mod": "^4.0.0"
            }
        },
        "node_modules/@codemirror/lint": {
            "version": "6.2.0",
            "resolved": "https://registry.npmjs.org/@codemirror/lint/-/lint-6.2.0.tgz",
            "integrity": "sha512-KVCECmR2fFeYBr1ZXDVue7x3q5PMI0PzcIbA+zKufnkniMBo1325t0h1jM85AKp8l3tj67LRxVpZfgDxEXlQkg==",
            "dependencies": {
                "@codemirror/state": "^6.0.0",
                "@codemirror/view": "^6.0.0",
                "crelt": "^1.0.5"
            }
        },
        "node_modules/@codemirror/search": {
            "version": "6.3.0",
            "resolved": "https://registry.npmjs.org/@codemirror/search/-/search-6.3.0.tgz",
            "integrity": "sha512-rBhZxzT34CarfhgCZGhaLBScABDN3iqJxixzNuINp9lrb3lzm0nTpR77G1VrxGO3HOGK7j62jcJftQM7eCOIuw==",
            "dependencies": {
                "@codemirror/state": "^6.0.0",
                "@codemirror/view": "^6.0.0",
                "crelt": "^1.0.5"
            }
        },
        "node_modules/@codemirror/state": {
            "version": "6.2.0",
            "resolved": "https://registry.npmjs.org/@codemirror/state/-/state-6.2.0.tgz",
            "integrity": "sha512-69QXtcrsc3RYtOtd+GsvczJ319udtBf1PTrr2KbLWM/e2CXUPnh0Nz9AUo8WfhSQ7GeL8dPVNUmhQVgpmuaNGA=="
        },
        "node_modules/@codemirror/theme-one-dark": {
            "version": "6.1.1",
            "resolved": "https://registry.npmjs.org/@codemirror/theme-one-dark/-/theme-one-dark-6.1.1.tgz",
            "integrity": "sha512-+CfzmScfJuD6uDF5bHJkAjWTQ2QAAHxODCPxUEgcImDYcJLT+4l5vLnBHmDVv46kCC5uUJGMrBJct2Z6JbvqyQ==",
            "dependencies": {
                "@codemirror/language": "^6.0.0",
                "@codemirror/state": "^6.0.0",
                "@codemirror/view": "^6.0.0",
                "@lezer/highlight": "^1.0.0"
            }
        },
        "node_modules/@codemirror/view": {
            "version": "6.9.3",
            "resolved": "https://registry.npmjs.org/@codemirror/view/-/view-6.9.3.tgz",
            "integrity": "sha512-BJ5mvEIhFM+SrNwc5X8pLIvMM9ffjkviVbxpg84Xk2OE8ZyKaEbId8kX+nAYEEso7+qnbwsXe1bkAHsasebMow==",
            "dependencies": {
                "@codemirror/state": "^6.1.4",
                "style-mod": "^4.0.0",
                "w3c-keyname": "^2.2.4"
            }
        },
        "node_modules/@lezer/common": {
            "version": "1.0.2",
            "resolved": "https://registry.npmjs.org/@lezer/common/-/common-1.0.2.tgz",
            "integrity": "sha512-SVgiGtMnMnW3ActR8SXgsDhw7a0w0ChHSYAyAUxxrOiJ1OqYWEKk/xJd84tTSPo1mo6DXLObAJALNnd0Hrv7Ng=="
        },
        "node_modules/@lezer/css": {
            "version": "1.1.1",
            "resolved": "https://registry.npmjs.org/@lezer/css/-/css-1.1.1.tgz",
            "integrity": "sha512-mSjx+unLLapEqdOYDejnGBokB5+AiJKZVclmud0MKQOKx3DLJ5b5VTCstgDDknR6iIV4gVrN6euzsCnj0A2gQA==",
            "dependencies": {
                "@lezer/highlight": "^1.0.0",
                "@lezer/lr": "^1.0.0"
            }
        },
        "node_modules/@lezer/highlight": {
            "version": "1.1.4",
            "resolved": "https://registry.npmjs.org/@lezer/highlight/-/highlight-1.1.4.tgz",
            "integrity": "sha512-IECkFmw2l7sFcYXrV8iT9GeY4W0fU4CxX0WMwhmhMIVjoDdD1Hr6q3G2NqVtLg/yVe5n7i4menG3tJ2r4eCrPQ==",
            "dependencies": {
                "@lezer/common": "^1.0.0"
            }
        },
        "node_modules/@lezer/html": {
            "version": "1.3.4",
            "resolved": "https://registry.npmjs.org/@lezer/html/-/html-1.3.4.tgz",
            "integrity": "sha512-HdJYMVZcT4YsMo7lW3ipL4NoyS2T67kMPuSVS5TgLGqmaCjEU/D6xv7zsa1ktvTK5lwk7zzF1e3eU6gBZIPm5g==",
            "dependencies": {
                "@lezer/common": "^1.0.0",
                "@lezer/highlight": "^1.0.0",
                "@lezer/lr": "^1.0.0"
            }
        },
        "node_modules/@lezer/javascript": {
            "version": "1.4.2",
            "resolved": "https://registry.npmjs.org/@lezer/javascript/-/javascript-1.4.2.tgz",
            "integrity": "sha512-77qdAD4zanmImPiAu4ibrMUzRc79UHoccdPa+Ey5iwS891TAkhnMAodUe17T7zV7tnF7e9HXM0pfmjoGEhrppg==",
            "dependencies": {
                "@lezer/highlight": "^1.1.3",
                "@lezer/lr": "^1.3.0"
            }
        },
        "node_modules/@lezer/lr": {
            "version": "1.3.3",
            "resolved": "https://registry.npmjs.org/@lezer/lr/-/lr-1.3.3.tgz",
            "integrity": "sha512-JPQe3mwJlzEVqy67iQiiGozhcngbO8QBgpqZM6oL1Wj/dXckrEexpBLeFkq0edtW5IqnPRFxA24BHJni8Js69w==",
            "dependencies": {
                "@lezer/common": "^1.0.0"
            }
        },
        "node_modules/@lezer/markdown": {
            "version": "1.0.2",
            "resolved": "https://registry.npmjs.org/@lezer/markdown/-/markdown-1.0.2.tgz",
            "integrity": "sha512-8CY0OoZ6V5EzPjSPeJ4KLVbtXdLBd8V6sRCooN5kHnO28ytreEGTyrtU/zUwo/XLRzGr/e1g44KlzKi3yWGB5A==",
            "dependencies": {
                "@lezer/common": "^1.0.0",
                "@lezer/highlight": "^1.0.0"
            }
        },
        "node_modules/@types/linkify-it": {
            "version": "3.0.2",
            "resolved": "https://registry.npmjs.org/@types/linkify-it/-/linkify-it-3.0.2.tgz",
            "integrity": "sha512-HZQYqbiFVWufzCwexrvh694SOim8z2d+xJl5UNamcvQFejLY/2YUtzXHYi3cHdI7PMlS8ejH2slRAOJQ32aNbA==",
            "dev": true
        },
        "node_modules/@types/markdown-it": {
            "version": "12.2.3",
            "resolved": "https://registry.npmjs.org/@types/markdown-it/-/markdown-it-12.2.3.tgz",
            "integrity": "sha512-GKMHFfv3458yYy+v/N8gjufHO6MSZKCOXpZc5GXIWWy8uldwfmPn98vp81gZ5f9SVw8YYBctgfJ22a2d7AOMeQ==",
            "dev": true,
            "dependencies": {
                "@types/linkify-it": "*",
                "@types/mdurl": "*"
            }
        },
        "node_modules/@types/mdurl": {
            "version": "1.0.2",
            "resolved": "https://registry.npmjs.org/@types/mdurl/-/mdurl-1.0.2.tgz",
            "integrity": "sha512-eC4U9MlIcu2q0KQmXszyn5Akca/0jrQmwDRgpAMJai7qBWq4amIQhZyNau4VYGtCeALvW1/NtjzJJ567aZxfKA==",
            "dev": true
        },
        "node_modules/@types/prop-types": {
            "version": "15.7.5",
            "resolved": "https://registry.npmjs.org/@types/prop-types/-/prop-types-15.7.5.tgz",
            "integrity": "sha512-JCB8C6SnDoQf0cNycqd/35A7MjcnK+ZTqE7judS6o7utxUCg6imJg3QK2qzHKszlTjcj2cn+NwMB2i96ubpj7w==",
            "dev": true
        },
        "node_modules/@types/react": {
            "version": "18.0.27",
            "resolved": "https://registry.npmjs.org/@types/react/-/react-18.0.27.tgz",
            "integrity": "sha512-3vtRKHgVxu3Jp9t718R9BuzoD4NcQ8YJ5XRzsSKxNDiDonD2MXIT1TmSkenxuCycZJoQT5d2vE8LwWJxBC1gmA==",
            "dev": true,
            "dependencies": {
                "@types/prop-types": "*",
                "@types/scheduler": "*",
                "csstype": "^3.0.2"
            }
        },
        "node_modules/@types/react-dom": {
            "version": "18.0.10",
            "resolved": "https://registry.npmjs.org/@types/react-dom/-/react-dom-18.0.10.tgz",
            "integrity": "sha512-E42GW/JA4Qv15wQdqJq8DL4JhNpB3prJgjgapN3qJT9K2zO5IIAQh4VXvCEDupoqAwnz0cY4RlXeC/ajX5SFHg==",
            "dev": true,
            "dependencies": {
                "@types/react": "*"
            }
        },
        "node_modules/@types/scheduler": {
            "version": "0.16.2",
            "resolved": "https://registry.npmjs.org/@types/scheduler/-/scheduler-0.16.2.tgz",
            "integrity": "sha512-hppQEBDmlwhFAXKJX2KnWLYu5yMfi91yazPb2l+lbJiwW+wdo1gNeRA+3RgNSO39WYX2euey41KEwnqesU2Jew==",
            "dev": true
        },
        "node_modules/@uiw/codemirror-extensions-basic-setup": {
            "version": "4.19.11",
            "resolved": "https://registry.npmjs.org/@uiw/codemirror-extensions-basic-setup/-/codemirror-extensions-basic-setup-4.19.11.tgz",
            "integrity": "sha512-yT7DtFUZESyqyMm0kcMbT6dQ8TIK8tcA6XzMtkgLtsiB883rlc9kYVJScyDz8M9mCckycVbuFlhEdqN54PoiGw==",
            "dependencies": {
                "@codemirror/autocomplete": "^6.0.0",
                "@codemirror/commands": "^6.0.0",
                "@codemirror/language": "^6.0.0",
                "@codemirror/lint": "^6.0.0",
                "@codemirror/search": "^6.0.0",
                "@codemirror/state": "^6.0.0",
                "@codemirror/view": "^6.0.0"
            },
            "peerDependencies": {
                "@codemirror/autocomplete": ">=6.0.0",
                "@codemirror/commands": ">=6.0.0",
                "@codemirror/language": ">=6.0.0",
                "@codemirror/lint": ">=6.0.0",
                "@codemirror/search": ">=6.0.0",
                "@codemirror/state": ">=6.0.0",
                "@codemirror/view": ">=6.0.0"
            }
        },
        "node_modules/@uiw/codemirror-theme-github": {
            "version": "4.19.11",
            "resolved": "https://registry.npmjs.org/@uiw/codemirror-theme-github/-/codemirror-theme-github-4.19.11.tgz",
            "integrity": "sha512-tNhQ7ACy+GsUZltJ03ybWc/SJNEApMJGUPyXbuUFRh0cXKzoZDBllfvyvPjiCIu6Cs0icMwPfzpTIsijTaiGhA==",
            "dependencies": {
                "@uiw/codemirror-themes": "4.19.11"
            }
        },
        "node_modules/@uiw/codemirror-themes": {
            "version": "4.19.11",
            "resolved": "https://registry.npmjs.org/@uiw/codemirror-themes/-/codemirror-themes-4.19.11.tgz",
            "integrity": "sha512-4bh0vfkqeVJ7L2aGimKXqQtaoSEe/1xZb9nkGn35V5daHXkxRhb+BRFMOSrMsjGm74hM+dvYi5iH8HXVsvjJrQ==",
            "dependencies": {
                "@codemirror/language": "^6.0.0",
                "@codemirror/state": "^6.0.0",
                "@codemirror/view": "^6.0.0"
            },
            "peerDependencies": {
                "@codemirror/language": ">=6.0.0",
                "@codemirror/state": ">=6.0.0",
                "@codemirror/view": ">=6.0.0"
            }
        },
        "node_modules/@uiw/react-codemirror": {
            "version": "4.19.11",
            "resolved": "https://registry.npmjs.org/@uiw/react-codemirror/-/react-codemirror-4.19.11.tgz",
            "integrity": "sha512-KoTMg0krVi8EgIPotMYAfTTB+9U4CrJe1ZeSLVR92Wif0pPjYLN5TQF0kqiiH97gJNGHVte/mUftmDjK7Sv2ZA==",
            "dependencies": {
                "@babel/runtime": "^7.18.6",
                "@codemirror/commands": "^6.1.0",
                "@codemirror/state": "^6.1.1",
                "@codemirror/theme-one-dark": "^6.0.0",
                "@uiw/codemirror-extensions-basic-setup": "4.19.11",
                "codemirror": "^6.0.0"
            },
            "peerDependencies": {
                "@babel/runtime": ">=7.11.0",
                "@codemirror/state": ">=6.0.0",
                "@codemirror/theme-one-dark": ">=6.0.0",
                "@codemirror/view": ">=6.0.0",
                "codemirror": ">=6.0.0",
                "react": ">=16.8.0",
                "react-dom": ">=16.8.0"
            }
        },
        "node_modules/argparse": {
            "version": "2.0.1",
            "resolved": "https://registry.npmjs.org/argparse/-/argparse-2.0.1.tgz",
            "integrity": "sha512-8+9WqebbFzpX9OR+Wa6O29asIogeRMzcGtAINdpMHHyAg10f05aSFVBbcEqGf/PXw1EjAZ+q2/bEBg3DvurK3Q=="
        },
        "node_modules/codemirror": {
            "version": "6.0.1",
            "resolved": "https://registry.npmjs.org/codemirror/-/codemirror-6.0.1.tgz",
            "integrity": "sha512-J8j+nZ+CdWmIeFIGXEFbFPtpiYacFMDR8GlHK3IyHQJMCaVRfGx9NT+Hxivv1ckLWPvNdZqndbr/7lVhrf/Svg==",
            "dependencies": {
                "@codemirror/autocomplete": "^6.0.0",
                "@codemirror/commands": "^6.0.0",
                "@codemirror/language": "^6.0.0",
                "@codemirror/lint": "^6.0.0",
                "@codemirror/search": "^6.0.0",
                "@codemirror/state": "^6.0.0",
                "@codemirror/view": "^6.0.0"
            }
        },
        "node_modules/crelt": {
            "version": "1.0.5",
            "resolved": "https://registry.npmjs.org/crelt/-/crelt-1.0.5.tgz",
            "integrity": "sha512-+BO9wPPi+DWTDcNYhr/W90myha8ptzftZT+LwcmUbbok0rcP/fequmFYCw8NMoH7pkAZQzU78b3kYrlua5a9eA=="
        },
        "node_modules/csstype": {
            "version": "3.1.1",
            "resolved": "https://registry.npmjs.org/csstype/-/csstype-3.1.1.tgz",
            "integrity": "sha512-DJR/VvkAvSZW9bTouZue2sSxDwdTN92uHjqeKVm+0dAqdfNykRzQ95tay8aXMBAAPpUiq4Qcug2L7neoRh2Egw==",
            "dev": true
        },
        "node_modules/entities": {
            "version": "3.0.1",
            "resolved": "https://registry.npmjs.org/entities/-/entities-3.0.1.tgz",
            "integrity": "sha512-WiyBqoomrwMdFG1e0kqvASYfnlb0lp8M5o5Fw2OFq1hNZxxcNk8Ik0Xm7LxzBhuidnZB/UtBqVCgUz3kBOP51Q==",
            "engines": {
                "node": ">=0.12"
            },
            "funding": {
                "url": "https://github.com/fb55/entities?sponsor=1"
            }
        },
        "node_modules/js-tokens": {
            "version": "4.0.0",
            "resolved": "https://registry.npmjs.org/js-tokens/-/js-tokens-4.0.0.tgz",
            "integrity": "sha512-RdJUflcE3cUzKiMqQgsCu06FPu9UdIJO0beYbPhHN4k6apgJtifcoCtT9bcxOpYBtpD2kCM6Sbzg4CausW/PKQ=="
        },
        "node_modules/linkify-it": {
            "version": "4.0.1",
            "resolved": "https://registry.npmjs.org/linkify-it/-/linkify-it-4.0.1.tgz",
            "integrity": "sha512-C7bfi1UZmoj8+PQx22XyeXCuBlokoyWQL5pWSP+EI6nzRylyThouddufc2c1NDIcP9k5agmN9fLpA7VNJfIiqw==",
            "dependencies": {
                "uc.micro": "^1.0.1"
            }
        },
        "node_modules/loose-envify": {
            "version": "1.4.0",
            "resolved": "https://registry.npmjs.org/loose-envify/-/loose-envify-1.4.0.tgz",
            "integrity": "sha512-lyuxPGr/Wfhrlem2CL/UcnUc1zcqKAImBDzukY7Y5F/yQiNdko6+fRLevlw1HgMySw7f611UIY408EtxRSoK3Q==",
            "dependencies": {
                "js-tokens": "^3.0.0 || ^4.0.0"
            },
            "bin": {
                "loose-envify": "cli.js"
            }
        },
        "node_modules/markdown-it": {
            "version": "13.0.1",
            "resolved": "https://registry.npmjs.org/markdown-it/-/markdown-it-13.0.1.tgz",
            "integrity": "sha512-lTlxriVoy2criHP0JKRhO2VDG9c2ypWCsT237eDiLqi09rmbKoUetyGHq2uOIRoRS//kfoJckS0eUzzkDR+k2Q==",
            "dependencies": {
                "argparse": "^2.0.1",
                "entities": "~3.0.1",
                "linkify-it": "^4.0.1",
                "mdurl": "^1.0.1",
                "uc.micro": "^1.0.5"
            },
            "bin": {
                "markdown-it": "bin/markdown-it.js"
            }
        },
        "node_modules/mdurl": {
            "version": "1.0.1",
            "resolved": "https://registry.npmjs.org/mdurl/-/mdurl-1.0.1.tgz",
            "integrity": "sha512-/sKlQJCBYVY9Ers9hqzKou4H6V5UWc/M59TH2dvkt+84itfnq7uFOMLpOiOS4ujvHP4etln18fmIxA5R5fll0g=="
        },
        "node_modules/react": {
            "version": "18.2.0",
            "resolved": "https://registry.npmjs.org/react/-/react-18.2.0.tgz",
            "integrity": "sha512-/3IjMdb2L9QbBdWiW5e3P2/npwMBaU9mHCSCUzNln0ZCYbcfTsGbTJrU/kGemdH2IWmB2ioZ+zkxtmq6g09fGQ==",
            "dependencies": {
                "loose-envify": "^1.1.0"
            },
            "engines": {
                "node": ">=0.10.0"
            }
        },
        "node_modules/react-dom": {
            "version": "18.2.0",
            "resolved": "https://registry.npmjs.org/react-dom/-/react-dom-18.2.0.tgz",
            "integrity": "sha512-6IMTriUmvsjHUjNtEDudZfuDQUoWXVxKHhlEGSk81n4YFS+r/Kl99wXiwlVXtPBtJenozv2P+hxDsw9eA7Xo6g==",
            "dependencies": {
                "loose-envify": "^1.1.0",
                "scheduler": "^0.23.0"
            },
            "peerDependencies": {
                "react": "^18.2.0"
            }
        },
        "node_modules/regenerator-runtime": {
            "version": "0.13.11",
            "resolved": "https://registry.npmjs.org/regenerator-runtime/-/regenerator-runtime-0.13.11.tgz",
            "integrity": "sha512-kY1AZVr2Ra+t+piVaJ4gxaFaReZVH40AKNo7UCX6W+dEwBo/2oZJzqfuN1qLq1oL45o56cPaTXELwrTh8Fpggg=="
        },
        "node_modules/scheduler": {
            "version": "0.23.0",
            "resolved": "https://registry.npmjs.org/scheduler/-/scheduler-0.23.0.tgz",
            "integrity": "sha512-CtuThmgHNg7zIZWAXi3AsyIzA3n4xx7aNyjwC2VJldO2LMVDhFK+63xGqq6CsJH4rTAt6/M+N4GhZiDYPx9eUw==",
            "dependencies": {
                "loose-envify": "^1.1.0"
            }
        },
        "node_modules/style-mod": {
            "version": "4.0.2",
            "resolved": "https://registry.npmjs.org/style-mod/-/style-mod-4.0.2.tgz",
            "integrity": "sha512-C4myMmRTO8iaC5Gg+N1ftK2WT4eXUTMAa+HEFPPrfVeO/NtqLTtAmV1HbqnuGtLwCek44Ra76fdGUkSqjiMPcQ=="
        },
        "node_modules/uc.micro": {
            "version": "1.0.6",
            "resolved": "https://registry.npmjs.org/uc.micro/-/uc.micro-1.0.6.tgz",
            "integrity": "sha512-8Y75pvTYkLJW2hWQHXxoqRgV7qb9B+9vFEtidML+7koHUFapnVJAZ6cKs+Qjz5Aw3aZWHMC6u0wJE3At+nSGwA=="
        },
        "node_modules/w3c-keyname": {
            "version": "2.2.6",
            "resolved": "https://registry.npmjs.org/w3c-keyname/-/w3c-keyname-2.2.6.tgz",
            "integrity": "sha512-f+fciywl1SJEniZHD6H+kUO8gOnwIr7f4ijKA6+ZvJFjeGi1r4PDLl53Ayud9O/rk64RqgoQine0feoeOU0kXg=="
        }
    },
    "dependencies": {
        "@babel/runtime": {
            "version": "7.21.0",
            "resolved": "https://registry.npmjs.org/@babel/runtime/-/runtime-7.21.0.tgz",
            "integrity": "sha512-xwII0//EObnq89Ji5AKYQaRYiW/nZ3llSv29d49IuxPhKbtJoLP+9QUUZ4nVragQVtaVGeZrpB+ZtG/Pdy/POw==",
            "requires": {
                "regenerator-runtime": "^0.13.11"
            }
        },
        "@codemirror/autocomplete": {
            "version": "6.4.2",
            "resolved": "https://registry.npmjs.org/@codemirror/autocomplete/-/autocomplete-6.4.2.tgz",
            "integrity": "sha512-8WE2xp+D0MpWEv5lZ6zPW1/tf4AGb358T5GWYiKEuCP8MvFfT3tH2mIF9Y2yr2e3KbHuSvsVhosiEyqCpiJhZQ==",
            "requires": {
                "@codemirror/language": "^6.0.0",
                "@codemirror/state": "^6.0.0",
                "@codemirror/view": "^6.6.0",
                "@lezer/common": "^1.0.0"
            }
        },
        "@codemirror/commands": {
            "version": "6.2.2",
            "resolved": "https://registry.npmjs.org/@codemirror/commands/-/commands-6.2.2.tgz",
            "integrity": "sha512-s9lPVW7TxXrI/7voZ+HmD/yiAlwAYn9PH5SUVSUhsxXHhv4yl5eZ3KLntSoTynfdgVYM0oIpccQEWRBQgmNZyw==",
            "requires": {
                "@codemirror/language": "^6.0.0",
                "@codemirror/state": "^6.2.0",
                "@codemirror/view": "^6.0.0",
                "@lezer/common": "^1.0.0"
            }
        },
        "@codemirror/lang-css": {
            "version": "6.1.1",
            "resolved": "https://registry.npmjs.org/@codemirror/lang-css/-/lang-css-6.1.1.tgz",
            "integrity": "sha512-P6jdNEHyRcqqDgbvHYyC9Wxkek0rnG3a9aVSRi4a7WrjPbQtBTaOmvYpXmm13zZMAatO4Oqpac+0QZs7sy+LnQ==",
            "requires": {
                "@codemirror/autocomplete": "^6.0.0",
                "@codemirror/language": "^6.0.0",
                "@codemirror/state": "^6.0.0",
                "@lezer/css": "^1.0.0"
            }
        },
        "@codemirror/lang-html": {
            "version": "6.4.3",
            "resolved": "https://registry.npmjs.org/@codemirror/lang-html/-/lang-html-6.4.3.tgz",
            "integrity": "sha512-VKzQXEC8nL69Jg2hvAFPBwOdZNvL8tMFOrdFwWpU+wc6a6KEkndJ/19R5xSaglNX6v2bttm8uIEFYxdQDcIZVQ==",
            "requires": {
                "@codemirror/autocomplete": "^6.0.0",
                "@codemirror/lang-css": "^6.0.0",
                "@codemirror/lang-javascript": "^6.0.0",
                "@codemirror/language": "^6.4.0",
                "@codemirror/state": "^6.0.0",
                "@codemirror/view": "^6.2.2",
                "@lezer/common": "^1.0.0",
                "@lezer/css": "^1.1.0",
                "@lezer/html": "^1.3.0"
            }
        },
        "@codemirror/lang-javascript": {
            "version": "6.1.5",
            "resolved": "https://registry.npmjs.org/@codemirror/lang-javascript/-/lang-javascript-6.1.5.tgz",
            "integrity": "sha512-BS2SmI1IXxWqMPhbJ0DC3eAHAK9V9XvdHMSqwvTBnmh5xFALt+cVDg7XE/A1dxdxzXYXyeqGddgqx1rQv7AYaw==",
            "requires": {
                "@codemirror/autocomplete": "^6.0.0",
                "@codemirror/language": "^6.6.0",
                "@codemirror/lint": "^6.0.0",
                "@codemirror/state": "^6.0.0",
                "@codemirror/view": "^6.0.0",
                "@lezer/common": "^1.0.0",
                "@lezer/javascript": "^1.0.0"
            }
        },
        "@codemirror/lang-markdown": {
            "version": "6.1.0",
            "resolved": "https://registry.npmjs.org/@codemirror/lang-markdown/-/lang-markdown-6.1.0.tgz",
            "integrity": "sha512-HQDJg1Js19fPKKsI3Rp1X0J6mxyrRy2NX6+Evh0+/jGm6IZHL5ygMGKBYNWKXodoDQFvgdofNRG33gWOwV59Ag==",
            "requires": {
                "@codemirror/lang-html": "^6.0.0",
                "@codemirror/language": "^6.3.0",
                "@codemirror/state": "^6.0.0",
                "@codemirror/view": "^6.0.0",
                "@lezer/common": "^1.0.0",
                "@lezer/markdown": "^1.0.0"
            }
        },
        "@codemirror/language": {
            "version": "6.6.0",
            "resolved": "https://registry.npmjs.org/@codemirror/language/-/language-6.6.0.tgz",
            "integrity": "sha512-cwUd6lzt3MfNYOobdjf14ZkLbJcnv4WtndYaoBkbor/vF+rCNguMPK0IRtvZJG4dsWiaWPcK8x1VijhvSxnstg==",
            "requires": {
                "@codemirror/state": "^6.0.0",
                "@codemirror/view": "^6.0.0",
                "@lezer/common": "^1.0.0",
                "@lezer/highlight": "^1.0.0",
                "@lezer/lr": "^1.0.0",
                "style-mod": "^4.0.0"
            }
        },
        "@codemirror/lint": {
            "version": "6.2.0",
            "resolved": "https://registry.npmjs.org/@codemirror/lint/-/lint-6.2.0.tgz",
            "integrity": "sha512-KVCECmR2fFeYBr1ZXDVue7x3q5PMI0PzcIbA+zKufnkniMBo1325t0h1jM85AKp8l3tj67LRxVpZfgDxEXlQkg==",
            "requires": {
                "@codemirror/state": "^6.0.0",
                "@codemirror/view": "^6.0.0",
                "crelt": "^1.0.5"
            }
        },
        "@codemirror/search": {
            "version": "6.3.0",
            "resolved": "https://registry.npmjs.org/@codemirror/search/-/search-6.3.0.tgz",
            "integrity": "sha512-rBhZxzT34CarfhgCZGhaLBScABDN3iqJxixzNuINp9lrb3lzm0nTpR77G1VrxGO3HOGK7j62jcJftQM7eCOIuw==",
            "requires": {
                "@codemirror/state": "^6.0.0",
                "@codemirror/view": "^6.0.0",
                "crelt": "^1.0.5"
            }
        },
        "@codemirror/state": {
            "version": "6.2.0",
            "resolved": "https://registry.npmjs.org/@codemirror/state/-/state-6.2.0.tgz",
            "integrity": "sha512-69QXtcrsc3RYtOtd+GsvczJ319udtBf1PTrr2KbLWM/e2CXUPnh0Nz9AUo8WfhSQ7GeL8dPVNUmhQVgpmuaNGA=="
        },
        "@codemirror/theme-one-dark": {
            "version": "6.1.1",
            "resolved": "https://registry.npmjs.org/@codemirror/theme-one-dark/-/theme-one-dark-6.1.1.tgz",
            "integrity": "sha512-+CfzmScfJuD6uDF5bHJkAjWTQ2QAAHxODCPxUEgcImDYcJLT+4l5vLnBHmDVv46kCC5uUJGMrBJct2Z6JbvqyQ==",
            "requires": {
                "@codemirror/language": "^6.0.0",
                "@codemirror/state": "^6.0.0",
                "@codemirror/view": "^6.0.0",
                "@lezer/highlight": "^1.0.0"
            }
        },
        "@codemirror/view": {
            "version": "6.9.3",
            "resolved": "https://registry.npmjs.org/@codemirror/view/-/view-6.9.3.tgz",
            "integrity": "sha512-BJ5mvEIhFM+SrNwc5X8pLIvMM9ffjkviVbxpg84Xk2OE8ZyKaEbId8kX+nAYEEso7+qnbwsXe1bkAHsasebMow==",
            "requires": {
                "@codemirror/state": "^6.1.4",
                "style-mod": "^4.0.0",
                "w3c-keyname": "^2.2.4"
            }
        },
        "@lezer/common": {
            "version": "1.0.2",
            "resolved": "https://registry.npmjs.org/@lezer/common/-/common-1.0.2.tgz",
            "integrity": "sha512-SVgiGtMnMnW3ActR8SXgsDhw7a0w0ChHSYAyAUxxrOiJ1OqYWEKk/xJd84tTSPo1mo6DXLObAJALNnd0Hrv7Ng=="
        },
        "@lezer/css": {
            "version": "1.1.1",
            "resolved": "https://registry.npmjs.org/@lezer/css/-/css-1.1.1.tgz",
            "integrity": "sha512-mSjx+unLLapEqdOYDejnGBokB5+AiJKZVclmud0MKQOKx3DLJ5b5VTCstgDDknR6iIV4gVrN6euzsCnj0A2gQA==",
            "requires": {
                "@lezer/highlight": "^1.0.0",
                "@lezer/lr": "^1.0.0"
            }
        },
        "@lezer/highlight": {
            "version": "1.1.4",
            "resolved": "https://registry.npmjs.org/@lezer/highlight/-/highlight-1.1.4.tgz",
            "integrity": "sha512-IECkFmw2l7sFcYXrV8iT9GeY4W0fU4CxX0WMwhmhMIVjoDdD1Hr6q3G2NqVtLg/yVe5n7i4menG3tJ2r4eCrPQ==",
            "requires": {
                "@lezer/common": "^1.0.0"
            }
        },
        "@lezer/html": {
            "version": "1.3.4",
            "resolved": "https://registry.npmjs.org/@lezer/html/-/html-1.3.4.tgz",
            "integrity": "sha512-HdJYMVZcT4YsMo7lW3ipL4NoyS2T67kMPuSVS5TgLGqmaCjEU/D6xv7zsa1ktvTK5lwk7zzF1e3eU6gBZIPm5g==",
            "requires": {
                "@lezer/common": "^1.0.0",
                "@lezer/highlight": "^1.0.0",
                "@lezer/lr": "^1.0.0"
            }
        },
        "@lezer/javascript": {
            "version": "1.4.2",
            "resolved": "https://registry.npmjs.org/@lezer/javascript/-/javascript-1.4.2.tgz",
            "integrity": "sha512-77qdAD4zanmImPiAu4ibrMUzRc79UHoccdPa+Ey5iwS891TAkhnMAodUe17T7zV7tnF7e9HXM0pfmjoGEhrppg==",
            "requires": {
                "@lezer/highlight": "^1.1.3",
                "@lezer/lr": "^1.3.0"
            }
        },
        "@lezer/lr": {
            "version": "1.3.3",
            "resolved": "https://registry.npmjs.org/@lezer/lr/-/lr-1.3.3.tgz",
            "integrity": "sha512-JPQe3mwJlzEVqy67iQiiGozhcngbO8QBgpqZM6oL1Wj/dXckrEexpBLeFkq0edtW5IqnPRFxA24BHJni8Js69w==",
            "requires": {
                "@lezer/common": "^1.0.0"
            }
        },
        "@lezer/markdown": {
            "version": "1.0.2",
            "resolved": "https://registry.npmjs.org/@lezer/markdown/-/markdown-1.0.2.tgz",
            "integrity": "sha512-8CY0OoZ6V5EzPjSPeJ4KLVbtXdLBd8V6sRCooN5kHnO28ytreEGTyrtU/zUwo/XLRzGr/e1g44KlzKi3yWGB5A==",
            "requires": {
                "@lezer/common": "^1.0.0",
                "@lezer/highlight": "^1.0.0"
            }
        },
        "@types/linkify-it": {
            "version": "3.0.2",
            "resolved": "https://registry.npmjs.org/@types/linkify-it/-/linkify-it-3.0.2.tgz",
            "integrity": "sha512-HZQYqbiFVWufzCwexrvh694SOim8z2d+xJl5UNamcvQFejLY/2YUtzXHYi3cHdI7PMlS8ejH2slRAOJQ32aNbA==",
            "dev": true
        },
        "@types/markdown-it": {
            "version": "12.2.3",
            "resolved": "https://registry.npmjs.org/@types/markdown-it/-/markdown-it-12.2.3.tgz",
            "integrity": "sha512-GKMHFfv3458yYy+v/N8gjufHO6MSZKCOXpZc5GXIWWy8uldwfmPn98vp81gZ5f9SVw8YYBctgfJ22a2d7AOMeQ==",
            "dev": true,
            "requires": {
                "@types/linkify-it": "*",
                "@types/mdurl": "*"
            }
        },
        "@types/mdurl": {
            "version": "1.0.2",
            "resolved": "https://registry.npmjs.org/@types/mdurl/-/mdurl-1.0.2.tgz",
            "integrity": "sha512-eC4U9MlIcu2q0KQmXszyn5Akca/0jrQmwDRgpAMJai7qBWq4amIQhZyNau4VYGtCeALvW1/NtjzJJ567aZxfKA==",
            "dev": true
        },
        "@types/prop-types": {
            "version": "15.7.5",
            "resolved": "https://registry.npmjs.org/@types/prop-types/-/prop-types-15.7.5.tgz",
            "integrity": "sha512-JCB8C6SnDoQf0cNycqd/35A7MjcnK+ZTqE7judS6o7utxUCg6imJg3QK2qzHKszlTjcj2cn+NwMB2i96ubpj7w==",
            "dev": true
        },
        "@types/react": {
            "version": "18.0.27",
            "resolved": "https://registry.npmjs.org/@types/react/-/react-18.0.27.tgz",
            "integrity": "sha512-3vtRKHgVxu3Jp9t718R9BuzoD4NcQ8YJ5XRzsSKxNDiDonD2MXIT1TmSkenxuCycZJoQT5d2vE8LwWJxBC1gmA==",
            "dev": true,
            "requires": {
                "@types/prop-types": "*",
                "@types/scheduler": "*",
                "csstype": "^3.0.2"
            }
        },
        "@types/react-dom": {
            "version": "18.0.10",
            "resolved": "https://registry.npmjs.org/@types/react-dom/-/react-dom-18.0.10.tgz",
            "integrity": "sha512-E42GW/JA4Qv15wQdqJq8DL4JhNpB3prJgjgapN3qJT9K2zO5IIAQh4VXvCEDupoqAwnz0cY4RlXeC/ajX5SFHg==",
            "dev": true,
            "requires": {
                "@types/react": "*"
            }
        },
        "@types/scheduler": {
            "version": "0.16.2",
            "resolved": "https://registry.npmjs.org/@types/scheduler/-/scheduler-0.16.2.tgz",
            "integrity": "sha512-hppQEBDmlwhFAXKJX2KnWLYu5yMfi91yazPb2l+lbJiwW+wdo1gNeRA+3RgNSO39WYX2euey41KEwnqesU2Jew==",
            "dev": true
        },
        "@uiw/codemirror-extensions-basic-setup": {
            "version": "4.19.11",
            "resolved": "https://registry.npmjs.org/@uiw/codemirror-extensions-basic-setup/-/codemirror-extensions-basic-setup-4.19.11.tgz",
            "integrity": "sha512-yT7DtFUZESyqyMm0kcMbT6dQ8TIK8tcA6XzMtkgLtsiB883rlc9kYVJScyDz8M9mCckycVbuFlhEdqN54PoiGw==",
            "requires": {
                "@codemirror/autocomplete": "^6.0.0",
                "@codemirror/commands": "^6.0.0",
                "@codemirror/language": "^6.0.0",
                "@codemirror/lint": "^6.0.0",
                "@codemirror/search": "^6.0.0",
                "@codemirror/state": "^6.0.0",
                "@codemirror/view": "^6.0.0"
            }
        },
        "@uiw/codemirror-theme-github": {
            "version": "4.19.11",
            "resolved": "https://registry.npmjs.org/@uiw/codemirror-theme-github/-/codemirror-theme-github-4.19.11.tgz",
            "integrity": "sha512-tNhQ7ACy+GsUZltJ03ybWc/SJNEApMJGUPyXbuUFRh0cXKzoZDBllfvyvPjiCIu6Cs0icMwPfzpTIsijTaiGhA==",
            "requires": {
                "@uiw/codemirror-themes": "4.19.11"
            }
        },
        "@uiw/codemirror-themes": {
            "version": "4.19.11",
            "resolved": "https://registry.npmjs.org/@uiw/codemirror-themes/-/codemirror-themes-4.19.11.tgz",
            "integrity": "sha512-4bh0vfkqeVJ7L2aGimKXqQtaoSEe/1xZb9nkGn35V5daHXkxRhb+BRFMOSrMsjGm74hM+dvYi5iH8HXVsvjJrQ==",
            "requires": {
                "@codemirror/language": "^6.0.0",
                "@codemirror/state": "^6.0.0",
                "@codemirror/view": "^6.0.0"
            }
        },
        "@uiw/react-codemirror": {
            "version": "4.19.11",
            "resolved": "https://registry.npmjs.org/@uiw/react-codemirror/-/react-codemirror-4.19.11.tgz",
            "integrity": "sha512-KoTMg0krVi8EgIPotMYAfTTB+9U4CrJe1ZeSLVR92Wif0pPjYLN5TQF0kqiiH97gJNGHVte/mUftmDjK7Sv2ZA==",
            "requires": {
                "@babel/runtime": "^7.18.6",
                "@codemirror/commands": "^6.1.0",
                "@codemirror/state": "^6.1.1",
                "@codemirror/theme-one-dark": "^6.0.0",
                "@uiw/codemirror-extensions-basic-setup": "4.19.11",
                "codemirror": "^6.0.0"
            }
        },
        "argparse": {
            "version": "2.0.1",
            "resolved": "https://registry.npmjs.org/argparse/-/argparse-2.0.1.tgz",
            "integrity": "sha512-8+9WqebbFzpX9OR+Wa6O29asIogeRMzcGtAINdpMHHyAg10f05aSFVBbcEqGf/PXw1EjAZ+q2/bEBg3DvurK3Q=="
        },
        "codemirror": {
            "version": "6.0.1",
            "resolved": "https://registry.npmjs.org/codemirror/-/codemirror-6.0.1.tgz",
            "integrity": "sha512-J8j+nZ+CdWmIeFIGXEFbFPtpiYacFMDR8GlHK3IyHQJMCaVRfGx9NT+Hxivv1ckLWPvNdZqndbr/7lVhrf/Svg==",
            "requires": {
                "@codemirror/autocomplete": "^6.0.0",
                "@codemirror/commands": "^6.0.0",
                "@codemirror/language": "^6.0.0",
                "@codemirror/lint": "^6.0.0",
                "@codemirror/search": "^6.0.0",
                "@codemirror/state": "^6.0.0",
                "@codemirror/view": "^6.0.0"
            }
        },
        "crelt": {
            "version": "1.0.5",
            "resolved": "https://registry.npmjs.org/crelt/-/crelt-1.0.5.tgz",
            "integrity": "sha512-+BO9wPPi+DWTDcNYhr/W90myha8ptzftZT+LwcmUbbok0rcP/fequmFYCw8NMoH7pkAZQzU78b3kYrlua5a9eA=="
        },
        "csstype": {
            "version": "3.1.1",
            "resolved": "https://registry.npmjs.org/csstype/-/csstype-3.1.1.tgz",
            "integrity": "sha512-DJR/VvkAvSZW9bTouZue2sSxDwdTN92uHjqeKVm+0dAqdfNykRzQ95tay8aXMBAAPpUiq4Qcug2L7neoRh2Egw==",
            "dev": true
        },
        "entities": {
            "version": "3.0.1",
            "resolved": "https://registry.npmjs.org/entities/-/entities-3.0.1.tgz",
            "integrity": "sha512-WiyBqoomrwMdFG1e0kqvASYfnlb0lp8M5o5Fw2OFq1hNZxxcNk8Ik0Xm7LxzBhuidnZB/UtBqVCgUz3kBOP51Q=="
        },
        "js-tokens": {
            "version": "4.0.0",
            "resolved": "https://registry.npmjs.org/js-tokens/-/js-tokens-4.0.0.tgz",
            "integrity": "sha512-RdJUflcE3cUzKiMqQgsCu06FPu9UdIJO0beYbPhHN4k6apgJtifcoCtT9bcxOpYBtpD2kCM6Sbzg4CausW/PKQ=="
        },
        "linkify-it": {
            "version": "4.0.1",
            "resolved": "https://registry.npmjs.org/linkify-it/-/linkify-it-4.0.1.tgz",
            "integrity": "sha512-C7bfi1UZmoj8+PQx22XyeXCuBlokoyWQL5pWSP+EI6nzRylyThouddufc2c1NDIcP9k5agmN9fLpA7VNJfIiqw==",
            "requires": {
                "uc.micro": "^1.0.1"
            }
        },
        "loose-envify": {
            "version": "1.4.0",
            "resolved": "https://registry.npmjs.org/loose-envify/-/loose-envify-1.4.0.tgz",
            "integrity": "sha512-lyuxPGr/Wfhrlem2CL/UcnUc1zcqKAImBDzukY7Y5F/yQiNdko6+fRLevlw1HgMySw7f611UIY408EtxRSoK3Q==",
            "requires": {
                "js-tokens": "^3.0.0 || ^4.0.0"
            }
        },
        "markdown-it": {
            "version": "13.0.1",
            "resolved": "https://registry.npmjs.org/markdown-it/-/markdown-it-13.0.1.tgz",
            "integrity": "sha512-lTlxriVoy2criHP0JKRhO2VDG9c2ypWCsT237eDiLqi09rmbKoUetyGHq2uOIRoRS//kfoJckS0eUzzkDR+k2Q==",
            "requires": {
                "argparse": "^2.0.1",
                "entities": "~3.0.1",
                "linkify-it": "^4.0.1",
                "mdurl": "^1.0.1",
                "uc.micro": "^1.0.5"
            }
        },
        "mdurl": {
            "version": "1.0.1",
            "resolved": "https://registry.npmjs.org/mdurl/-/mdurl-1.0.1.tgz",
            "integrity": "sha512-/sKlQJCBYVY9Ers9hqzKou4H6V5UWc/M59TH2dvkt+84itfnq7uFOMLpOiOS4ujvHP4etln18fmIxA5R5fll0g=="
        },
        "react": {
            "version": "18.2.0",
            "resolved": "https://registry.npmjs.org/react/-/react-18.2.0.tgz",
            "integrity": "sha512-/3IjMdb2L9QbBdWiW5e3P2/npwMBaU9mHCSCUzNln0ZCYbcfTsGbTJrU/kGemdH2IWmB2ioZ+zkxtmq6g09fGQ==",
            "requires": {
                "loose-envify": "^1.1.0"
            }
        },
        "react-dom": {
            "version": "18.2.0",
            "resolved": "https://registry.npmjs.org/react-dom/-/react-dom-18.2.0.tgz",
            "integrity": "sha512-6IMTriUmvsjHUjNtEDudZfuDQUoWXVxKHhlEGSk81n4YFS+r/Kl99wXiwlVXtPBtJenozv2P+hxDsw9eA7Xo6g==",
            "requires": {
                "loose-envify": "^1.1.0",
                "scheduler": "^0.23.0"
            }
        },
        "regenerator-runtime": {
            "version": "0.13.11",
            "resolved": "https://registry.npmjs.org/regenerator-runtime/-/regenerator-runtime-0.13.11.tgz",
            "integrity": "sha512-kY1AZVr2Ra+t+piVaJ4gxaFaReZVH40AKNo7UCX6W+dEwBo/2oZJzqfuN1qLq1oL45o56cPaTXELwrTh8Fpggg=="
        },
        "scheduler": {
            "version": "0.23.0",
            "resolved": "https://registry.npmjs.org/scheduler/-/scheduler-0.23.0.tgz",
            "integrity": "sha512-CtuThmgHNg7zIZWAXi3AsyIzA3n4xx7aNyjwC2VJldO2LMVDhFK+63xGqq6CsJH4rTAt6/M+N4GhZiDYPx9eUw==",
            "requires": {
                "loose-envify": "^1.1.0"
            }
        },
        "style-mod": {
            "version": "4.0.2",
            "resolved": "https://registry.npmjs.org/style-mod/-/style-mod-4.0.2.tgz",
            "integrity": "sha512-C4myMmRTO8iaC5Gg+N1ftK2WT4eXUTMAa+HEFPPrfVeO/NtqLTtAmV1HbqnuGtLwCek44Ra76fdGUkSqjiMPcQ=="
        },
        "uc.micro": {
            "version": "1.0.6",
            "resolved": "https://registry.npmjs.org/uc.micro/-/uc.micro-1.0.6.tgz",
            "integrity": "sha512-8Y75pvTYkLJW2hWQHXxoqRgV7qb9B+9vFEtidML+7koHUFapnVJAZ6cKs+Qjz5Aw3aZWHMC6u0wJE3At+nSGwA=="
        },
        "w3c-keyname": {
            "version": "2.2.6",
            "resolved": "https://registry.npmjs.org/w3c-keyname/-/w3c-keyname-2.2.6.tgz",
            "integrity": "sha512-f+fciywl1SJEniZHD6H+kUO8gOnwIr7f4ijKA6+ZvJFjeGi1r4PDLl53Ayud9O/rk64RqgoQine0feoeOU0kXg=="
        }
    }
}
