{
    "name": "@mashroom/mashroom-monitoring-metrics-collector",
    "version": "2.4.1",
    "lockfileVersion": 3,
    "requires": true,
    "packages": {
        "": {
            "name": "@mashroom/mashroom-monitoring-metrics-collector",
            "version": "2.4.1",
            "license": "MIT",
            "dependencies": {
                "response-time": "^2.3.2",
                "tdigest": "^0.1.2",
                "url-value-parser": "^2.2.0"
            },
            "devDependencies": {
                "@types/express": "^4.17.17",
                "@types/response-time": "^2.3.5"
            }
        },
        "node_modules/@types/body-parser": {
            "version": "1.19.2",
            "resolved": "https://registry.npmjs.org/@types/body-parser/-/body-parser-1.19.2.tgz",
            "integrity": "sha512-ALYone6pm6QmwZoAgeyNksccT9Q4AWZQ6PvfwR37GT6r6FWUPguq6sUmNGSMV2Wr761oQoBxwGGa6DR5o1DC9g==",
            "dev": true,
            "dependencies": {
                "@types/connect": "*",
                "@types/node": "*"
            }
        },
        "node_modules/@types/connect": {
            "version": "3.4.35",
            "resolved": "https://registry.npmjs.org/@types/connect/-/connect-3.4.35.tgz",
            "integrity": "sha512-cdeYyv4KWoEgpBISTxWvqYsVy444DOqehiF3fM3ne10AmJ62RSyNkUnxMJXHQWRQQX2eR94m5y1IZyDwBjV9FQ==",
            "dev": true,
            "dependencies": {
                "@types/node": "*"
            }
        },
        "node_modules/@types/express": {
            "version": "4.17.17",
            "resolved": "https://registry.npmjs.org/@types/express/-/express-4.17.17.tgz",
            "integrity": "sha512-Q4FmmuLGBG58btUnfS1c1r/NQdlp3DMfGDGig8WhfpA2YRUtEkxAjkZb0yvplJGYdF1fsQ81iMDcH24sSCNC/Q==",
            "dev": true,
            "dependencies": {
                "@types/body-parser": "*",
                "@types/express-serve-static-core": "^4.17.33",
                "@types/qs": "*",
                "@types/serve-static": "*"
            }
        },
        "node_modules/@types/express-serve-static-core": {
            "version": "4.17.34",
            "resolved": "https://registry.npmjs.org/@types/express-serve-static-core/-/express-serve-static-core-4.17.34.tgz",
            "integrity": "sha512-fvr49XlCGoUj2Pp730AItckfjat4WNb0lb3kfrLWffd+RLeoGAMsq7UOy04PAPtoL01uKwcp6u8nhzpgpDYr3w==",
            "dev": true,
            "dependencies": {
                "@types/node": "*",
                "@types/qs": "*",
                "@types/range-parser": "*",
                "@types/send": "*"
            }
        },
        "node_modules/@types/mime": {
            "version": "1.3.2",
            "resolved": "https://registry.npmjs.org/@types/mime/-/mime-1.3.2.tgz",
            "integrity": "sha512-YATxVxgRqNH6nHEIsvg6k2Boc1JHI9ZbH5iWFFv/MTkchz3b1ieGDa5T0a9RznNdI0KhVbdbWSN+KWWrQZRxTw==",
            "dev": true
        },
        "node_modules/@types/node": {
            "version": "18.16.3",
            "resolved": "https://registry.npmjs.org/@types/node/-/node-18.16.3.tgz",
            "integrity": "sha512-OPs5WnnT1xkCBiuQrZA4+YAV4HEJejmHneyraIaxsbev5yCEr6KMwINNFP9wQeFIw8FWcoTqF3vQsa5CDaI+8Q==",
            "dev": true
        },
        "node_modules/@types/qs": {
            "version": "6.9.7",
            "resolved": "https://registry.npmjs.org/@types/qs/-/qs-6.9.7.tgz",
            "integrity": "sha512-FGa1F62FT09qcrueBA6qYTrJPVDzah9a+493+o2PCXsesWHIn27G98TsSMs3WPNbZIEj4+VJf6saSFpvD+3Zsw==",
            "dev": true
        },
        "node_modules/@types/range-parser": {
            "version": "1.2.4",
            "resolved": "https://registry.npmjs.org/@types/range-parser/-/range-parser-1.2.4.tgz",
            "integrity": "sha512-EEhsLsD6UsDM1yFhAvy0Cjr6VwmpMWqFBCb9w07wVugF7w9nfajxLuVmngTIpgS6svCnm6Vaw+MZhoDCKnOfsw==",
            "dev": true
        },
        "node_modules/@types/response-time": {
            "version": "2.3.5",
            "resolved": "https://registry.npmjs.org/@types/response-time/-/response-time-2.3.5.tgz",
            "integrity": "sha512-4ANzp+I3K7sztFFAGPALWBvSl4ayaDSKzI2Bok+WNz+en2eB2Pvk6VCjR47PBXBWOkEg2r4uWpZOlXA5DNINOQ==",
            "dev": true,
            "dependencies": {
                "@types/express": "*",
                "@types/node": "*"
            }
        },
        "node_modules/@types/send": {
            "version": "0.17.1",
            "resolved": "https://registry.npmjs.org/@types/send/-/send-0.17.1.tgz",
            "integrity": "sha512-Cwo8LE/0rnvX7kIIa3QHCkcuF21c05Ayb0ZfxPiv0W8VRiZiNW/WuRupHKpqqGVGf7SUA44QSOUKaEd9lIrd/Q==",
            "dev": true,
            "dependencies": {
                "@types/mime": "^1",
                "@types/node": "*"
            }
        },
        "node_modules/@types/serve-static": {
            "version": "1.15.1",
            "resolved": "https://registry.npmjs.org/@types/serve-static/-/serve-static-1.15.1.tgz",
            "integrity": "sha512-NUo5XNiAdULrJENtJXZZ3fHtfMolzZwczzBbnAeBbqBwG+LaG6YaJtuwzwGSQZ2wsCrxjEhNNjAkKigy3n8teQ==",
            "dev": true,
            "dependencies": {
                "@types/mime": "*",
                "@types/node": "*"
            }
        },
        "node_modules/bintrees": {
            "version": "1.0.2",
            "resolved": "https://registry.npmjs.org/bintrees/-/bintrees-1.0.2.tgz",
            "integrity": "sha512-VOMgTMwjAaUG580SXn3LacVgjurrbMme7ZZNYGSSV7mmtY6QQRh0Eg3pwIcntQ77DErK1L0NxkbetjcoXzVwKw=="
        },
        "node_modules/depd": {
            "version": "1.1.2",
            "resolved": "https://registry.npmjs.org/depd/-/depd-1.1.2.tgz",
            "integrity": "sha512-7emPTl6Dpo6JRXOXjLRxck+FlLRX5847cLKEn00PLAgc3g2hTZZgr+e4c2v6QpSmLeFP3n5yUo7ft6avBK/5jQ==",
            "engines": {
                "node": ">= 0.6"
            }
        },
        "node_modules/on-headers": {
            "version": "1.0.2",
            "resolved": "https://registry.npmjs.org/on-headers/-/on-headers-1.0.2.tgz",
            "integrity": "sha512-pZAE+FJLoyITytdqK0U5s+FIpjN0JP3OzFi/u8Rx+EV5/W+JTWGXG8xFzevE7AjBfDqHv/8vL8qQsIhHnqRkrA==",
            "engines": {
                "node": ">= 0.8"
            }
        },
        "node_modules/response-time": {
            "version": "2.3.2",
            "resolved": "https://registry.npmjs.org/response-time/-/response-time-2.3.2.tgz",
            "integrity": "sha512-MUIDaDQf+CVqflfTdQ5yam+aYCkXj1PY8fjlPDQ6ppxJlmgZb864pHtA750mayywNg8tx4rS7qH9JXd/OF+3gw==",
            "dependencies": {
                "depd": "~1.1.0",
                "on-headers": "~1.0.1"
            },
            "engines": {
                "node": ">= 0.8.0"
            }
        },
        "node_modules/tdigest": {
            "version": "0.1.2",
            "resolved": "https://registry.npmjs.org/tdigest/-/tdigest-0.1.2.tgz",
            "integrity": "sha512-+G0LLgjjo9BZX2MfdvPfH+MKLCrxlXSYec5DaPYP1fe6Iyhf0/fSmJ0bFiZ1F8BT6cGXl2LpltQptzjXKWEkKA==",
            "dependencies": {
                "bintrees": "1.0.2"
            }
        },
        "node_modules/url-value-parser": {
            "version": "2.2.0",
            "resolved": "https://registry.npmjs.org/url-value-parser/-/url-value-parser-2.2.0.tgz",
            "integrity": "sha512-yIQdxJpgkPamPPAPuGdS7Q548rLhny42tg8d4vyTNzFqvOnwqrgHXvgehT09U7fwrzxi3RxCiXjoNUNnNOlQ8A==",
            "engines": {
                "node": ">=6.0.0"
            }
        }
    }
}
