{
    "name": "@mashroom/mashroom-portal-remote-messaging-app",
    "version": "2.2.3",
    "lockfileVersion": 2,
    "requires": true,
    "packages": {
        "": {
            "name": "@mashroom/mashroom-portal-remote-messaging-app",
            "version": "2.2.3",
            "license": "MIT",
            "devDependencies": {
                "@types/react": "^18.0.27",
                "@types/react-dom": "^18.0.10",
                "@types/react-redux": "^7.1.25",
                "nanoid": "^3.3.4",
                "react": "^18.2.0",
                "react-dom": "^18.2.0",
                "react-intl": "^6.2.5",
                "react-redux": "8.0.5",
                "redux": "^4.2.0",
                "shallow-equal": "^1.2.1"
            }
        },
        "node_modules/@babel/runtime": {
            "version": "7.20.13",
            "resolved": "https://registry.npmjs.org/@babel/runtime/-/runtime-7.20.13.tgz",
            "integrity": "sha512-gt3PKXs0DBoL9xCvOIIZ2NEqAGZqHjAnmVbfQtB620V0uReIQutpel14KcneZuer7UioY8ALKZ7iocavvzTNFA==",
            "dev": true,
            "dependencies": {
                "regenerator-runtime": "^0.13.11"
            },
            "engines": {
                "node": ">=6.9.0"
            }
        },
        "node_modules/@formatjs/ecma402-abstract": {
            "version": "1.14.3",
            "resolved": "https://registry.npmjs.org/@formatjs/ecma402-abstract/-/ecma402-abstract-1.14.3.tgz",
            "integrity": "sha512-SlsbRC/RX+/zg4AApWIFNDdkLtFbkq3LNoZWXZCE/nHVKqoIJyaoQyge/I0Y38vLxowUn9KTtXgusLD91+orbg==",
            "dev": true,
            "dependencies": {
                "@formatjs/intl-localematcher": "0.2.32",
                "tslib": "^2.4.0"
            }
        },
        "node_modules/@formatjs/fast-memoize": {
            "version": "1.2.7",
            "resolved": "https://registry.npmjs.org/@formatjs/fast-memoize/-/fast-memoize-1.2.7.tgz",
            "integrity": "sha512-hPeM5LXUUjtCKPybWOUAWpv8lpja8Xz+uKprFPJcg5F2Rd+/bf1E0UUsLRpaAgOReAf5HMRtoIgv/UcyPICrTQ==",
            "dev": true,
            "dependencies": {
                "tslib": "^2.4.0"
            }
        },
        "node_modules/@formatjs/icu-messageformat-parser": {
            "version": "2.1.14",
            "resolved": "https://registry.npmjs.org/@formatjs/icu-messageformat-parser/-/icu-messageformat-parser-2.1.14.tgz",
            "integrity": "sha512-0KqeVOb72losEhUW+59vhZGGd14s1f35uThfEMVKZHKLEObvJdFTiI3ZQwvTMUCzLEMxnS6mtnYPmG4mTvwd3Q==",
            "dev": true,
            "dependencies": {
                "@formatjs/ecma402-abstract": "1.14.3",
                "@formatjs/icu-skeleton-parser": "1.3.18",
                "tslib": "^2.4.0"
            }
        },
        "node_modules/@formatjs/icu-skeleton-parser": {
            "version": "1.3.18",
            "resolved": "https://registry.npmjs.org/@formatjs/icu-skeleton-parser/-/icu-skeleton-parser-1.3.18.tgz",
            "integrity": "sha512-ND1ZkZfmLPcHjAH1sVpkpQxA+QYfOX3py3SjKWMUVGDow18gZ0WPqz3F+pJLYQMpS2LnnQ5zYR2jPVYTbRwMpg==",
            "dev": true,
            "dependencies": {
                "@formatjs/ecma402-abstract": "1.14.3",
                "tslib": "^2.4.0"
            }
        },
        "node_modules/@formatjs/intl": {
            "version": "2.6.3",
            "resolved": "https://registry.npmjs.org/@formatjs/intl/-/intl-2.6.3.tgz",
            "integrity": "sha512-JaVZk14U/GypVfCZPevQ0KdruFkq16FXx7g398/Dm+YEx/W7sRiftbZeDy4wQ7WGryb45e763XycxD9o/vm9BA==",
            "dev": true,
            "dependencies": {
                "@formatjs/ecma402-abstract": "1.14.3",
                "@formatjs/fast-memoize": "1.2.7",
                "@formatjs/icu-messageformat-parser": "2.1.14",
                "@formatjs/intl-displaynames": "6.2.3",
                "@formatjs/intl-listformat": "7.1.7",
                "intl-messageformat": "10.2.5",
                "tslib": "^2.4.0"
            },
            "peerDependencies": {
                "typescript": "^4.7"
            },
            "peerDependenciesMeta": {
                "typescript": {
                    "optional": true
                }
            }
        },
        "node_modules/@formatjs/intl-displaynames": {
            "version": "6.2.3",
            "resolved": "https://registry.npmjs.org/@formatjs/intl-displaynames/-/intl-displaynames-6.2.3.tgz",
            "integrity": "sha512-teB0L68MDGM8jEKQg55w7nvFjzeLHE6e3eK/04s+iuEVYYmvjjiHJKHrthKENzcJ0F6mHf/AwXrbX+1mKxT6AQ==",
            "dev": true,
            "dependencies": {
                "@formatjs/ecma402-abstract": "1.14.3",
                "@formatjs/intl-localematcher": "0.2.32",
                "tslib": "^2.4.0"
            }
        },
        "node_modules/@formatjs/intl-listformat": {
            "version": "7.1.7",
            "resolved": "https://registry.npmjs.org/@formatjs/intl-listformat/-/intl-listformat-7.1.7.tgz",
            "integrity": "sha512-Zzf5ruPpfJnrAA2hGgf/6pMgQ3tx9oJVhpqycFDavHl3eEzrwdHddGqGdSNwhd0bB4NAFttZNQdmKDldc5iDZw==",
            "dev": true,
            "dependencies": {
                "@formatjs/ecma402-abstract": "1.14.3",
                "@formatjs/intl-localematcher": "0.2.32",
                "tslib": "^2.4.0"
            }
        },
        "node_modules/@formatjs/intl-localematcher": {
            "version": "0.2.32",
            "resolved": "https://registry.npmjs.org/@formatjs/intl-localematcher/-/intl-localematcher-0.2.32.tgz",
            "integrity": "sha512-k/MEBstff4sttohyEpXxCmC3MqbUn9VvHGlZ8fauLzkbwXmVrEeyzS+4uhrvAk9DWU9/7otYWxyDox4nT/KVLQ==",
            "dev": true,
            "dependencies": {
                "tslib": "^2.4.0"
            }
        },
        "node_modules/@types/hoist-non-react-statics": {
            "version": "3.3.1",
            "resolved": "https://registry.npmjs.org/@types/hoist-non-react-statics/-/hoist-non-react-statics-3.3.1.tgz",
            "integrity": "sha512-iMIqiko6ooLrTh1joXodJK5X9xeEALT1kM5G3ZLhD3hszxBdIEd5C75U834D9mLcINgD4OyZf5uQXjkuYydWvA==",
            "dev": true,
            "dependencies": {
                "@types/react": "*",
                "hoist-non-react-statics": "^3.3.0"
            }
        },
        "node_modules/@types/prop-types": {
            "version": "15.7.5",
            "resolved": "https://registry.npmjs.org/@types/prop-types/-/prop-types-15.7.5.tgz",
            "integrity": "sha512-JCB8C6SnDoQf0cNycqd/35A7MjcnK+ZTqE7judS6o7utxUCg6imJg3QK2qzHKszlTjcj2cn+NwMB2i96ubpj7w==",
            "dev": true
        },
        "node_modules/@types/react": {
            "version": "18.0.27",
            "resolved": "https://registry.npmjs.org/@types/react/-/react-18.0.27.tgz",
            "integrity": "sha512-3vtRKHgVxu3Jp9t718R9BuzoD4NcQ8YJ5XRzsSKxNDiDonD2MXIT1TmSkenxuCycZJoQT5d2vE8LwWJxBC1gmA==",
            "dev": true,
            "dependencies": {
                "@types/prop-types": "*",
                "@types/scheduler": "*",
                "csstype": "^3.0.2"
            }
        },
        "node_modules/@types/react-dom": {
            "version": "18.0.10",
            "resolved": "https://registry.npmjs.org/@types/react-dom/-/react-dom-18.0.10.tgz",
            "integrity": "sha512-E42GW/JA4Qv15wQdqJq8DL4JhNpB3prJgjgapN3qJT9K2zO5IIAQh4VXvCEDupoqAwnz0cY4RlXeC/ajX5SFHg==",
            "dev": true,
            "dependencies": {
                "@types/react": "*"
            }
        },
        "node_modules/@types/react-redux": {
            "version": "7.1.25",
            "resolved": "https://registry.npmjs.org/@types/react-redux/-/react-redux-7.1.25.tgz",
            "integrity": "sha512-bAGh4e+w5D8dajd6InASVIyCo4pZLJ66oLb80F9OBLO1gKESbZcRCJpTT6uLXX+HAB57zw1WTdwJdAsewuTweg==",
            "dev": true,
            "dependencies": {
                "@types/hoist-non-react-statics": "^3.3.0",
                "@types/react": "*",
                "hoist-non-react-statics": "^3.3.0",
                "redux": "^4.0.0"
            }
        },
        "node_modules/@types/scheduler": {
            "version": "0.16.2",
            "resolved": "https://registry.npmjs.org/@types/scheduler/-/scheduler-0.16.2.tgz",
            "integrity": "sha512-hppQEBDmlwhFAXKJX2KnWLYu5yMfi91yazPb2l+lbJiwW+wdo1gNeRA+3RgNSO39WYX2euey41KEwnqesU2Jew==",
            "dev": true
        },
        "node_modules/@types/use-sync-external-store": {
            "version": "0.0.3",
            "resolved": "https://registry.npmjs.org/@types/use-sync-external-store/-/use-sync-external-store-0.0.3.tgz",
            "integrity": "sha512-EwmlvuaxPNej9+T4v5AuBPJa2x2UOJVdjCtDHgcDqitUeOtjnJKJ+apYjVcAoBEMjKW1VVFGZLUb5+qqa09XFA==",
            "dev": true
        },
        "node_modules/csstype": {
            "version": "3.1.1",
            "resolved": "https://registry.npmjs.org/csstype/-/csstype-3.1.1.tgz",
            "integrity": "sha512-DJR/VvkAvSZW9bTouZue2sSxDwdTN92uHjqeKVm+0dAqdfNykRzQ95tay8aXMBAAPpUiq4Qcug2L7neoRh2Egw==",
            "dev": true
        },
        "node_modules/hoist-non-react-statics": {
            "version": "3.3.2",
            "resolved": "https://registry.npmjs.org/hoist-non-react-statics/-/hoist-non-react-statics-3.3.2.tgz",
            "integrity": "sha512-/gGivxi8JPKWNm/W0jSmzcMPpfpPLc3dY/6GxhX2hQ9iGj3aDfklV4ET7NjKpSinLpJ5vafa9iiGIEZg10SfBw==",
            "dev": true,
            "dependencies": {
                "react-is": "^16.7.0"
            }
        },
        "node_modules/intl-messageformat": {
            "version": "10.2.5",
            "resolved": "https://registry.npmjs.org/intl-messageformat/-/intl-messageformat-10.2.5.tgz",
            "integrity": "sha512-AievYMN6WLLHwBeCTv4aRKG+w3ZNyZtkObwgsKk3Q7GNTq8zDRvDbJSBQkb2OPeVCcAKcIXvak9FF/bRNavoww==",
            "dev": true,
            "dependencies": {
                "@formatjs/ecma402-abstract": "1.14.3",
                "@formatjs/fast-memoize": "1.2.7",
                "@formatjs/icu-messageformat-parser": "2.1.14",
                "tslib": "^2.4.0"
            }
        },
        "node_modules/js-tokens": {
            "version": "4.0.0",
            "resolved": "https://registry.npmjs.org/js-tokens/-/js-tokens-4.0.0.tgz",
            "integrity": "sha512-RdJUflcE3cUzKiMqQgsCu06FPu9UdIJO0beYbPhHN4k6apgJtifcoCtT9bcxOpYBtpD2kCM6Sbzg4CausW/PKQ==",
            "dev": true
        },
        "node_modules/loose-envify": {
            "version": "1.4.0",
            "resolved": "https://registry.npmjs.org/loose-envify/-/loose-envify-1.4.0.tgz",
            "integrity": "sha512-lyuxPGr/Wfhrlem2CL/UcnUc1zcqKAImBDzukY7Y5F/yQiNdko6+fRLevlw1HgMySw7f611UIY408EtxRSoK3Q==",
            "dev": true,
            "dependencies": {
                "js-tokens": "^3.0.0 || ^4.0.0"
            },
            "bin": {
                "loose-envify": "cli.js"
            }
        },
        "node_modules/nanoid": {
            "version": "3.3.4",
            "resolved": "https://registry.npmjs.org/nanoid/-/nanoid-3.3.4.tgz",
            "integrity": "sha512-MqBkQh/OHTS2egovRtLk45wEyNXwF+cokD+1YPf9u5VfJiRdAiRwB2froX5Co9Rh20xs4siNPm8naNotSD6RBw==",
            "dev": true,
            "bin": {
                "nanoid": "bin/nanoid.cjs"
            },
            "engines": {
                "node": "^10 || ^12 || ^13.7 || ^14 || >=15.0.1"
            }
        },
        "node_modules/react": {
            "version": "18.2.0",
            "resolved": "https://registry.npmjs.org/react/-/react-18.2.0.tgz",
            "integrity": "sha512-/3IjMdb2L9QbBdWiW5e3P2/npwMBaU9mHCSCUzNln0ZCYbcfTsGbTJrU/kGemdH2IWmB2ioZ+zkxtmq6g09fGQ==",
            "dev": true,
            "dependencies": {
                "loose-envify": "^1.1.0"
            },
            "engines": {
                "node": ">=0.10.0"
            }
        },
        "node_modules/react-dom": {
            "version": "18.2.0",
            "resolved": "https://registry.npmjs.org/react-dom/-/react-dom-18.2.0.tgz",
            "integrity": "sha512-6IMTriUmvsjHUjNtEDudZfuDQUoWXVxKHhlEGSk81n4YFS+r/Kl99wXiwlVXtPBtJenozv2P+hxDsw9eA7Xo6g==",
            "dev": true,
            "dependencies": {
                "loose-envify": "^1.1.0",
                "scheduler": "^0.23.0"
            },
            "peerDependencies": {
                "react": "^18.2.0"
            }
        },
        "node_modules/react-intl": {
            "version": "6.2.5",
            "resolved": "https://registry.npmjs.org/react-intl/-/react-intl-6.2.5.tgz",
            "integrity": "sha512-nz21POTKbE0sPEuEJU4o5YTZYY7VlIYCPNJaD6D2+xKyk6Noj6DoUK0LRO9LXuQNUuQ044IZl3m6ymzZRj8XFQ==",
            "dev": true,
            "dependencies": {
                "@formatjs/ecma402-abstract": "1.14.3",
                "@formatjs/icu-messageformat-parser": "2.1.14",
                "@formatjs/intl": "2.6.3",
                "@formatjs/intl-displaynames": "6.2.3",
                "@formatjs/intl-listformat": "7.1.7",
                "@types/hoist-non-react-statics": "^3.3.1",
                "@types/react": "16 || 17 || 18",
                "hoist-non-react-statics": "^3.3.2",
                "intl-messageformat": "10.2.5",
                "tslib": "^2.4.0"
            },
            "peerDependencies": {
                "react": "^16.6.0 || 17 || 18",
                "typescript": "^4.7"
            },
            "peerDependenciesMeta": {
                "typescript": {
                    "optional": true
                }
            }
        },
        "node_modules/react-is": {
            "version": "16.13.1",
            "resolved": "https://registry.npmjs.org/react-is/-/react-is-16.13.1.tgz",
            "integrity": "sha512-24e6ynE2H+OKt4kqsOvNd8kBpV65zoxbA4BVsEOB3ARVWQki/DHzaUoC5KuON/BiccDaCCTZBuOcfZs70kR8bQ==",
            "dev": true
        },
        "node_modules/react-redux": {
            "version": "8.0.5",
            "resolved": "https://registry.npmjs.org/react-redux/-/react-redux-8.0.5.tgz",
            "integrity": "sha512-Q2f6fCKxPFpkXt1qNRZdEDLlScsDWyrgSj0mliK59qU6W5gvBiKkdMEG2lJzhd1rCctf0hb6EtePPLZ2e0m1uw==",
            "dev": true,
            "dependencies": {
                "@babel/runtime": "^7.12.1",
                "@types/hoist-non-react-statics": "^3.3.1",
                "@types/use-sync-external-store": "^0.0.3",
                "hoist-non-react-statics": "^3.3.2",
                "react-is": "^18.0.0",
                "use-sync-external-store": "^1.0.0"
            },
            "peerDependencies": {
                "@types/react": "^16.8 || ^17.0 || ^18.0",
                "@types/react-dom": "^16.8 || ^17.0 || ^18.0",
                "react": "^16.8 || ^17.0 || ^18.0",
                "react-dom": "^16.8 || ^17.0 || ^18.0",
                "react-native": ">=0.59",
                "redux": "^4"
            },
            "peerDependenciesMeta": {
                "@types/react": {
                    "optional": true
                },
                "@types/react-dom": {
                    "optional": true
                },
                "react-dom": {
                    "optional": true
                },
                "react-native": {
                    "optional": true
                },
                "redux": {
                    "optional": true
                }
            }
        },
        "node_modules/react-redux/node_modules/react-is": {
            "version": "18.2.0",
            "resolved": "https://registry.npmjs.org/react-is/-/react-is-18.2.0.tgz",
            "integrity": "sha512-xWGDIW6x921xtzPkhiULtthJHoJvBbF3q26fzloPCK0hsvxtPVelvftw3zjbHWSkR2km9Z+4uxbDDK/6Zw9B8w==",
            "dev": true
        },
        "node_modules/redux": {
            "version": "4.2.0",
            "resolved": "https://registry.npmjs.org/redux/-/redux-4.2.0.tgz",
            "integrity": "sha512-oSBmcKKIuIR4ME29/AeNUnl5L+hvBq7OaJWzaptTQJAntaPvxIJqfnjbaEiCzzaIz+XmVILfqAM3Ob0aXLPfjA==",
            "dev": true,
            "dependencies": {
                "@babel/runtime": "^7.9.2"
            }
        },
        "node_modules/regenerator-runtime": {
            "version": "0.13.11",
            "resolved": "https://registry.npmjs.org/regenerator-runtime/-/regenerator-runtime-0.13.11.tgz",
            "integrity": "sha512-kY1AZVr2Ra+t+piVaJ4gxaFaReZVH40AKNo7UCX6W+dEwBo/2oZJzqfuN1qLq1oL45o56cPaTXELwrTh8Fpggg==",
            "dev": true
        },
        "node_modules/scheduler": {
            "version": "0.23.0",
            "resolved": "https://registry.npmjs.org/scheduler/-/scheduler-0.23.0.tgz",
            "integrity": "sha512-CtuThmgHNg7zIZWAXi3AsyIzA3n4xx7aNyjwC2VJldO2LMVDhFK+63xGqq6CsJH4rTAt6/M+N4GhZiDYPx9eUw==",
            "dev": true,
            "dependencies": {
                "loose-envify": "^1.1.0"
            }
        },
        "node_modules/shallow-equal": {
            "version": "1.2.1",
            "resolved": "https://registry.npmjs.org/shallow-equal/-/shallow-equal-1.2.1.tgz",
            "integrity": "sha512-S4vJDjHHMBaiZuT9NPb616CSmLf618jawtv3sufLl6ivK8WocjAo58cXwbRV1cgqxH0Qbv+iUt6m05eqEa2IRA==",
            "dev": true
        },
        "node_modules/tslib": {
            "version": "2.4.1",
            "resolved": "https://registry.npmjs.org/tslib/-/tslib-2.4.1.tgz",
            "integrity": "sha512-tGyy4dAjRIEwI7BzsB0lynWgOpfqjUdq91XXAlIWD2OwKBH7oCl/GZG/HT4BOHrTlPMOASlMQ7veyTqpmRcrNA==",
            "dev": true
        },
        "node_modules/use-sync-external-store": {
            "version": "1.2.0",
            "resolved": "https://registry.npmjs.org/use-sync-external-store/-/use-sync-external-store-1.2.0.tgz",
            "integrity": "sha512-eEgnFxGQ1Ife9bzYs6VLi8/4X6CObHMw9Qr9tPY43iKwsPw8xE8+EFsf/2cFZ5S3esXgpWgtSCtLNS41F+sKPA==",
            "dev": true,
            "peerDependencies": {
                "react": "^16.8.0 || ^17.0.0 || ^18.0.0"
            }
        }
    },
    "dependencies": {
        "@babel/runtime": {
            "version": "7.20.13",
            "resolved": "https://registry.npmjs.org/@babel/runtime/-/runtime-7.20.13.tgz",
            "integrity": "sha512-gt3PKXs0DBoL9xCvOIIZ2NEqAGZqHjAnmVbfQtB620V0uReIQutpel14KcneZuer7UioY8ALKZ7iocavvzTNFA==",
            "dev": true,
            "requires": {
                "regenerator-runtime": "^0.13.11"
            }
        },
        "@formatjs/ecma402-abstract": {
            "version": "1.14.3",
            "resolved": "https://registry.npmjs.org/@formatjs/ecma402-abstract/-/ecma402-abstract-1.14.3.tgz",
            "integrity": "sha512-SlsbRC/RX+/zg4AApWIFNDdkLtFbkq3LNoZWXZCE/nHVKqoIJyaoQyge/I0Y38vLxowUn9KTtXgusLD91+orbg==",
            "dev": true,
            "requires": {
                "@formatjs/intl-localematcher": "0.2.32",
                "tslib": "^2.4.0"
            }
        },
        "@formatjs/fast-memoize": {
            "version": "1.2.7",
            "resolved": "https://registry.npmjs.org/@formatjs/fast-memoize/-/fast-memoize-1.2.7.tgz",
            "integrity": "sha512-hPeM5LXUUjtCKPybWOUAWpv8lpja8Xz+uKprFPJcg5F2Rd+/bf1E0UUsLRpaAgOReAf5HMRtoIgv/UcyPICrTQ==",
            "dev": true,
            "requires": {
                "tslib": "^2.4.0"
            }
        },
        "@formatjs/icu-messageformat-parser": {
            "version": "2.1.14",
            "resolved": "https://registry.npmjs.org/@formatjs/icu-messageformat-parser/-/icu-messageformat-parser-2.1.14.tgz",
            "integrity": "sha512-0KqeVOb72losEhUW+59vhZGGd14s1f35uThfEMVKZHKLEObvJdFTiI3ZQwvTMUCzLEMxnS6mtnYPmG4mTvwd3Q==",
            "dev": true,
            "requires": {
                "@formatjs/ecma402-abstract": "1.14.3",
                "@formatjs/icu-skeleton-parser": "1.3.18",
                "tslib": "^2.4.0"
            }
        },
        "@formatjs/icu-skeleton-parser": {
            "version": "1.3.18",
            "resolved": "https://registry.npmjs.org/@formatjs/icu-skeleton-parser/-/icu-skeleton-parser-1.3.18.tgz",
            "integrity": "sha512-ND1ZkZfmLPcHjAH1sVpkpQxA+QYfOX3py3SjKWMUVGDow18gZ0WPqz3F+pJLYQMpS2LnnQ5zYR2jPVYTbRwMpg==",
            "dev": true,
            "requires": {
                "@formatjs/ecma402-abstract": "1.14.3",
                "tslib": "^2.4.0"
            }
        },
        "@formatjs/intl": {
            "version": "2.6.3",
            "resolved": "https://registry.npmjs.org/@formatjs/intl/-/intl-2.6.3.tgz",
            "integrity": "sha512-JaVZk14U/GypVfCZPevQ0KdruFkq16FXx7g398/Dm+YEx/W7sRiftbZeDy4wQ7WGryb45e763XycxD9o/vm9BA==",
            "dev": true,
            "requires": {
                "@formatjs/ecma402-abstract": "1.14.3",
                "@formatjs/fast-memoize": "1.2.7",
                "@formatjs/icu-messageformat-parser": "2.1.14",
                "@formatjs/intl-displaynames": "6.2.3",
                "@formatjs/intl-listformat": "7.1.7",
                "intl-messageformat": "10.2.5",
                "tslib": "^2.4.0"
            }
        },
        "@formatjs/intl-displaynames": {
            "version": "6.2.3",
            "resolved": "https://registry.npmjs.org/@formatjs/intl-displaynames/-/intl-displaynames-6.2.3.tgz",
            "integrity": "sha512-teB0L68MDGM8jEKQg55w7nvFjzeLHE6e3eK/04s+iuEVYYmvjjiHJKHrthKENzcJ0F6mHf/AwXrbX+1mKxT6AQ==",
            "dev": true,
            "requires": {
                "@formatjs/ecma402-abstract": "1.14.3",
                "@formatjs/intl-localematcher": "0.2.32",
                "tslib": "^2.4.0"
            }
        },
        "@formatjs/intl-listformat": {
            "version": "7.1.7",
            "resolved": "https://registry.npmjs.org/@formatjs/intl-listformat/-/intl-listformat-7.1.7.tgz",
            "integrity": "sha512-Zzf5ruPpfJnrAA2hGgf/6pMgQ3tx9oJVhpqycFDavHl3eEzrwdHddGqGdSNwhd0bB4NAFttZNQdmKDldc5iDZw==",
            "dev": true,
            "requires": {
                "@formatjs/ecma402-abstract": "1.14.3",
                "@formatjs/intl-localematcher": "0.2.32",
                "tslib": "^2.4.0"
            }
        },
        "@formatjs/intl-localematcher": {
            "version": "0.2.32",
            "resolved": "https://registry.npmjs.org/@formatjs/intl-localematcher/-/intl-localematcher-0.2.32.tgz",
            "integrity": "sha512-k/MEBstff4sttohyEpXxCmC3MqbUn9VvHGlZ8fauLzkbwXmVrEeyzS+4uhrvAk9DWU9/7otYWxyDox4nT/KVLQ==",
            "dev": true,
            "requires": {
                "tslib": "^2.4.0"
            }
        },
        "@types/hoist-non-react-statics": {
            "version": "3.3.1",
            "resolved": "https://registry.npmjs.org/@types/hoist-non-react-statics/-/hoist-non-react-statics-3.3.1.tgz",
            "integrity": "sha512-iMIqiko6ooLrTh1joXodJK5X9xeEALT1kM5G3ZLhD3hszxBdIEd5C75U834D9mLcINgD4OyZf5uQXjkuYydWvA==",
            "dev": true,
            "requires": {
                "@types/react": "*",
                "hoist-non-react-statics": "^3.3.0"
            }
        },
        "@types/prop-types": {
            "version": "15.7.5",
            "resolved": "https://registry.npmjs.org/@types/prop-types/-/prop-types-15.7.5.tgz",
            "integrity": "sha512-JCB8C6SnDoQf0cNycqd/35A7MjcnK+ZTqE7judS6o7utxUCg6imJg3QK2qzHKszlTjcj2cn+NwMB2i96ubpj7w==",
            "dev": true
        },
        "@types/react": {
            "version": "18.0.27",
            "resolved": "https://registry.npmjs.org/@types/react/-/react-18.0.27.tgz",
            "integrity": "sha512-3vtRKHgVxu3Jp9t718R9BuzoD4NcQ8YJ5XRzsSKxNDiDonD2MXIT1TmSkenxuCycZJoQT5d2vE8LwWJxBC1gmA==",
            "dev": true,
            "requires": {
                "@types/prop-types": "*",
                "@types/scheduler": "*",
                "csstype": "^3.0.2"
            }
        },
        "@types/react-dom": {
            "version": "18.0.10",
            "resolved": "https://registry.npmjs.org/@types/react-dom/-/react-dom-18.0.10.tgz",
            "integrity": "sha512-E42GW/JA4Qv15wQdqJq8DL4JhNpB3prJgjgapN3qJT9K2zO5IIAQh4VXvCEDupoqAwnz0cY4RlXeC/ajX5SFHg==",
            "dev": true,
            "requires": {
                "@types/react": "*"
            }
        },
        "@types/react-redux": {
            "version": "7.1.25",
            "resolved": "https://registry.npmjs.org/@types/react-redux/-/react-redux-7.1.25.tgz",
            "integrity": "sha512-bAGh4e+w5D8dajd6InASVIyCo4pZLJ66oLb80F9OBLO1gKESbZcRCJpTT6uLXX+HAB57zw1WTdwJdAsewuTweg==",
            "dev": true,
            "requires": {
                "@types/hoist-non-react-statics": "^3.3.0",
                "@types/react": "*",
                "hoist-non-react-statics": "^3.3.0",
                "redux": "^4.0.0"
            }
        },
        "@types/scheduler": {
            "version": "0.16.2",
            "resolved": "https://registry.npmjs.org/@types/scheduler/-/scheduler-0.16.2.tgz",
            "integrity": "sha512-hppQEBDmlwhFAXKJX2KnWLYu5yMfi91yazPb2l+lbJiwW+wdo1gNeRA+3RgNSO39WYX2euey41KEwnqesU2Jew==",
            "dev": true
        },
        "@types/use-sync-external-store": {
            "version": "0.0.3",
            "resolved": "https://registry.npmjs.org/@types/use-sync-external-store/-/use-sync-external-store-0.0.3.tgz",
            "integrity": "sha512-EwmlvuaxPNej9+T4v5AuBPJa2x2UOJVdjCtDHgcDqitUeOtjnJKJ+apYjVcAoBEMjKW1VVFGZLUb5+qqa09XFA==",
            "dev": true
        },
        "csstype": {
            "version": "3.1.1",
            "resolved": "https://registry.npmjs.org/csstype/-/csstype-3.1.1.tgz",
            "integrity": "sha512-DJR/VvkAvSZW9bTouZue2sSxDwdTN92uHjqeKVm+0dAqdfNykRzQ95tay8aXMBAAPpUiq4Qcug2L7neoRh2Egw==",
            "dev": true
        },
        "hoist-non-react-statics": {
            "version": "3.3.2",
            "resolved": "https://registry.npmjs.org/hoist-non-react-statics/-/hoist-non-react-statics-3.3.2.tgz",
            "integrity": "sha512-/gGivxi8JPKWNm/W0jSmzcMPpfpPLc3dY/6GxhX2hQ9iGj3aDfklV4ET7NjKpSinLpJ5vafa9iiGIEZg10SfBw==",
            "dev": true,
            "requires": {
                "react-is": "^16.7.0"
            }
        },
        "intl-messageformat": {
            "version": "10.2.5",
            "resolved": "https://registry.npmjs.org/intl-messageformat/-/intl-messageformat-10.2.5.tgz",
            "integrity": "sha512-AievYMN6WLLHwBeCTv4aRKG+w3ZNyZtkObwgsKk3Q7GNTq8zDRvDbJSBQkb2OPeVCcAKcIXvak9FF/bRNavoww==",
            "dev": true,
            "requires": {
                "@formatjs/ecma402-abstract": "1.14.3",
                "@formatjs/fast-memoize": "1.2.7",
                "@formatjs/icu-messageformat-parser": "2.1.14",
                "tslib": "^2.4.0"
            }
        },
        "js-tokens": {
            "version": "4.0.0",
            "resolved": "https://registry.npmjs.org/js-tokens/-/js-tokens-4.0.0.tgz",
            "integrity": "sha512-RdJUflcE3cUzKiMqQgsCu06FPu9UdIJO0beYbPhHN4k6apgJtifcoCtT9bcxOpYBtpD2kCM6Sbzg4CausW/PKQ==",
            "dev": true
        },
        "loose-envify": {
            "version": "1.4.0",
            "resolved": "https://registry.npmjs.org/loose-envify/-/loose-envify-1.4.0.tgz",
            "integrity": "sha512-lyuxPGr/Wfhrlem2CL/UcnUc1zcqKAImBDzukY7Y5F/yQiNdko6+fRLevlw1HgMySw7f611UIY408EtxRSoK3Q==",
            "dev": true,
            "requires": {
                "js-tokens": "^3.0.0 || ^4.0.0"
            }
        },
        "nanoid": {
            "version": "3.3.4",
            "resolved": "https://registry.npmjs.org/nanoid/-/nanoid-3.3.4.tgz",
            "integrity": "sha512-MqBkQh/OHTS2egovRtLk45wEyNXwF+cokD+1YPf9u5VfJiRdAiRwB2froX5Co9Rh20xs4siNPm8naNotSD6RBw==",
            "dev": true
        },
        "react": {
            "version": "18.2.0",
            "resolved": "https://registry.npmjs.org/react/-/react-18.2.0.tgz",
            "integrity": "sha512-/3IjMdb2L9QbBdWiW5e3P2/npwMBaU9mHCSCUzNln0ZCYbcfTsGbTJrU/kGemdH2IWmB2ioZ+zkxtmq6g09fGQ==",
            "dev": true,
            "requires": {
                "loose-envify": "^1.1.0"
            }
        },
        "react-dom": {
            "version": "18.2.0",
            "resolved": "https://registry.npmjs.org/react-dom/-/react-dom-18.2.0.tgz",
            "integrity": "sha512-6IMTriUmvsjHUjNtEDudZfuDQUoWXVxKHhlEGSk81n4YFS+r/Kl99wXiwlVXtPBtJenozv2P+hxDsw9eA7Xo6g==",
            "dev": true,
            "requires": {
                "loose-envify": "^1.1.0",
                "scheduler": "^0.23.0"
            }
        },
        "react-intl": {
            "version": "6.2.5",
            "resolved": "https://registry.npmjs.org/react-intl/-/react-intl-6.2.5.tgz",
            "integrity": "sha512-nz21POTKbE0sPEuEJU4o5YTZYY7VlIYCPNJaD6D2+xKyk6Noj6DoUK0LRO9LXuQNUuQ044IZl3m6ymzZRj8XFQ==",
            "dev": true,
            "requires": {
                "@formatjs/ecma402-abstract": "1.14.3",
                "@formatjs/icu-messageformat-parser": "2.1.14",
                "@formatjs/intl": "2.6.3",
                "@formatjs/intl-displaynames": "6.2.3",
                "@formatjs/intl-listformat": "7.1.7",
                "@types/hoist-non-react-statics": "^3.3.1",
                "@types/react": "16 || 17 || 18",
                "hoist-non-react-statics": "^3.3.2",
                "intl-messageformat": "10.2.5",
                "tslib": "^2.4.0"
            }
        },
        "react-is": {
            "version": "16.13.1",
            "resolved": "https://registry.npmjs.org/react-is/-/react-is-16.13.1.tgz",
            "integrity": "sha512-24e6ynE2H+OKt4kqsOvNd8kBpV65zoxbA4BVsEOB3ARVWQki/DHzaUoC5KuON/BiccDaCCTZBuOcfZs70kR8bQ==",
            "dev": true
        },
        "react-redux": {
            "version": "8.0.5",
            "resolved": "https://registry.npmjs.org/react-redux/-/react-redux-8.0.5.tgz",
            "integrity": "sha512-Q2f6fCKxPFpkXt1qNRZdEDLlScsDWyrgSj0mliK59qU6W5gvBiKkdMEG2lJzhd1rCctf0hb6EtePPLZ2e0m1uw==",
            "dev": true,
            "requires": {
                "@babel/runtime": "^7.12.1",
                "@types/hoist-non-react-statics": "^3.3.1",
                "@types/use-sync-external-store": "^0.0.3",
                "hoist-non-react-statics": "^3.3.2",
                "react-is": "^18.0.0",
                "use-sync-external-store": "^1.0.0"
            },
            "dependencies": {
                "react-is": {
                    "version": "18.2.0",
                    "resolved": "https://registry.npmjs.org/react-is/-/react-is-18.2.0.tgz",
                    "integrity": "sha512-xWGDIW6x921xtzPkhiULtthJHoJvBbF3q26fzloPCK0hsvxtPVelvftw3zjbHWSkR2km9Z+4uxbDDK/6Zw9B8w==",
                    "dev": true
                }
            }
        },
        "redux": {
            "version": "4.2.0",
            "resolved": "https://registry.npmjs.org/redux/-/redux-4.2.0.tgz",
            "integrity": "sha512-oSBmcKKIuIR4ME29/AeNUnl5L+hvBq7OaJWzaptTQJAntaPvxIJqfnjbaEiCzzaIz+XmVILfqAM3Ob0aXLPfjA==",
            "dev": true,
            "requires": {
                "@babel/runtime": "^7.9.2"
            }
        },
        "regenerator-runtime": {
            "version": "0.13.11",
            "resolved": "https://registry.npmjs.org/regenerator-runtime/-/regenerator-runtime-0.13.11.tgz",
            "integrity": "sha512-kY1AZVr2Ra+t+piVaJ4gxaFaReZVH40AKNo7UCX6W+dEwBo/2oZJzqfuN1qLq1oL45o56cPaTXELwrTh8Fpggg==",
            "dev": true
        },
        "scheduler": {
            "version": "0.23.0",
            "resolved": "https://registry.npmjs.org/scheduler/-/scheduler-0.23.0.tgz",
            "integrity": "sha512-CtuThmgHNg7zIZWAXi3AsyIzA3n4xx7aNyjwC2VJldO2LMVDhFK+63xGqq6CsJH4rTAt6/M+N4GhZiDYPx9eUw==",
            "dev": true,
            "requires": {
                "loose-envify": "^1.1.0"
            }
        },
        "shallow-equal": {
            "version": "1.2.1",
            "resolved": "https://registry.npmjs.org/shallow-equal/-/shallow-equal-1.2.1.tgz",
            "integrity": "sha512-S4vJDjHHMBaiZuT9NPb616CSmLf618jawtv3sufLl6ivK8WocjAo58cXwbRV1cgqxH0Qbv+iUt6m05eqEa2IRA==",
            "dev": true
        },
        "tslib": {
            "version": "2.4.1",
            "resolved": "https://registry.npmjs.org/tslib/-/tslib-2.4.1.tgz",
            "integrity": "sha512-tGyy4dAjRIEwI7BzsB0lynWgOpfqjUdq91XXAlIWD2OwKBH7oCl/GZG/HT4BOHrTlPMOASlMQ7veyTqpmRcrNA==",
            "dev": true
        },
        "use-sync-external-store": {
            "version": "1.2.0",
            "resolved": "https://registry.npmjs.org/use-sync-external-store/-/use-sync-external-store-1.2.0.tgz",
            "integrity": "sha512-eEgnFxGQ1Ife9bzYs6VLi8/4X6CObHMw9Qr9tPY43iKwsPw8xE8+EFsf/2cFZ5S3esXgpWgtSCtLNS41F+sKPA==",
            "dev": true,
            "requires": {}
        }
    }
}
