{
    "name": "@mashroom/mashroom-portal-default-layouts",
    "version": "2.1.3",
    "lockfileVersion": 2,
    "requires": true,
    "packages": {
        "": {
            "name": "@mashroom/mashroom-portal-default-layouts",
            "version": "2.1.3",
            "license": "MIT"
        }
    }
}
